// !$*UTF8*$!
{
	archiveVersion = 1;
	classes = {
	};
	objectVersion = 46;
	objects = {

/* Begin PBXBuildFile section */
		141C19FD24E7CAA4AD44EA6F /* TeakNotificationContent.appex in Embed Teak App Extensions */ = {isa = PBXBuildFile; fileRef = FBFD9BE05552924F99514665 /* TeakNotificationContent.appex */; };
		431C98611C7E6DE300B19DD5 /* main.m in Sources */ = {isa = PBXBuildFile; fileRef = 431C98601C7E6DE300B19DD5 /* main.m */; };
		431C98641C7E6DE300B19DD5 /* AppDelegate.m in Sources */ = {isa = PBXBuildFile; fileRef = 431C98631C7E6DE300B19DD5 /* AppDelegate.m */; };
		431C98671C7E6DE300B19DD5 /* ViewController.m in Sources */ = {isa = PBXBuildFile; fileRef = 431C98661C7E6DE300B19DD5 /* ViewController.m */; };
		431C986A1C7E6DE300B19DD5 /* Main.storyboard in Resources */ = {isa = PBXBuildFile; fileRef = 431C98681C7E6DE300B19DD5 /* Main.storyboard */; };
		431C986C1C7E6DE300B19DD5 /* Assets.xcassets in Resources */ = {isa = PBXBuildFile; fileRef = 431C986B1C7E6DE300B19DD5 /* Assets.xcassets */; };
		431C986F1C7E6DE300B19DD5 /* LaunchScreen.storyboard in Resources */ = {isa = PBXBuildFile; fileRef = 431C986D1C7E6DE300B19DD5 /* LaunchScreen.storyboard */; };
		431C987F1C7E6E2F00B19DD5 /* libTeak.a in Frameworks */ = {isa = PBXBuildFile; fileRef = 431C987C1C7E6DF400B19DD5 /* libTeak.a */; };
		431C98811C7E6EE100B19DD5 /* AdSupport.framework in Frameworks */ = {isa = PBXBuildFile; fileRef = 431C98801C7E6EE100B19DD5 /* AdSupport.framework */; };
		431C98851C7E7CC100B19DD5 /* StoreKit.framework in Frameworks */ = {isa = PBXBuildFile; fileRef = 431C98841C7E7CC100B19DD5 /* StoreKit.framework */; };
		431C98971C7FAB0800B19DD5 /* libsqlite3.tbd in Frameworks */ = {isa = PBXBuildFile; fileRef = 431C98961C7FAB0800B19DD5 /* libsqlite3.tbd */; };
		4331D8A31FB64501004A8EEC /* TeakResources.bundle in Resources */ = {isa = PBXBuildFile; fileRef = 430E64741FB63186008DE15B /* TeakResources.bundle */; };
		4348846C20366C8300EA82D0 /* UIKit.framework in Frameworks */ = {isa = PBXBuildFile; fileRef = 4348846920366B6000EA82D0 /* UIKit.framework */; };
		4348846E2036715500EA82D0 /* SystemConfiguration.framework in Frameworks */ = {isa = PBXBuildFile; fileRef = 4348846D2036715500EA82D0 /* SystemConfiguration.framework */; };
		4348846F203671CE00EA82D0 /* SystemConfiguration.framework in Frameworks */ = {isa = PBXBuildFile; fileRef = 4348846D2036715500EA82D0 /* SystemConfiguration.framework */; };
		435A0C021FAEA140000EF1EF /* UserNotifications.framework in Frameworks */ = {isa = PBXBuildFile; fileRef = E7BB850291E740CCB89F8860 /* UserNotifications.framework */; };
		438BC0142654413700B4E354 /* CoreServices.framework in Frameworks */ = {isa = PBXBuildFile; fileRef = 438BC0122654413700B4E354 /* CoreServices.framework */; };
		43B5CE5F1FFEFE3200B3C501 /* libTeak.a in Frameworks */ = {isa = PBXBuildFile; fileRef = 431C987C1C7E6DF400B19DD5 /* libTeak.a */; };
		43B5CE601FFEFE3700B3C501 /* libTeak.a in Frameworks */ = {isa = PBXBuildFile; fileRef = 431C987C1C7E6DF400B19DD5 /* libTeak.a */; };
		43B5CE611FFEFE5800B3C501 /* AVFoundation.framework in Frameworks */ = {isa = PBXBuildFile; fileRef = 43E601C51FFEF949003A09C5 /* AVFoundation.framework */; };
		43B927282654458D00002C8B /* CoreServices.framework in Frameworks */ = {isa = PBXBuildFile; fileRef = 438BC0122654413700B4E354 /* CoreServices.framework */; };
		43DCD10B2005982B009B6514 /* ImageIO.framework in Frameworks */ = {isa = PBXBuildFile; fileRef = 43DCD1092005982A009B6514 /* ImageIO.framework */; };
		43DCD10D2005A725009B6514 /* ImageIO.framework in Frameworks */ = {isa = PBXBuildFile; fileRef = 43DCD1092005982A009B6514 /* ImageIO.framework */; };
		43E601C61FFEF949003A09C5 /* AVFoundation.framework in Frameworks */ = {isa = PBXBuildFile; fileRef = 43E601C51FFEF949003A09C5 /* AVFoundation.framework */; };
		4B42F2E07D5AB45F9FCA756E /* UserNotifications.framework in Frameworks */ = {isa = PBXBuildFile; fileRef = E7BB850291E740CCB89F8860 /* UserNotifications.framework */; };
		5F158A8EB9F1FA3311799D7A /* Foundation.framework in Frameworks */ = {isa = PBXBuildFile; fileRef = 192F1BCFC30B896DB474AF0F /* Foundation.framework */; };
		6711692F2A2FB13500B168B0 /* AdSupport.framework in Frameworks */ = {isa = PBXBuildFile; fileRef = 431C98801C7E6EE100B19DD5 /* AdSupport.framework */; };
		671169302A2FB14400B168B0 /* StoreKit.framework in Frameworks */ = {isa = PBXBuildFile; fileRef = 431C98841C7E7CC100B19DD5 /* StoreKit.framework */; };
		A628E016A31A3884318A4A8D /* TeakNotificationService.appex in Embed Teak App Extensions */ = {isa = PBXBuildFile; fileRef = 743A9A53D53CDDA017E41030 /* TeakNotificationService.appex */; };
		E6C409BD987F3456FDED7EBE /* Foundation.framework in Frameworks */ = {isa = PBXBuildFile; fileRef = 192F1BCFC30B896DB474AF0F /* Foundation.framework */; };
		F947CCAE63F557F1DD54C69A /* UserNotificationsUI.framework in Frameworks */ = {isa = PBXBuildFile; fileRef = 6D34458518D7A040139D5987 /* UserNotificationsUI.framework */; };
		FAED5FBC20295607004FB297 /* TeakNotificationService.m in Sources */ = {isa = PBXBuildFile; fileRef = FAED5FB2202955DA004FB297 /* TeakNotificationService.m */; };
		FAED5FBD20295610004FB297 /* TeakNotificationViewController.m in Sources */ = {isa = PBXBuildFile; fileRef = FAED5FB9202955F2004FB297 /* TeakNotificationViewController.m */; };
		FAED5FC0202A2CDD004FB297 /* AVKit.framework in Frameworks */ = {isa = PBXBuildFile; fileRef = 431FDAF81FB38B6E009C0106 /* AVKit.framework */; };
		FAED5FC2202A2CE7004FB297 /* CoreMedia.framework in Frameworks */ = {isa = PBXBuildFile; fileRef = FAED5FC1202A2CE7004FB297 /* CoreMedia.framework */; };
		FAED5FC3202A2CFD004FB297 /* AVKit.framework in Frameworks */ = {isa = PBXBuildFile; fileRef = 431FDAF81FB38B6E009C0106 /* AVKit.framework */; };
		FAED5FC4202A2D06004FB297 /* CoreMedia.framework in Frameworks */ = {isa = PBXBuildFile; fileRef = FAED5FC1202A2CE7004FB297 /* CoreMedia.framework */; };
/* End PBXBuildFile section */

/* Begin PBXContainerItemProxy section */
		430E64731FB63186008DE15B /* PBXContainerItemProxy */ = {
			isa = PBXContainerItemProxy;
			containerPortal = 431C98761C7E6DF400B19DD5 /* Teak.xcodeproj */;
			proxyType = 2;
			remoteGlobalIDString = 430E64671FB62EEE008DE15B;
			remoteInfo = TeakResources;
		};
		431C987B1C7E6DF400B19DD5 /* PBXContainerItemProxy */ = {
			isa = PBXContainerItemProxy;
			containerPortal = 431C98761C7E6DF400B19DD5 /* Teak.xcodeproj */;
			proxyType = 2;
			remoteGlobalIDString = 431C97FA1C7E609800B19DD5;
			remoteInfo = Teak;
		};
		4331D8A41FB6453A004A8EEC /* PBXContainerItemProxy */ = {
			isa = PBXContainerItemProxy;
			containerPortal = 431C98761C7E6DF400B19DD5 /* Teak.xcodeproj */;
			proxyType = 1;
			remoteGlobalIDString = 430E64661FB62EEE008DE15B;
			remoteInfo = TeakResources;
		};
		43A88AE01FFEFD7A00376579 /* PBXContainerItemProxy */ = {
			isa = PBXContainerItemProxy;
			containerPortal = 431C98761C7E6DF400B19DD5 /* Teak.xcodeproj */;
			proxyType = 1;
			remoteGlobalIDString = 431C97F91C7E609800B19DD5;
			remoteInfo = Teak;
		};
		43A88AE21FFEFD7F00376579 /* PBXContainerItemProxy */ = {
			isa = PBXContainerItemProxy;
			containerPortal = 431C98761C7E6DF400B19DD5 /* Teak.xcodeproj */;
			proxyType = 1;
			remoteGlobalIDString = 431C97F91C7E609800B19DD5;
			remoteInfo = Teak;
		};
		564B7A26C242B6E207281BA4 /* PBXContainerItemProxy */ = {
			isa = PBXContainerItemProxy;
			containerPortal = 431C98541C7E6DE200B19DD5 /* Project object */;
			proxyType = 1;
			remoteGlobalIDString = A79877AA6FB137229A26A700;
			remoteInfo = TeakNotificationContent;
		};
		61E59122994789B33022AE93 /* PBXContainerItemProxy */ = {
			isa = PBXContainerItemProxy;
			containerPortal = 431C98541C7E6DE200B19DD5 /* Project object */;
			proxyType = 1;
			remoteGlobalIDString = B90237E307C9A817DE88FBCB;
			remoteInfo = TeakNotificationService;
		};
/* End PBXContainerItemProxy section */

/* Begin PBXCopyFilesBuildPhase section */
		222DB0ECE2C2B54D7613BE24 /* Embed Teak App Extensions */ = {
			isa = PBXCopyFilesBuildPhase;
			buildActionMask = 2147483647;
			dstPath = "";
			dstSubfolderSpec = 13;
			files = (
				A628E016A31A3884318A4A8D /* TeakNotificationService.appex in Embed Teak App Extensions */,
				141C19FD24E7CAA4AD44EA6F /* TeakNotificationContent.appex in Embed Teak App Extensions */,
			);
			name = "Embed Teak App Extensions";
			runOnlyForDeploymentPostprocessing = 0;
		};
/* End PBXCopyFilesBuildPhase section */

/* Begin PBXFileReference section */
		192F1BCFC30B896DB474AF0F /* Foundation.framework */ = {isa = PBXFileReference; lastKnownFileType = wrapper.framework; name = Foundation.framework; path = Platforms/iPhoneOS.platform/Developer/SDKs/iPhoneOS10.3.sdk/System/Library/Frameworks/Foundation.framework; sourceTree = DEVELOPER_DIR; };
		431C985C1C7E6DE300B19DD5 /* Sample.app */ = {isa = PBXFileReference; explicitFileType = wrapper.application; includeInIndex = 0; path = Sample.app; sourceTree = BUILT_PRODUCTS_DIR; };
		431C98601C7E6DE300B19DD5 /* main.m */ = {isa = PBXFileReference; lastKnownFileType = sourcecode.c.objc; path = main.m; sourceTree = "<group>"; };
		431C98621C7E6DE300B19DD5 /* AppDelegate.h */ = {isa = PBXFileReference; lastKnownFileType = sourcecode.c.h; path = AppDelegate.h; sourceTree = "<group>"; };
		431C98631C7E6DE300B19DD5 /* AppDelegate.m */ = {isa = PBXFileReference; lastKnownFileType = sourcecode.c.objc; path = AppDelegate.m; sourceTree = "<group>"; };
		431C98651C7E6DE300B19DD5 /* ViewController.h */ = {isa = PBXFileReference; lastKnownFileType = sourcecode.c.h; path = ViewController.h; sourceTree = "<group>"; };
		431C98661C7E6DE300B19DD5 /* ViewController.m */ = {isa = PBXFileReference; lastKnownFileType = sourcecode.c.objc; path = ViewController.m; sourceTree = "<group>"; };
		431C98691C7E6DE300B19DD5 /* Base */ = {isa = PBXFileReference; lastKnownFileType = file.storyboard; name = Base; path = Base.lproj/Main.storyboard; sourceTree = "<group>"; };
		431C986B1C7E6DE300B19DD5 /* Assets.xcassets */ = {isa = PBXFileReference; lastKnownFileType = folder.assetcatalog; path = Assets.xcassets; sourceTree = "<group>"; };
		431C986E1C7E6DE300B19DD5 /* Base */ = {isa = PBXFileReference; lastKnownFileType = file.storyboard; name = Base; path = Base.lproj/LaunchScreen.storyboard; sourceTree = "<group>"; };
		431C98701C7E6DE300B19DD5 /* Info.plist */ = {isa = PBXFileReference; lastKnownFileType = text.plist.xml; path = Info.plist; sourceTree = "<group>"; };
		431C98761C7E6DF400B19DD5 /* Teak.xcodeproj */ = {isa = PBXFileReference; lastKnownFileType = "wrapper.pb-project"; name = Teak.xcodeproj; path = ../Teak.xcodeproj; sourceTree = "<group>"; };
		431C98801C7E6EE100B19DD5 /* AdSupport.framework */ = {isa = PBXFileReference; lastKnownFileType = wrapper.framework; name = AdSupport.framework; path = System/Library/Frameworks/AdSupport.framework; sourceTree = SDKROOT; };
		431C98841C7E7CC100B19DD5 /* StoreKit.framework */ = {isa = PBXFileReference; lastKnownFileType = wrapper.framework; name = StoreKit.framework; path = System/Library/Frameworks/StoreKit.framework; sourceTree = SDKROOT; };
		431C98961C7FAB0800B19DD5 /* libsqlite3.tbd */ = {isa = PBXFileReference; lastKnownFileType = "sourcecode.text-based-dylib-definition"; name = libsqlite3.tbd; path = usr/lib/libsqlite3.tbd; sourceTree = SDKROOT; };
		431FDAF81FB38B6E009C0106 /* AVKit.framework */ = {isa = PBXFileReference; lastKnownFileType = wrapper.framework; name = AVKit.framework; path = System/Library/Frameworks/AVKit.framework; sourceTree = SDKROOT; };
		4348846920366B6000EA82D0 /* UIKit.framework */ = {isa = PBXFileReference; lastKnownFileType = wrapper.framework; name = UIKit.framework; path = System/Library/Frameworks/UIKit.framework; sourceTree = SDKROOT; };
		4348846D2036715500EA82D0 /* SystemConfiguration.framework */ = {isa = PBXFileReference; lastKnownFileType = wrapper.framework; name = SystemConfiguration.framework; path = System/Library/Frameworks/SystemConfiguration.framework; sourceTree = SDKROOT; };
		438BC0122654413700B4E354 /* CoreServices.framework */ = {isa = PBXFileReference; lastKnownFileType = wrapper.framework; name = CoreServices.framework; path = System/Library/Frameworks/CoreServices.framework; sourceTree = SDKROOT; };
		43DCD1092005982A009B6514 /* ImageIO.framework */ = {isa = PBXFileReference; lastKnownFileType = wrapper.framework; name = ImageIO.framework; path = System/Library/Frameworks/ImageIO.framework; sourceTree = SDKROOT; };
		43E601C51FFEF949003A09C5 /* AVFoundation.framework */ = {isa = PBXFileReference; lastKnownFileType = wrapper.framework; name = AVFoundation.framework; path = System/Library/Frameworks/AVFoundation.framework; sourceTree = SDKROOT; };
		6D34458518D7A040139D5987 /* UserNotificationsUI.framework */ = {isa = PBXFileReference; lastKnownFileType = wrapper.framework; name = UserNotificationsUI.framework; path = System/Library/Frameworks/UserNotificationsUI.framework; sourceTree = SDKROOT; };
		743A9A53D53CDDA017E41030 /* TeakNotificationService.appex */ = {isa = PBXFileReference; explicitFileType = "wrapper.app-extension"; includeInIndex = 0; path = TeakNotificationService.appex; sourceTree = BUILT_PRODUCTS_DIR; };
		E7BB850291E740CCB89F8860 /* UserNotifications.framework */ = {isa = PBXFileReference; lastKnownFileType = wrapper.framework; name = UserNotifications.framework; path = System/Library/Frameworks/UserNotifications.framework; sourceTree = SDKROOT; };
		FAEB0FB81E4BDB0F00B6069C /* Sample.entitlements */ = {isa = PBXFileReference; lastKnownFileType = text.plist.entitlements; path = Sample.entitlements; sourceTree = "<group>"; };
		FAED5FB1202955DA004FB297 /* Info.plist */ = {isa = PBXFileReference; fileEncoding = 4; lastKnownFileType = text.plist.xml; name = Info.plist; path = ../TeakExtensions/TeakNotificationService/Info.plist; sourceTree = "<group>"; };
		FAED5FB2202955DA004FB297 /* TeakNotificationService.m */ = {isa = PBXFileReference; fileEncoding = 4; lastKnownFileType = sourcecode.c.objc; name = TeakNotificationService.m; path = ../TeakExtensions/TeakNotificationService/TeakNotificationService.m; sourceTree = "<group>"; };
		FAED5FB3202955DA004FB297 /* TeakNotificationService.h */ = {isa = PBXFileReference; fileEncoding = 4; lastKnownFileType = sourcecode.c.h; name = TeakNotificationService.h; path = ../TeakExtensions/TeakNotificationService/TeakNotificationService.h; sourceTree = "<group>"; };
		FAED5FB7202955F2004FB297 /* Info.plist */ = {isa = PBXFileReference; fileEncoding = 4; lastKnownFileType = text.plist.xml; name = Info.plist; path = ../TeakExtensions/TeakNotificationContent/Info.plist; sourceTree = "<group>"; };
		FAED5FB8202955F2004FB297 /* TeakNotificationViewController.h */ = {isa = PBXFileReference; fileEncoding = 4; lastKnownFileType = sourcecode.c.h; name = TeakNotificationViewController.h; path = ../TeakExtensions/TeakNotificationContent/TeakNotificationViewController.h; sourceTree = "<group>"; };
		FAED5FB9202955F2004FB297 /* TeakNotificationViewController.m */ = {isa = PBXFileReference; fileEncoding = 4; lastKnownFileType = sourcecode.c.objc; name = TeakNotificationViewController.m; path = ../TeakExtensions/TeakNotificationContent/TeakNotificationViewController.m; sourceTree = "<group>"; };
		FAED5FC1202A2CE7004FB297 /* CoreMedia.framework */ = {isa = PBXFileReference; lastKnownFileType = wrapper.framework; name = CoreMedia.framework; path = System/Library/Frameworks/CoreMedia.framework; sourceTree = SDKROOT; };
		FBFD9BE05552924F99514665 /* TeakNotificationContent.appex */ = {isa = PBXFileReference; explicitFileType = "wrapper.app-extension"; includeInIndex = 0; path = TeakNotificationContent.appex; sourceTree = BUILT_PRODUCTS_DIR; };
/* End PBXFileReference section */

/* Begin PBXFrameworksBuildPhase section */
		431C98591C7E6DE300B19DD5 /* Frameworks */ = {
			isa = PBXFrameworksBuildPhase;
			buildActionMask = 2147483647;
			files = (
				438BC0142654413700B4E354 /* CoreServices.framework in Frameworks */,
				4348846F203671CE00EA82D0 /* SystemConfiguration.framework in Frameworks */,
				FAED5FC4202A2D06004FB297 /* CoreMedia.framework in Frameworks */,
				FAED5FC3202A2CFD004FB297 /* AVKit.framework in Frameworks */,
				43DCD10D2005A725009B6514 /* ImageIO.framework in Frameworks */,
				43E601C61FFEF949003A09C5 /* AVFoundation.framework in Frameworks */,
				435A0C021FAEA140000EF1EF /* UserNotifications.framework in Frameworks */,
				431C98971C7FAB0800B19DD5 /* libsqlite3.tbd in Frameworks */,
				431C98851C7E7CC100B19DD5 /* StoreKit.framework in Frameworks */,
				431C98811C7E6EE100B19DD5 /* AdSupport.framework in Frameworks */,
				431C987F1C7E6E2F00B19DD5 /* libTeak.a in Frameworks */,
			);
			runOnlyForDeploymentPostprocessing = 0;
		};
		61C62D96B946B5D8C0A1A5DE /* Frameworks */ = {
			isa = PBXFrameworksBuildPhase;
			buildActionMask = 2147483647;
			files = (
				671169302A2FB14400B168B0 /* StoreKit.framework in Frameworks */,
				6711692F2A2FB13500B168B0 /* AdSupport.framework in Frameworks */,
				43B927282654458D00002C8B /* CoreServices.framework in Frameworks */,
				4348846E2036715500EA82D0 /* SystemConfiguration.framework in Frameworks */,
				4348846C20366C8300EA82D0 /* UIKit.framework in Frameworks */,
				43B5CE601FFEFE3700B3C501 /* libTeak.a in Frameworks */,
				5F158A8EB9F1FA3311799D7A /* Foundation.framework in Frameworks */,
			);
			runOnlyForDeploymentPostprocessing = 0;
		};
		BDEBD3E33960090A22A1AD37 /* Frameworks */ = {
			isa = PBXFrameworksBuildPhase;
			buildActionMask = 2147483647;
			files = (
				FAED5FC2202A2CE7004FB297 /* CoreMedia.framework in Frameworks */,
				FAED5FC0202A2CDD004FB297 /* AVKit.framework in Frameworks */,
				43DCD10B2005982B009B6514 /* ImageIO.framework in Frameworks */,
				43B5CE611FFEFE5800B3C501 /* AVFoundation.framework in Frameworks */,
				43B5CE5F1FFEFE3200B3C501 /* libTeak.a in Frameworks */,
				E6C409BD987F3456FDED7EBE /* Foundation.framework in Frameworks */,
				4B42F2E07D5AB45F9FCA756E /* UserNotifications.framework in Frameworks */,
				F947CCAE63F557F1DD54C69A /* UserNotificationsUI.framework in Frameworks */,
			);
			runOnlyForDeploymentPostprocessing = 0;
		};
/* End PBXFrameworksBuildPhase section */

/* Begin PBXGroup section */
		431C98531C7E6DE200B19DD5 = {
			isa = PBXGroup;
			children = (
				431C98961C7FAB0800B19DD5 /* libsqlite3.tbd */,
				431C98841C7E7CC100B19DD5 /* StoreKit.framework */,
				431C98801C7E6EE100B19DD5 /* AdSupport.framework */,
				431C98761C7E6DF400B19DD5 /* Teak.xcodeproj */,
				431C985E1C7E6DE300B19DD5 /* Sample */,
				431C985D1C7E6DE300B19DD5 /* Products */,
				879C4E8A2BF50111224BCCB3 /* Frameworks */,
				FAED5FB0202955C4004FB297 /* TeakNotificationService */,
				FAED5FB6202955DD004FB297 /* TeakNotificationContent */,
			);
			sourceTree = "<group>";
		};
		431C985D1C7E6DE300B19DD5 /* Products */ = {
			isa = PBXGroup;
			children = (
				431C985C1C7E6DE300B19DD5 /* Sample.app */,
				743A9A53D53CDDA017E41030 /* TeakNotificationService.appex */,
				FBFD9BE05552924F99514665 /* TeakNotificationContent.appex */,
			);
			name = Products;
			sourceTree = "<group>";
		};
		431C985E1C7E6DE300B19DD5 /* Sample */ = {
			isa = PBXGroup;
			children = (
				FAEB0FB81E4BDB0F00B6069C /* Sample.entitlements */,
				431C98621C7E6DE300B19DD5 /* AppDelegate.h */,
				431C98631C7E6DE300B19DD5 /* AppDelegate.m */,
				431C98651C7E6DE300B19DD5 /* ViewController.h */,
				431C98661C7E6DE300B19DD5 /* ViewController.m */,
				431C98681C7E6DE300B19DD5 /* Main.storyboard */,
				431C986B1C7E6DE300B19DD5 /* Assets.xcassets */,
				431C986D1C7E6DE300B19DD5 /* LaunchScreen.storyboard */,
				431C98701C7E6DE300B19DD5 /* Info.plist */,
				431C985F1C7E6DE300B19DD5 /* Supporting Files */,
			);
			path = Sample;
			sourceTree = "<group>";
		};
		431C985F1C7E6DE300B19DD5 /* Supporting Files */ = {
			isa = PBXGroup;
			children = (
				431C98601C7E6DE300B19DD5 /* main.m */,
			);
			name = "Supporting Files";
			sourceTree = "<group>";
		};
		431C98771C7E6DF400B19DD5 /* Products */ = {
			isa = PBXGroup;
			children = (
				431C987C1C7E6DF400B19DD5 /* libTeak.a */,
				430E64741FB63186008DE15B /* TeakResources.bundle */,
			);
			name = Products;
			sourceTree = "<group>";
		};
		879C4E8A2BF50111224BCCB3 /* Frameworks */ = {
			isa = PBXGroup;
			children = (
				438BC0122654413700B4E354 /* CoreServices.framework */,
				4348846D2036715500EA82D0 /* SystemConfiguration.framework */,
				4348846920366B6000EA82D0 /* UIKit.framework */,
				FAED5FC1202A2CE7004FB297 /* CoreMedia.framework */,
				43DCD1092005982A009B6514 /* ImageIO.framework */,
				43E601C51FFEF949003A09C5 /* AVFoundation.framework */,
				431FDAF81FB38B6E009C0106 /* AVKit.framework */,
				F1858FF3B67742428E0B66BD /* iOS */,
				E7BB850291E740CCB89F8860 /* UserNotifications.framework */,
				6D34458518D7A040139D5987 /* UserNotificationsUI.framework */,
			);
			name = Frameworks;
			sourceTree = "<group>";
		};
		F1858FF3B67742428E0B66BD /* iOS */ = {
			isa = PBXGroup;
			children = (
				192F1BCFC30B896DB474AF0F /* Foundation.framework */,
			);
			name = iOS;
			sourceTree = "<group>";
		};
		FAED5FB0202955C4004FB297 /* TeakNotificationService */ = {
			isa = PBXGroup;
			children = (
				FAED5FB1202955DA004FB297 /* Info.plist */,
				FAED5FB3202955DA004FB297 /* TeakNotificationService.h */,
				FAED5FB2202955DA004FB297 /* TeakNotificationService.m */,
			);
			name = TeakNotificationService;
			sourceTree = "<group>";
		};
		FAED5FB6202955DD004FB297 /* TeakNotificationContent */ = {
			isa = PBXGroup;
			children = (
				FAED5FB7202955F2004FB297 /* Info.plist */,
				FAED5FB8202955F2004FB297 /* TeakNotificationViewController.h */,
				FAED5FB9202955F2004FB297 /* TeakNotificationViewController.m */,
			);
			name = TeakNotificationContent;
			sourceTree = "<group>";
		};
/* End PBXGroup section */

/* Begin PBXNativeTarget section */
		431C985B1C7E6DE300B19DD5 /* Sample */ = {
			isa = PBXNativeTarget;
			buildConfigurationList = 431C98731C7E6DE300B19DD5 /* Build configuration list for PBXNativeTarget "Sample" */;
			buildPhases = (
				431C98581C7E6DE300B19DD5 /* Sources */,
				431C98591C7E6DE300B19DD5 /* Frameworks */,
				431C985A1C7E6DE300B19DD5 /* Resources */,
				222DB0ECE2C2B54D7613BE24 /* Embed Teak App Extensions */,
			);
			buildRules = (
			);
			dependencies = (
				4331D8A51FB6453A004A8EEC /* PBXTargetDependency */,
				D3701E0241228602B17DDB68 /* PBXTargetDependency */,
				CF0180186D381F22D4066E70 /* PBXTargetDependency */,
			);
			name = Sample;
			productName = Sample;
			productReference = 431C985C1C7E6DE300B19DD5 /* Sample.app */;
			productType = "com.apple.product-type.application";
		};
		A79877AA6FB137229A26A700 /* TeakNotificationContent */ = {
			isa = PBXNativeTarget;
			buildConfigurationList = 92474334A852E55F9DF11466 /* Build configuration list for PBXNativeTarget "TeakNotificationContent" */;
			buildPhases = (
				DEC013EABA464F7C2DE5F26D /* Sources */,
				BDEBD3E33960090A22A1AD37 /* Frameworks */,
				877A9B7F67827BC603C80963 /* Resources */,
			);
			buildRules = (
			);
			dependencies = (
				43A88AE31FFEFD7F00376579 /* PBXTargetDependency */,
			);
			name = TeakNotificationContent;
			productName = TeakNotificationContent;
			productReference = FBFD9BE05552924F99514665 /* TeakNotificationContent.appex */;
			productType = "com.apple.product-type.app-extension";
		};
		B90237E307C9A817DE88FBCB /* TeakNotificationService */ = {
			isa = PBXNativeTarget;
			buildConfigurationList = DE54F51A48EA748FF9A74E60 /* Build configuration list for PBXNativeTarget "TeakNotificationService" */;
			buildPhases = (
				C1CA3F1F5B93755A60FCCCAC /* Sources */,
				61C62D96B946B5D8C0A1A5DE /* Frameworks */,
				C9C73A4D91A74241FAA4B982 /* Resources */,
			);
			buildRules = (
			);
			dependencies = (
				43A88AE11FFEFD7A00376579 /* PBXTargetDependency */,
			);
			name = TeakNotificationService;
			productName = TeakNotificationService;
			productReference = 743A9A53D53CDDA017E41030 /* TeakNotificationService.appex */;
			productType = "com.apple.product-type.app-extension";
		};
/* End PBXNativeTarget section */

/* Begin PBXProject section */
		431C98541C7E6DE200B19DD5 /* Project object */ = {
			isa = PBXProject;
			attributes = {
				LastUpgradeCheck = 1250;
				ORGANIZATIONNAME = "GoCarrot Inc.";
				TargetAttributes = {
					431C985B1C7E6DE300B19DD5 = {
						CreatedOnToolsVersion = 7.2.1;
						DevelopmentTeam = 7FLZTACJ82;
						ProvisioningStyle = Automatic;
						SystemCapabilities = {
							com.apple.BackgroundModes = {
								enabled = 1;
							};
							com.apple.Push = {
								enabled = 1;
							};
							com.apple.SafariKeychain = {
								enabled = 1;
							};
						};
					};
					A79877AA6FB137229A26A700 = {
						DevelopmentTeam = 7FLZTACJ82;
						ProvisioningStyle = Automatic;
					};
					B90237E307C9A817DE88FBCB = {
						DevelopmentTeam = 7FLZTACJ82;
						ProvisioningStyle = Automatic;
					};
				};
			};
			buildConfigurationList = 431C98571C7E6DE200B19DD5 /* Build configuration list for PBXProject "Sample" */;
			compatibilityVersion = "Xcode 3.2";
			developmentRegion = en;
			hasScannedForEncodings = 0;
			knownRegions = (
				en,
				Base,
			);
			mainGroup = 431C98531C7E6DE200B19DD5;
			productRefGroup = 431C985D1C7E6DE300B19DD5 /* Products */;
			projectDirPath = "";
			projectReferences = (
				{
					ProductGroup = 431C98771C7E6DF400B19DD5 /* Products */;
					ProjectRef = 431C98761C7E6DF400B19DD5 /* Teak.xcodeproj */;
				},
			);
			projectRoot = "";
			targets = (
				431C985B1C7E6DE300B19DD5 /* Sample */,
				B90237E307C9A817DE88FBCB /* TeakNotificationService */,
				A79877AA6FB137229A26A700 /* TeakNotificationContent */,
			);
		};
/* End PBXProject section */

/* Begin PBXReferenceProxy section */
		430E64741FB63186008DE15B /* TeakResources.bundle */ = {
			isa = PBXReferenceProxy;
			fileType = wrapper.cfbundle;
			path = TeakResources.bundle;
			remoteRef = 430E64731FB63186008DE15B /* PBXContainerItemProxy */;
			sourceTree = BUILT_PRODUCTS_DIR;
		};
		431C987C1C7E6DF400B19DD5 /* libTeak.a */ = {
			isa = PBXReferenceProxy;
			fileType = archive.ar;
			path = libTeak.a;
			remoteRef = 431C987B1C7E6DF400B19DD5 /* PBXContainerItemProxy */;
			sourceTree = BUILT_PRODUCTS_DIR;
		};
/* End PBXReferenceProxy section */

/* Begin PBXResourcesBuildPhase section */
		431C985A1C7E6DE300B19DD5 /* Resources */ = {
			isa = PBXResourcesBuildPhase;
			buildActionMask = 2147483647;
			files = (
				4331D8A31FB64501004A8EEC /* TeakResources.bundle in Resources */,
				431C986F1C7E6DE300B19DD5 /* LaunchScreen.storyboard in Resources */,
				431C986C1C7E6DE300B19DD5 /* Assets.xcassets in Resources */,
				431C986A1C7E6DE300B19DD5 /* Main.storyboard in Resources */,
			);
			runOnlyForDeploymentPostprocessing = 0;
		};
		877A9B7F67827BC603C80963 /* Resources */ = {
			isa = PBXResourcesBuildPhase;
			buildActionMask = 2147483647;
			files = (
			);
			runOnlyForDeploymentPostprocessing = 0;
		};
		C9C73A4D91A74241FAA4B982 /* Resources */ = {
			isa = PBXResourcesBuildPhase;
			buildActionMask = 2147483647;
			files = (
			);
			runOnlyForDeploymentPostprocessing = 0;
		};
/* End PBXResourcesBuildPhase section */

/* Begin PBXSourcesBuildPhase section */
		431C98581C7E6DE300B19DD5 /* Sources */ = {
			isa = PBXSourcesBuildPhase;
			buildActionMask = 2147483647;
			files = (
				431C98671C7E6DE300B19DD5 /* ViewController.m in Sources */,
				431C98641C7E6DE300B19DD5 /* AppDelegate.m in Sources */,
				431C98611C7E6DE300B19DD5 /* main.m in Sources */,
			);
			runOnlyForDeploymentPostprocessing = 0;
		};
		C1CA3F1F5B93755A60FCCCAC /* Sources */ = {
			isa = PBXSourcesBuildPhase;
			buildActionMask = 2147483647;
			files = (
				FAED5FBC20295607004FB297 /* TeakNotificationService.m in Sources */,
			);
			runOnlyForDeploymentPostprocessing = 0;
		};
		DEC013EABA464F7C2DE5F26D /* Sources */ = {
			isa = PBXSourcesBuildPhase;
			buildActionMask = 2147483647;
			files = (
				FAED5FBD20295610004FB297 /* TeakNotificationViewController.m in Sources */,
			);
			runOnlyForDeploymentPostprocessing = 0;
		};
/* End PBXSourcesBuildPhase section */

/* Begin PBXTargetDependency section */
		4331D8A51FB6453A004A8EEC /* PBXTargetDependency */ = {
			isa = PBXTargetDependency;
			name = TeakResources;
			targetProxy = 4331D8A41FB6453A004A8EEC /* PBXContainerItemProxy */;
		};
		43A88AE11FFEFD7A00376579 /* PBXTargetDependency */ = {
			isa = PBXTargetDependency;
			name = Teak;
			targetProxy = 43A88AE01FFEFD7A00376579 /* PBXContainerItemProxy */;
		};
		43A88AE31FFEFD7F00376579 /* PBXTargetDependency */ = {
			isa = PBXTargetDependency;
			name = Teak;
			targetProxy = 43A88AE21FFEFD7F00376579 /* PBXContainerItemProxy */;
		};
		CF0180186D381F22D4066E70 /* PBXTargetDependency */ = {
			isa = PBXTargetDependency;
			name = TeakNotificationContent;
			target = A79877AA6FB137229A26A700 /* TeakNotificationContent */;
			targetProxy = 564B7A26C242B6E207281BA4 /* PBXContainerItemProxy */;
		};
		D3701E0241228602B17DDB68 /* PBXTargetDependency */ = {
			isa = PBXTargetDependency;
			name = TeakNotificationService;
			target = B90237E307C9A817DE88FBCB /* TeakNotificationService */;
			targetProxy = 61E59122994789B33022AE93 /* PBXContainerItemProxy */;
		};
/* End PBXTargetDependency section */

/* Begin PBXVariantGroup section */
		431C98681C7E6DE300B19DD5 /* Main.storyboard */ = {
			isa = PBXVariantGroup;
			children = (
				431C98691C7E6DE300B19DD5 /* Base */,
			);
			name = Main.storyboard;
			sourceTree = "<group>";
		};
		431C986D1C7E6DE300B19DD5 /* LaunchScreen.storyboard */ = {
			isa = PBXVariantGroup;
			children = (
				431C986E1C7E6DE300B19DD5 /* Base */,
			);
			name = LaunchScreen.storyboard;
			sourceTree = "<group>";
		};
/* End PBXVariantGroup section */

/* Begin XCBuildConfiguration section */
		431C98711C7E6DE300B19DD5 /* Debug */ = {
			isa = XCBuildConfiguration;
			buildSettings = {
				ALWAYS_SEARCH_USER_PATHS = NO;
				CLANG_CXX_LANGUAGE_STANDARD = "gnu++0x";
				CLANG_CXX_LIBRARY = "libc++";
				CLANG_ENABLE_MODULES = YES;
				CLANG_ENABLE_OBJC_ARC = YES;
				CLANG_WARN_BLOCK_CAPTURE_AUTORELEASING = YES;
				CLANG_WARN_BOOL_CONVERSION = YES;
				CLANG_WARN_COMMA = YES;
				CLANG_WARN_CONSTANT_CONVERSION = YES;
				CLANG_WARN_DEPRECATED_OBJC_IMPLEMENTATIONS = YES;
				CLANG_WARN_DIRECT_OBJC_ISA_USAGE = YES_ERROR;
				CLANG_WARN_EMPTY_BODY = YES;
				CLANG_WARN_ENUM_CONVERSION = YES;
				CLANG_WARN_INFINITE_RECURSION = YES;
				CLANG_WARN_INT_CONVERSION = YES;
				CLANG_WARN_NON_LITERAL_NULL_CONVERSION = YES;
				CLANG_WARN_OBJC_IMPLICIT_RETAIN_SELF = YES;
				CLANG_WARN_OBJC_LITERAL_CONVERSION = YES;
				CLANG_WARN_OBJC_ROOT_CLASS = YES_ERROR;
				CLANG_WARN_QUOTED_INCLUDE_IN_FRAMEWORK_HEADER = YES;
				CLANG_WARN_RANGE_LOOP_ANALYSIS = YES;
				CLANG_WARN_STRICT_PROTOTYPES = YES;
				CLANG_WARN_SUSPICIOUS_MOVE = YES;
				CLANG_WARN_UNREACHABLE_CODE = YES;
				CLANG_WARN__DUPLICATE_METHOD_MATCH = YES;
				"CODE_SIGN_IDENTITY[sdk=iphoneos*]" = "iPhone Developer";
				COPY_PHASE_STRIP = NO;
				DEBUG_INFORMATION_FORMAT = dwarf;
				ENABLE_STRICT_OBJC_MSGSEND = YES;
				ENABLE_TESTABILITY = YES;
				GCC_C_LANGUAGE_STANDARD = gnu99;
				GCC_DYNAMIC_NO_PIC = NO;
				GCC_NO_COMMON_BLOCKS = YES;
				GCC_OPTIMIZATION_LEVEL = 0;
				GCC_PREPROCESSOR_DEFINITIONS = (
					"DEBUG=1",
					"$(inherited)",
				);
				GCC_WARN_64_TO_32_BIT_CONVERSION = YES;
				GCC_WARN_ABOUT_RETURN_TYPE = YES_ERROR;
				GCC_WARN_UNDECLARED_SELECTOR = YES;
				GCC_WARN_UNINITIALIZED_AUTOS = YES_AGGRESSIVE;
				GCC_WARN_UNUSED_FUNCTION = YES;
				GCC_WARN_UNUSED_VARIABLE = YES;
				IPHONEOS_DEPLOYMENT_TARGET = 12.0;
				MTL_ENABLE_DEBUG_INFO = YES;
				ONLY_ACTIVE_ARCH = YES;
				SDKROOT = iphoneos;
			};
			name = Debug;
		};
		431C98721C7E6DE300B19DD5 /* Release */ = {
			isa = XCBuildConfiguration;
			buildSettings = {
				ALWAYS_SEARCH_USER_PATHS = NO;
				CLANG_CXX_LANGUAGE_STANDARD = "gnu++0x";
				CLANG_CXX_LIBRARY = "libc++";
				CLANG_ENABLE_MODULES = YES;
				CLANG_ENABLE_OBJC_ARC = YES;
				CLANG_WARN_BLOCK_CAPTURE_AUTORELEASING = YES;
				CLANG_WARN_BOOL_CONVERSION = YES;
				CLANG_WARN_COMMA = YES;
				CLANG_WARN_CONSTANT_CONVERSION = YES;
				CLANG_WARN_DEPRECATED_OBJC_IMPLEMENTATIONS = YES;
				CLANG_WARN_DIRECT_OBJC_ISA_USAGE = YES_ERROR;
				CLANG_WARN_EMPTY_BODY = YES;
				CLANG_WARN_ENUM_CONVERSION = YES;
				CLANG_WARN_INFINITE_RECURSION = YES;
				CLANG_WARN_INT_CONVERSION = YES;
				CLANG_WARN_NON_LITERAL_NULL_CONVERSION = YES;
				CLANG_WARN_OBJC_IMPLICIT_RETAIN_SELF = YES;
				CLANG_WARN_OBJC_LITERAL_CONVERSION = YES;
				CLANG_WARN_OBJC_ROOT_CLASS = YES_ERROR;
				CLANG_WARN_QUOTED_INCLUDE_IN_FRAMEWORK_HEADER = YES;
				CLANG_WARN_RANGE_LOOP_ANALYSIS = YES;
				CLANG_WARN_STRICT_PROTOTYPES = YES;
				CLANG_WARN_SUSPICIOUS_MOVE = YES;
				CLANG_WARN_UNREACHABLE_CODE = YES;
				CLANG_WARN__DUPLICATE_METHOD_MATCH = YES;
				"CODE_SIGN_IDENTITY[sdk=iphoneos*]" = "iPhone Developer";
				COPY_PHASE_STRIP = NO;
				DEBUG_INFORMATION_FORMAT = "dwarf-with-dsym";
				ENABLE_NS_ASSERTIONS = NO;
				ENABLE_STRICT_OBJC_MSGSEND = YES;
				GCC_C_LANGUAGE_STANDARD = gnu99;
				GCC_NO_COMMON_BLOCKS = YES;
				GCC_WARN_64_TO_32_BIT_CONVERSION = YES;
				GCC_WARN_ABOUT_RETURN_TYPE = YES_ERROR;
				GCC_WARN_UNDECLARED_SELECTOR = YES;
				GCC_WARN_UNINITIALIZED_AUTOS = YES_AGGRESSIVE;
				GCC_WARN_UNUSED_FUNCTION = YES;
				GCC_WARN_UNUSED_VARIABLE = YES;
				IPHONEOS_DEPLOYMENT_TARGET = 12.0;
				MTL_ENABLE_DEBUG_INFO = NO;
				SDKROOT = iphoneos;
				VALIDATE_PRODUCT = YES;
			};
			name = Release;
		};
		431C98741C7E6DE300B19DD5 /* Debug */ = {
			isa = XCBuildConfiguration;
			buildSettings = {
				ASSETCATALOG_COMPILER_APPICON_NAME = AppIcon;
				ASSETCATALOG_COMPILER_LAUNCHIMAGE_NAME = LaunchImage;
				CODE_SIGN_ENTITLEMENTS = Sample/Sample.entitlements;
				CODE_SIGN_IDENTITY = "iPhone Developer";
				"CODE_SIGN_IDENTITY[sdk=iphoneos*]" = "iPhone Developer";
				CODE_SIGN_STYLE = Automatic;
				DEVELOPMENT_TEAM = 7FLZTACJ82;
				FRAMEWORK_SEARCH_PATHS = (
					"$(inherited)",
					"$(PROJECT_DIR)",
				);
				INFOPLIST_FILE = Sample/Info.plist;
				IPHONEOS_DEPLOYMENT_TARGET = 12.0;
				LD_RUNPATH_SEARCH_PATHS = "$(inherited) @executable_path/Frameworks";
				OTHER_LDFLAGS = (
					"-ObjC",
					"-framework",
					CFNetwork,
				);
				PRODUCT_BUNDLE_IDENTIFIER = io.teak.app.native.dev;
				PRODUCT_NAME = "$(TARGET_NAME)";
				PROVISIONING_PROFILE = "";
				PROVISIONING_PROFILE_SPECIFIER = "";
			};
			name = Debug;
		};
		431C98751C7E6DE300B19DD5 /* Release */ = {
			isa = XCBuildConfiguration;
			buildSettings = {
				ASSETCATALOG_COMPILER_APPICON_NAME = AppIcon;
				ASSETCATALOG_COMPILER_LAUNCHIMAGE_NAME = LaunchImage;
				CODE_SIGN_ENTITLEMENTS = Sample/Sample.entitlements;
				CODE_SIGN_IDENTITY = "iPhone Developer";
				"CODE_SIGN_IDENTITY[sdk=iphoneos*]" = "iPhone Developer";
				CODE_SIGN_STYLE = Automatic;
				DEVELOPMENT_TEAM = 7FLZTACJ82;
				FRAMEWORK_SEARCH_PATHS = (
					"$(inherited)",
					"$(PROJECT_DIR)",
				);
				INFOPLIST_FILE = Sample/Info.plist;
				IPHONEOS_DEPLOYMENT_TARGET = 12.0;
				LD_RUNPATH_SEARCH_PATHS = "$(inherited) @executable_path/Frameworks";
				OTHER_LDFLAGS = (
					"-ObjC",
					"-framework",
					CFNetwork,
				);
				PRODUCT_BUNDLE_IDENTIFIER = io.teak.app.native.dev;
				PRODUCT_NAME = "$(TARGET_NAME)";
				PROVISIONING_PROFILE = "";
				PROVISIONING_PROFILE_SPECIFIER = "";
			};
			name = Release;
		};
		5649BAF7D6ECE9B4845C9FB9 /* Release */ = {
			isa = XCBuildConfiguration;
			buildSettings = {
				CODE_SIGN_IDENTITY = "iPhone Developer";
				CODE_SIGN_STYLE = Automatic;
				DEVELOPMENT_TEAM = 7FLZTACJ82;
				INFOPLIST_FILE = TeakNotificationContent/Info.plist;
				IPHONEOS_DEPLOYMENT_TARGET = 12.0;
				LD_RUNPATH_SEARCH_PATHS = "$(inherited) @executable_path/Frameworks @executable_path/../../Frameworks";
				PRODUCT_BUNDLE_IDENTIFIER = io.teak.app.native.dev.TeakNotificationContent;
				PRODUCT_NAME = "$(TARGET_NAME)";
				PROVISIONING_PROFILE_SPECIFIER = "";
				SKIP_INSTALL = YES;
				VALID_ARCHS = arm64;
			};
			name = Release;
		};
		6B98CE36BE51F753B738A090 /* Release */ = {
			isa = XCBuildConfiguration;
			buildSettings = {
				CODE_SIGN_IDENTITY = "iPhone Developer";
				CODE_SIGN_STYLE = Automatic;
				DEVELOPMENT_TEAM = 7FLZTACJ82;
				INFOPLIST_FILE = TeakNotificationService/Info.plist;
				IPHONEOS_DEPLOYMENT_TARGET = 12.0;
				LD_RUNPATH_SEARCH_PATHS = "$(inherited) @executable_path/Frameworks @executable_path/../../Frameworks";
				PRODUCT_BUNDLE_IDENTIFIER = io.teak.app.native.dev.TeakNotificationService;
				PRODUCT_NAME = "$(TARGET_NAME)";
				PROVISIONING_PROFILE_SPECIFIER = "";
				SKIP_INSTALL = YES;
				VALID_ARCHS = arm64;
			};
			name = Release;
		};
		D5EA76D27F41B262D48CE174 /* Debug */ = {
			isa = XCBuildConfiguration;
			buildSettings = {
				CODE_SIGN_IDENTITY = "iPhone Developer";
				CODE_SIGN_STYLE = Automatic;
				DEVELOPMENT_TEAM = 7FLZTACJ82;
				INFOPLIST_FILE = TeakNotificationService/Info.plist;
				IPHONEOS_DEPLOYMENT_TARGET = 12.0;
				LD_RUNPATH_SEARCH_PATHS = "$(inherited) @executable_path/Frameworks @executable_path/../../Frameworks";
				PRODUCT_BUNDLE_IDENTIFIER = io.teak.app.native.dev.TeakNotificationService;
				PRODUCT_NAME = "$(TARGET_NAME)";
				PROVISIONING_PROFILE = "";
				PROVISIONING_PROFILE_SPECIFIER = "";
				SKIP_INSTALL = YES;
				VALID_ARCHS = arm64;
			};
			name = Debug;
		};
		F4AAA9B659C4B3F362137F84 /* Debug */ = {
			isa = XCBuildConfiguration;
			buildSettings = {
				CODE_SIGN_IDENTITY = "iPhone Developer";
				CODE_SIGN_STYLE = Automatic;
				DEVELOPMENT_TEAM = 7FLZTACJ82;
				INFOPLIST_FILE = TeakNotificationContent/Info.plist;
				IPHONEOS_DEPLOYMENT_TARGET = 12.0;
				LD_RUNPATH_SEARCH_PATHS = "$(inherited) @executable_path/Frameworks @executable_path/../../Frameworks";
				PRODUCT_BUNDLE_IDENTIFIER = io.teak.app.native.dev.TeakNotificationContent;
				PRODUCT_NAME = "$(TARGET_NAME)";
				PROVISIONING_PROFILE = "";
				PROVISIONING_PROFILE_SPECIFIER = "";
				SKIP_INSTALL = YES;
				VALID_ARCHS = arm64;
			};
			name = Debug;
		};
/* End XCBuildConfiguration section */

/* Begin XCConfigurationList section */
		431C98571C7E6DE200B19DD5 /* Build configuration list for PBXProject "Sample" */ = {
			isa = XCConfigurationList;
			buildConfigurations = (
				431C98711C7E6DE300B19DD5 /* Debug */,
				431C98721C7E6DE300B19DD5 /* Release */,
			);
			defaultConfigurationIsVisible = 0;
			defaultConfigurationName = Release;
		};
		431C98731C7E6DE300B19DD5 /* Build configuration list for PBXNativeTarget "Sample" */ = {
			isa = XCConfigurationList;
			buildConfigurations = (
				431C98741C7E6DE300B19DD5 /* Debug */,
				431C98751C7E6DE300B19DD5 /* Release */,
			);
			defaultConfigurationIsVisible = 0;
			defaultConfigurationName = Release;
		};
		92474334A852E55F9DF11466 /* Build configuration list for PBXNativeTarget "TeakNotificationContent" */ = {
			isa = XCConfigurationList;
			buildConfigurations = (
				5649BAF7D6ECE9B4845C9FB9 /* Release */,
				F4AAA9B659C4B3F362137F84 /* Debug */,
			);
			defaultConfigurationIsVisible = 0;
			defaultConfigurationName = Release;
		};
		DE54F51A48EA748FF9A74E60 /* Build configuration list for PBXNativeTarget "TeakNotificationService" */ = {
			isa = XCConfigurationList;
			buildConfigurations = (
				6B98CE36BE51F753B738A090 /* Release */,
				D5EA76D27F41B262D48CE174 /* Debug */,
			);
			defaultConfigurationIsVisible = 0;
			defaultConfigurationName = Release;
		};
/* End XCConfigurationList section */
	};
	rootObject = 431C98541C7E6DE200B19DD5 /* Project object */;
}
