// !$*UTF8*$!
{
	archiveVersion = 1;
	classes = {
	};
	objectVersion = 50;
	objects = {

/* Begin PBXBuildFile section */
		4358FF8422541E540068A4FD /* AppDelegate.m in Sources */ = {isa = PBXBuildFile; fileRef = 4358FF8322541E540068A4FD /* AppDelegate.m */; };
		4358FF8722541E540068A4FD /* ViewController.m in Sources */ = {isa = PBXBuildFile; fileRef = 4358FF8622541E540068A4FD /* ViewController.m */; };
		4358FF8A22541E540068A4FD /* Main.storyboard in Resources */ = {isa = PBXBuildFile; fileRef = 4358FF8822541E540068A4FD /* Main.storyboard */; };
		4358FF8C22541E550068A4FD /* Assets.xcassets in Resources */ = {isa = PBXBuildFile; fileRef = 4358FF8B22541E550068A4FD /* Assets.xcassets */; };
		4358FF8F22541E550068A4FD /* LaunchScreen.storyboard in Resources */ = {isa = PBXBuildFile; fileRef = 4358FF8D22541E550068A4FD /* LaunchScreen.storyboard */; };
		4358FF9222541E550068A4FD /* main.m in Sources */ = {isa = PBXBuildFile; fileRef = 4358FF9122541E550068A4FD /* main.m */; };
		4358FF9C22541E550068A4FD /* AutomatedTests.m in Sources */ = {isa = PBXBuildFile; fileRef = 4358FF9B22541E550068A4FD /* AutomatedTests.m */; };
		4358FFA722541E550068A4FD /* AutomatedUITests.m in Sources */ = {isa = PBXBuildFile; fileRef = 4358FFA622541E550068A4FD /* AutomatedUITests.m */; };
		4358FFBF2255328F0068A4FD /* libTeak.a in Frameworks */ = {isa = PBXBuildFile; fileRef = 4358FFBB225420510068A4FD /* libTeak.a */; };
		4358FFC0225532970068A4FD /* libTeak.a in Frameworks */ = {isa = PBXBuildFile; fileRef = 4358FFBB225420510068A4FD /* libTeak.a */; };
		4358FFC12255329F0068A4FD /* libTeak.a in Frameworks */ = {isa = PBXBuildFile; fileRef = 4358FFBB225420510068A4FD /* libTeak.a */; };
		4358FFC3225536EE0068A4FD /* FormEncodeTests.m in Sources */ = {isa = PBXBuildFile; fileRef = 4358FFC2225536EE0068A4FD /* FormEncodeTests.m */; };
/* End PBXBuildFile section */

/* Begin PBXContainerItemProxy section */
		4358FF9822541E550068A4FD /* PBXContainerItemProxy */ = {
			isa = PBXContainerItemProxy;
			containerPortal = 4358FF7722541E540068A4FD /* Project object */;
			proxyType = 1;
			remoteGlobalIDString = 4358FF7E22541E540068A4FD;
			remoteInfo = Automated;
		};
		4358FFA322541E550068A4FD /* PBXContainerItemProxy */ = {
			isa = PBXContainerItemProxy;
			containerPortal = 4358FF7722541E540068A4FD /* Project object */;
			proxyType = 1;
			remoteGlobalIDString = 4358FF7E22541E540068A4FD;
			remoteInfo = Automated;
		};
		4358FFBA225420510068A4FD /* PBXContainerItemProxy */ = {
			isa = PBXContainerItemProxy;
			containerPortal = 4358FFB4225420510068A4FD /* Teak.xcodeproj */;
			proxyType = 2;
			remoteGlobalIDString = 431C97FA1C7E609800B19DD5;
			remoteInfo = Teak;
		};
		4358FFBC225420510068A4FD /* PBXContainerItemProxy */ = {
			isa = PBXContainerItemProxy;
			containerPortal = 4358FFB4225420510068A4FD /* Teak.xcodeproj */;
			proxyType = 2;
			remoteGlobalIDString = 430E64671FB62EEE008DE15B;
			remoteInfo = TeakResources;
		};
/* End PBXContainerItemProxy section */

/* Begin PBXFileReference section */
		4358FF7F22541E540068A4FD /* Automated.app */ = {isa = PBXFileReference; explicitFileType = wrapper.application; includeInIndex = 0; path = Automated.app; sourceTree = BUILT_PRODUCTS_DIR; };
		4358FF8222541E540068A4FD /* AppDelegate.h */ = {isa = PBXFileReference; lastKnownFileType = sourcecode.c.h; path = AppDelegate.h; sourceTree = "<group>"; };
		4358FF8322541E540068A4FD /* AppDelegate.m */ = {isa = PBXFileReference; lastKnownFileType = sourcecode.c.objc; path = AppDelegate.m; sourceTree = "<group>"; };
		4358FF8522541E540068A4FD /* ViewController.h */ = {isa = PBXFileReference; lastKnownFileType = sourcecode.c.h; path = ViewController.h; sourceTree = "<group>"; };
		4358FF8622541E540068A4FD /* ViewController.m */ = {isa = PBXFileReference; lastKnownFileType = sourcecode.c.objc; path = ViewController.m; sourceTree = "<group>"; };
		4358FF8922541E540068A4FD /* Base */ = {isa = PBXFileReference; lastKnownFileType = file.storyboard; name = Base; path = Base.lproj/Main.storyboard; sourceTree = "<group>"; };
		4358FF8B22541E550068A4FD /* Assets.xcassets */ = {isa = PBXFileReference; lastKnownFileType = folder.assetcatalog; path = Assets.xcassets; sourceTree = "<group>"; };
		4358FF8E22541E550068A4FD /* Base */ = {isa = PBXFileReference; lastKnownFileType = file.storyboard; name = Base; path = Base.lproj/LaunchScreen.storyboard; sourceTree = "<group>"; };
		4358FF9022541E550068A4FD /* Info.plist */ = {isa = PBXFileReference; lastKnownFileType = text.plist.xml; path = Info.plist; sourceTree = "<group>"; };
		4358FF9122541E550068A4FD /* main.m */ = {isa = PBXFileReference; lastKnownFileType = sourcecode.c.objc; path = main.m; sourceTree = "<group>"; };
		4358FF9722541E550068A4FD /* AutomatedTests.xctest */ = {isa = PBXFileReference; explicitFileType = wrapper.cfbundle; includeInIndex = 0; path = AutomatedTests.xctest; sourceTree = BUILT_PRODUCTS_DIR; };
		4358FF9B22541E550068A4FD /* AutomatedTests.m */ = {isa = PBXFileReference; lastKnownFileType = sourcecode.c.objc; path = AutomatedTests.m; sourceTree = "<group>"; };
		4358FF9D22541E550068A4FD /* Info.plist */ = {isa = PBXFileReference; lastKnownFileType = text.plist.xml; path = Info.plist; sourceTree = "<group>"; };
		4358FFA222541E550068A4FD /* AutomatedUITests.xctest */ = {isa = PBXFileReference; explicitFileType = wrapper.cfbundle; includeInIndex = 0; path = AutomatedUITests.xctest; sourceTree = BUILT_PRODUCTS_DIR; };
		4358FFA622541E550068A4FD /* AutomatedUITests.m */ = {isa = PBXFileReference; lastKnownFileType = sourcecode.c.objc; path = AutomatedUITests.m; sourceTree = "<group>"; };
		4358FFA822541E550068A4FD /* Info.plist */ = {isa = PBXFileReference; lastKnownFileType = text.plist.xml; path = Info.plist; sourceTree = "<group>"; };
		4358FFB4225420510068A4FD /* Teak.xcodeproj */ = {isa = PBXFileReference; lastKnownFileType = "wrapper.pb-project"; name = Teak.xcodeproj; path = ../Teak.xcodeproj; sourceTree = "<group>"; };
		4358FFC2225536EE0068A4FD /* FormEncodeTests.m */ = {isa = PBXFileReference; lastKnownFileType = sourcecode.c.objc; path = FormEncodeTests.m; sourceTree = "<group>"; };
/* End PBXFileReference section */

/* Begin PBXFrameworksBuildPhase section */
		4358FF7C22541E540068A4FD /* Frameworks */ = {
			isa = PBXFrameworksBuildPhase;
			buildActionMask = 2147483647;
			files = (
				4358FFC12255329F0068A4FD /* libTeak.a in Frameworks */,
			);
			runOnlyForDeploymentPostprocessing = 0;
		};
		4358FF9422541E550068A4FD /* Frameworks */ = {
			isa = PBXFrameworksBuildPhase;
			buildActionMask = 2147483647;
			files = (
				4358FFBF2255328F0068A4FD /* libTeak.a in Frameworks */,
			);
			runOnlyForDeploymentPostprocessing = 0;
		};
		4358FF9F22541E550068A4FD /* Frameworks */ = {
			isa = PBXFrameworksBuildPhase;
			buildActionMask = 2147483647;
			files = (
				4358FFC0225532970068A4FD /* libTeak.a in Frameworks */,
			);
			runOnlyForDeploymentPostprocessing = 0;
		};
/* End PBXFrameworksBuildPhase section */

/* Begin PBXGroup section */
		4358FF7622541E540068A4FD = {
			isa = PBXGroup;
			children = (
				4358FFB4225420510068A4FD /* Teak.xcodeproj */,
				4358FF8122541E540068A4FD /* Automated */,
				4358FF9A22541E550068A4FD /* AutomatedTests */,
				4358FFA522541E550068A4FD /* AutomatedUITests */,
				4358FF8022541E540068A4FD /* Products */,
				4358FFBE2255328F0068A4FD /* Frameworks */,
			);
			sourceTree = "<group>";
		};
		4358FF8022541E540068A4FD /* Products */ = {
			isa = PBXGroup;
			children = (
				4358FF7F22541E540068A4FD /* Automated.app */,
				4358FF9722541E550068A4FD /* AutomatedTests.xctest */,
				4358FFA222541E550068A4FD /* AutomatedUITests.xctest */,
			);
			name = Products;
			sourceTree = "<group>";
		};
		4358FF8122541E540068A4FD /* Automated */ = {
			isa = PBXGroup;
			children = (
				4358FF8222541E540068A4FD /* AppDelegate.h */,
				4358FF8322541E540068A4FD /* AppDelegate.m */,
				4358FF8522541E540068A4FD /* ViewController.h */,
				4358FF8622541E540068A4FD /* ViewController.m */,
				4358FF8822541E540068A4FD /* Main.storyboard */,
				4358FF8B22541E550068A4FD /* Assets.xcassets */,
				4358FF8D22541E550068A4FD /* LaunchScreen.storyboard */,
				4358FF9022541E550068A4FD /* Info.plist */,
				4358FF9122541E550068A4FD /* main.m */,
			);
			path = Automated;
			sourceTree = "<group>";
		};
		4358FF9A22541E550068A4FD /* AutomatedTests */ = {
			isa = PBXGroup;
			children = (
				4358FF9B22541E550068A4FD /* AutomatedTests.m */,
				4358FF9D22541E550068A4FD /* Info.plist */,
				4358FFC2225536EE0068A4FD /* FormEncodeTests.m */,
			);
			path = AutomatedTests;
			sourceTree = "<group>";
		};
		4358FFA522541E550068A4FD /* AutomatedUITests */ = {
			isa = PBXGroup;
			children = (
				4358FFA622541E550068A4FD /* AutomatedUITests.m */,
				4358FFA822541E550068A4FD /* Info.plist */,
			);
			path = AutomatedUITests;
			sourceTree = "<group>";
		};
		4358FFB5225420510068A4FD /* Products */ = {
			isa = PBXGroup;
			children = (
				4358FFBB225420510068A4FD /* libTeak.a */,
				4358FFBD225420510068A4FD /* TeakResources.bundle */,
			);
			name = Products;
			sourceTree = "<group>";
		};
		4358FFBE2255328F0068A4FD /* Frameworks */ = {
			isa = PBXGroup;
			children = (
			);
			name = Frameworks;
			sourceTree = "<group>";
		};
/* End PBXGroup section */

/* Begin PBXNativeTarget section */
		4358FF7E22541E540068A4FD /* Automated */ = {
			isa = PBXNativeTarget;
			buildConfigurationList = 4358FFAB22541E550068A4FD /* Build configuration list for PBXNativeTarget "Automated" */;
			buildPhases = (
				4358FF7B22541E540068A4FD /* Sources */,
				4358FF7C22541E540068A4FD /* Frameworks */,
				4358FF7D22541E540068A4FD /* Resources */,
			);
			buildRules = (
			);
			dependencies = (
			);
			name = Automated;
			productName = Automated;
			productReference = 4358FF7F22541E540068A4FD /* Automated.app */;
			productType = "com.apple.product-type.application";
		};
		4358FF9622541E550068A4FD /* AutomatedTests */ = {
			isa = PBXNativeTarget;
			buildConfigurationList = 4358FFAE22541E550068A4FD /* Build configuration list for PBXNativeTarget "AutomatedTests" */;
			buildPhases = (
				4358FF9322541E550068A4FD /* Sources */,
				4358FF9422541E550068A4FD /* Frameworks */,
				4358FF9522541E550068A4FD /* Resources */,
			);
			buildRules = (
			);
			dependencies = (
				4358FF9922541E550068A4FD /* PBXTargetDependency */,
			);
			name = AutomatedTests;
			productName = AutomatedTests;
			productReference = 4358FF9722541E550068A4FD /* AutomatedTests.xctest */;
			productType = "com.apple.product-type.bundle.unit-test";
		};
		4358FFA122541E550068A4FD /* AutomatedUITests */ = {
			isa = PBXNativeTarget;
			buildConfigurationList = 4358FFB122541E550068A4FD /* Build configuration list for PBXNativeTarget "AutomatedUITests" */;
			buildPhases = (
				4358FF9E22541E550068A4FD /* Sources */,
				4358FF9F22541E550068A4FD /* Frameworks */,
				4358FFA022541E550068A4FD /* Resources */,
			);
			buildRules = (
			);
			dependencies = (
				4358FFA422541E550068A4FD /* PBXTargetDependency */,
			);
			name = AutomatedUITests;
			productName = AutomatedUITests;
			productReference = 4358FFA222541E550068A4FD /* AutomatedUITests.xctest */;
			productType = "com.apple.product-type.bundle.ui-testing";
		};
/* End PBXNativeTarget section */

/* Begin PBXProject section */
		4358FF7722541E540068A4FD /* Project object */ = {
			isa = PBXProject;
			attributes = {
				LastUpgradeCheck = 1020;
				ORGANIZATIONNAME = "Pat Wilson";
				TargetAttributes = {
					4358FF7E22541E540068A4FD = {
						CreatedOnToolsVersion = 10.2;
					};
					4358FF9622541E550068A4FD = {
						CreatedOnToolsVersion = 10.2;
						TestTargetID = 4358FF7E22541E540068A4FD;
					};
					4358FFA122541E550068A4FD = {
						CreatedOnToolsVersion = 10.2;
						TestTargetID = 4358FF7E22541E540068A4FD;
					};
				};
			};
			buildConfigurationList = 4358FF7A22541E540068A4FD /* Build configuration list for PBXProject "Automated" */;
			compatibilityVersion = "Xcode 9.3";
			developmentRegion = en;
			hasScannedForEncodings = 0;
			knownRegions = (
				en,
				Base,
			);
			mainGroup = 4358FF7622541E540068A4FD;
			productRefGroup = 4358FF8022541E540068A4FD /* Products */;
			projectDirPath = "";
			projectReferences = (
				{
					ProductGroup = 4358FFB5225420510068A4FD /* Products */;
					ProjectRef = 4358FFB4225420510068A4FD /* Teak.xcodeproj */;
				},
			);
			projectRoot = "";
			targets = (
				4358FF7E22541E540068A4FD /* Automated */,
				4358FF9622541E550068A4FD /* AutomatedTests */,
				4358FFA122541E550068A4FD /* AutomatedUITests */,
			);
		};
/* End PBXProject section */

/* Begin PBXReferenceProxy section */
		4358FFBB225420510068A4FD /* libTeak.a */ = {
			isa = PBXReferenceProxy;
			fileType = archive.ar;
			path = libTeak.a;
			remoteRef = 4358FFBA225420510068A4FD /* PBXContainerItemProxy */;
			sourceTree = BUILT_PRODUCTS_DIR;
		};
		4358FFBD225420510068A4FD /* TeakResources.bundle */ = {
			isa = PBXReferenceProxy;
			fileType = wrapper.cfbundle;
			path = TeakResources.bundle;
			remoteRef = 4358FFBC225420510068A4FD /* PBXContainerItemProxy */;
			sourceTree = BUILT_PRODUCTS_DIR;
		};
/* End PBXReferenceProxy section */

/* Begin PBXResourcesBuildPhase section */
		4358FF7D22541E540068A4FD /* Resources */ = {
			isa = PBXResourcesBuildPhase;
			buildActionMask = 2147483647;
			files = (
				4358FF8F22541E550068A4FD /* LaunchScreen.storyboard in Resources */,
				4358FF8C22541E550068A4FD /* Assets.xcassets in Resources */,
				4358FF8A22541E540068A4FD /* Main.storyboard in Resources */,
			);
			runOnlyForDeploymentPostprocessing = 0;
		};
		4358FF9522541E550068A4FD /* Resources */ = {
			isa = PBXResourcesBuildPhase;
			buildActionMask = 2147483647;
			files = (
			);
			runOnlyForDeploymentPostprocessing = 0;
		};
		4358FFA022541E550068A4FD /* Resources */ = {
			isa = PBXResourcesBuildPhase;
			buildActionMask = 2147483647;
			files = (
			);
			runOnlyForDeploymentPostprocessing = 0;
		};
/* End PBXResourcesBuildPhase section */

/* Begin PBXSourcesBuildPhase section */
		4358FF7B22541E540068A4FD /* Sources */ = {
			isa = PBXSourcesBuildPhase;
			buildActionMask = 2147483647;
			files = (
				4358FF8722541E540068A4FD /* ViewController.m in Sources */,
				4358FF9222541E550068A4FD /* main.m in Sources */,
				4358FF8422541E540068A4FD /* AppDelegate.m in Sources */,
			);
			runOnlyForDeploymentPostprocessing = 0;
		};
		4358FF9322541E550068A4FD /* Sources */ = {
			isa = PBXSourcesBuildPhase;
			buildActionMask = 2147483647;
			files = (
				4358FF9C22541E550068A4FD /* AutomatedTests.m in Sources */,
				4358FFC3225536EE0068A4FD /* FormEncodeTests.m in Sources */,
			);
			runOnlyForDeploymentPostprocessing = 0;
		};
		4358FF9E22541E550068A4FD /* Sources */ = {
			isa = PBXSourcesBuildPhase;
			buildActionMask = 2147483647;
			files = (
				4358FFA722541E550068A4FD /* AutomatedUITests.m in Sources */,
			);
			runOnlyForDeploymentPostprocessing = 0;
		};
/* End PBXSourcesBuildPhase section */

/* Begin PBXTargetDependency section */
		4358FF9922541E550068A4FD /* PBXTargetDependency */ = {
			isa = PBXTargetDependency;
			target = 4358FF7E22541E540068A4FD /* Automated */;
			targetProxy = 4358FF9822541E550068A4FD /* PBXContainerItemProxy */;
		};
		4358FFA422541E550068A4FD /* PBXTargetDependency */ = {
			isa = PBXTargetDependency;
			target = 4358FF7E22541E540068A4FD /* Automated */;
			targetProxy = 4358FFA322541E550068A4FD /* PBXContainerItemProxy */;
		};
/* End PBXTargetDependency section */

/* Begin PBXVariantGroup section */
		4358FF8822541E540068A4FD /* Main.storyboard */ = {
			isa = PBXVariantGroup;
			children = (
				4358FF8922541E540068A4FD /* Base */,
			);
			name = Main.storyboard;
			sourceTree = "<group>";
		};
		4358FF8D22541E550068A4FD /* LaunchScreen.storyboard */ = {
			isa = PBXVariantGroup;
			children = (
				4358FF8E22541E550068A4FD /* Base */,
			);
			name = LaunchScreen.storyboard;
			sourceTree = "<group>";
		};
/* End PBXVariantGroup section */

/* Begin XCBuildConfiguration section */
		4358FFA922541E550068A4FD /* Debug */ = {
			isa = XCBuildConfiguration;
			buildSettings = {
				ALWAYS_SEARCH_USER_PATHS = NO;
				CLANG_ANALYZER_NONNULL = YES;
				CLANG_ANALYZER_NUMBER_OBJECT_CONVERSION = YES_AGGRESSIVE;
				CLANG_CXX_LANGUAGE_STANDARD = "gnu++14";
				CLANG_CXX_LIBRARY = "libc++";
				CLANG_ENABLE_MODULES = YES;
				CLANG_ENABLE_OBJC_ARC = YES;
				CLANG_ENABLE_OBJC_WEAK = YES;
				CLANG_WARN_BLOCK_CAPTURE_AUTORELEASING = YES;
				CLANG_WARN_BOOL_CONVERSION = YES;
				CLANG_WARN_COMMA = YES;
				CLANG_WARN_CONSTANT_CONVERSION = YES;
				CLANG_WARN_DEPRECATED_OBJC_IMPLEMENTATIONS = YES;
				CLANG_WARN_DIRECT_OBJC_ISA_USAGE = YES_ERROR;
				CLANG_WARN_DOCUMENTATION_COMMENTS = YES;
				CLANG_WARN_EMPTY_BODY = YES;
				CLANG_WARN_ENUM_CONVERSION = YES;
				CLANG_WARN_INFINITE_RECURSION = YES;
				CLANG_WARN_INT_CONVERSION = YES;
				CLANG_WARN_NON_LITERAL_NULL_CONVERSION = YES;
				CLANG_WARN_OBJC_IMPLICIT_RETAIN_SELF = YES;
				CLANG_WARN_OBJC_LITERAL_CONVERSION = YES;
				CLANG_WARN_OBJC_ROOT_CLASS = YES_ERROR;
				CLANG_WARN_RANGE_LOOP_ANALYSIS = YES;
				CLANG_WARN_STRICT_PROTOTYPES = YES;
				CLANG_WARN_SUSPICIOUS_MOVE = YES;
				CLANG_WARN_UNGUARDED_AVAILABILITY = YES_AGGRESSIVE;
				CLANG_WARN_UNREACHABLE_CODE = YES;
				CLANG_WARN__DUPLICATE_METHOD_MATCH = YES;
				CODE_SIGN_IDENTITY = "iPhone Developer";
				COPY_PHASE_STRIP = NO;
				DEBUG_INFORMATION_FORMAT = dwarf;
				ENABLE_STRICT_OBJC_MSGSEND = YES;
				ENABLE_TESTABILITY = YES;
				GCC_C_LANGUAGE_STANDARD = gnu11;
				GCC_DYNAMIC_NO_PIC = NO;
				GCC_NO_COMMON_BLOCKS = YES;
				GCC_OPTIMIZATION_LEVEL = 0;
				GCC_PREPROCESSOR_DEFINITIONS = (
					"DEBUG=1",
					"$(inherited)",
				);
				GCC_WARN_64_TO_32_BIT_CONVERSION = YES;
				GCC_WARN_ABOUT_RETURN_TYPE = YES_ERROR;
				GCC_WARN_UNDECLARED_SELECTOR = YES;
				GCC_WARN_UNINITIALIZED_AUTOS = YES_AGGRESSIVE;
				GCC_WARN_UNUSED_FUNCTION = YES;
				GCC_WARN_UNUSED_VARIABLE = YES;
				IPHONEOS_DEPLOYMENT_TARGET = 12.2;
				MTL_ENABLE_DEBUG_INFO = INCLUDE_SOURCE;
				MTL_FAST_MATH = YES;
				ONLY_ACTIVE_ARCH = YES;
				SDKROOT = iphoneos;
			};
			name = Debug;
		};
		4358FFAA22541E550068A4FD /* Release */ = {
			isa = XCBuildConfiguration;
			buildSettings = {
				ALWAYS_SEARCH_USER_PATHS = NO;
				CLANG_ANALYZER_NONNULL = YES;
				CLANG_ANALYZER_NUMBER_OBJECT_CONVERSION = YES_AGGRESSIVE;
				CLANG_CXX_LANGUAGE_STANDARD = "gnu++14";
				CLANG_CXX_LIBRARY = "libc++";
				CLANG_ENABLE_MODULES = YES;
				CLANG_ENABLE_OBJC_ARC = YES;
				CLANG_ENABLE_OBJC_WEAK = YES;
				CLANG_WARN_BLOCK_CAPTURE_AUTORELEASING = YES;
				CLANG_WARN_BOOL_CONVERSION = YES;
				CLANG_WARN_COMMA = YES;
				CLANG_WARN_CONSTANT_CONVERSION = YES;
				CLANG_WARN_DEPRECATED_OBJC_IMPLEMENTATIONS = YES;
				CLANG_WARN_DIRECT_OBJC_ISA_USAGE = YES_ERROR;
				CLANG_WARN_DOCUMENTATION_COMMENTS = YES;
				CLANG_WARN_EMPTY_BODY = YES;
				CLANG_WARN_ENUM_CONVERSION = YES;
				CLANG_WARN_INFINITE_RECURSION = YES;
				CLANG_WARN_INT_CONVERSION = YES;
				CLANG_WARN_NON_LITERAL_NULL_CONVERSION = YES;
				CLANG_WARN_OBJC_IMPLICIT_RETAIN_SELF = YES;
				CLANG_WARN_OBJC_LITERAL_CONVERSION = YES;
				CLANG_WARN_OBJC_ROOT_CLASS = YES_ERROR;
				CLANG_WARN_RANGE_LOOP_ANALYSIS = YES;
				CLANG_WARN_STRICT_PROTOTYPES = YES;
				CLANG_WARN_SUSPICIOUS_MOVE = YES;
				CLANG_WARN_UNGUARDED_AVAILABILITY = YES_AGGRESSIVE;
				CLANG_WARN_UNREACHABLE_CODE = YES;
				CLANG_WARN__DUPLICATE_METHOD_MATCH = YES;
				CODE_SIGN_IDENTITY = "iPhone Developer";
				COPY_PHASE_STRIP = NO;
				DEBUG_INFORMATION_FORMAT = "dwarf-with-dsym";
				ENABLE_NS_ASSERTIONS = NO;
				ENABLE_STRICT_OBJC_MSGSEND = YES;
				GCC_C_LANGUAGE_STANDARD = gnu11;
				GCC_NO_COMMON_BLOCKS = YES;
				GCC_WARN_64_TO_32_BIT_CONVERSION = YES;
				GCC_WARN_ABOUT_RETURN_TYPE = YES_ERROR;
				GCC_WARN_UNDECLARED_SELECTOR = YES;
				GCC_WARN_UNINITIALIZED_AUTOS = YES_AGGRESSIVE;
				GCC_WARN_UNUSED_FUNCTION = YES;
				GCC_WARN_UNUSED_VARIABLE = YES;
				IPHONEOS_DEPLOYMENT_TARGET = 12.2;
				MTL_ENABLE_DEBUG_INFO = NO;
				MTL_FAST_MATH = YES;
				SDKROOT = iphoneos;
				VALIDATE_PRODUCT = YES;
			};
			name = Release;
		};
		4358FFAC22541E550068A4FD /* Debug */ = {
			isa = XCBuildConfiguration;
			buildSettings = {
				ASSETCATALOG_COMPILER_APPICON_NAME = AppIcon;
				CODE_SIGN_STYLE = Automatic;
				DEVELOPMENT_TEAM = 7FLZTACJ82;
				INFOPLIST_FILE = Automated/Info.plist;
				LD_RUNPATH_SEARCH_PATHS = (
					"$(inherited)",
					"@executable_path/Frameworks",
				);
				PRODUCT_BUNDLE_IDENTIFIER = io.teak.sdk.Automated;
				PRODUCT_NAME = "$(TARGET_NAME)";
				TARGETED_DEVICE_FAMILY = "1,2";
			};
			name = Debug;
		};
		4358FFAD22541E550068A4FD /* Release */ = {
			isa = XCBuildConfiguration;
			buildSettings = {
				ASSETCATALOG_COMPILER_APPICON_NAME = AppIcon;
				CODE_SIGN_STYLE = Automatic;
				DEVELOPMENT_TEAM = 7FLZTACJ82;
				INFOPLIST_FILE = Automated/Info.plist;
				LD_RUNPATH_SEARCH_PATHS = (
					"$(inherited)",
					"@executable_path/Frameworks",
				);
				PRODUCT_BUNDLE_IDENTIFIER = io.teak.sdk.Automated;
				PRODUCT_NAME = "$(TARGET_NAME)";
				TARGETED_DEVICE_FAMILY = "1,2";
			};
			name = Release;
		};
		4358FFAF22541E550068A4FD /* Debug */ = {
			isa = XCBuildConfiguration;
			buildSettings = {
				BUNDLE_LOADER = "$(TEST_HOST)";
				CODE_SIGN_STYLE = Automatic;
				DEVELOPMENT_TEAM = 7FLZTACJ82;
				INFOPLIST_FILE = AutomatedTests/Info.plist;
				LD_RUNPATH_SEARCH_PATHS = (
					"$(inherited)",
					"@executable_path/Frameworks",
					"@loader_path/Frameworks",
				);
				PRODUCT_BUNDLE_IDENTIFIER = io.teak.sdk.AutomatedTests;
				PRODUCT_NAME = "$(TARGET_NAME)";
				TARGETED_DEVICE_FAMILY = "1,2";
				TEST_HOST = "$(BUILT_PRODUCTS_DIR)/Automated.app/Automated";
			};
			name = Debug;
		};
		4358FFB022541E550068A4FD /* Release */ = {
			isa = XCBuildConfiguration;
			buildSettings = {
				BUNDLE_LOADER = "$(TEST_HOST)";
				CODE_SIGN_STYLE = Automatic;
				DEVELOPMENT_TEAM = 7FLZTACJ82;
				INFOPLIST_FILE = AutomatedTests/Info.plist;
				LD_RUNPATH_SEARCH_PATHS = (
					"$(inherited)",
					"@executable_path/Frameworks",
					"@loader_path/Frameworks",
				);
				PRODUCT_BUNDLE_IDENTIFIER = io.teak.sdk.AutomatedTests;
				PRODUCT_NAME = "$(TARGET_NAME)";
				TARGETED_DEVICE_FAMILY = "1,2";
				TEST_HOST = "$(BUILT_PRODUCTS_DIR)/Automated.app/Automated";
			};
			name = Release;
		};
		4358FFB222541E550068A4FD /* Debug */ = {
			isa = XCBuildConfiguration;
			buildSettings = {
				CODE_SIGN_STYLE = Automatic;
				DEVELOPMENT_TEAM = 7FLZTACJ82;
				INFOPLIST_FILE = AutomatedUITests/Info.plist;
				LD_RUNPATH_SEARCH_PATHS = (
					"$(inherited)",
					"@executable_path/Frameworks",
					"@loader_path/Frameworks",
				);
				PRODUCT_BUNDLE_IDENTIFIER = io.teak.sdk.AutomatedUITests;
				PRODUCT_NAME = "$(TARGET_NAME)";
				TARGETED_DEVICE_FAMILY = "1,2";
				TEST_TARGET_NAME = Automated;
			};
			name = Debug;
		};
		4358FFB322541E550068A4FD /* Release */ = {
			isa = XCBuildConfiguration;
			buildSettings = {
				CODE_SIGN_STYLE = Automatic;
				DEVELOPMENT_TEAM = 7FLZTACJ82;
				INFOPLIST_FILE = AutomatedUITests/Info.plist;
				LD_RUNPATH_SEARCH_PATHS = (
					"$(inherited)",
					"@executable_path/Frameworks",
					"@loader_path/Frameworks",
				);
				PRODUCT_BUNDLE_IDENTIFIER = io.teak.sdk.AutomatedUITests;
				PRODUCT_NAME = "$(TARGET_NAME)";
				TARGETED_DEVICE_FAMILY = "1,2";
				TEST_TARGET_NAME = Automated;
			};
			name = Release;
		};
/* End XCBuildConfiguration section */

/* Begin XCConfigurationList section */
		4358FF7A22541E540068A4FD /* Build configuration list for PBXProject "Automated" */ = {
			isa = XCConfigurationList;
			buildConfigurations = (
				4358FFA922541E550068A4FD /* Debug */,
				4358FFAA22541E550068A4FD /* Release */,
			);
			defaultConfigurationIsVisible = 0;
			defaultConfigurationName = Release;
		};
		4358FFAB22541E550068A4FD /* Build configuration list for PBXNativeTarget "Automated" */ = {
			isa = XCConfigurationList;
			buildConfigurations = (
				4358FFAC22541E550068A4FD /* Debug */,
				4358FFAD22541E550068A4FD /* Release */,
			);
			defaultConfigurationIsVisible = 0;
			defaultConfigurationName = Release;
		};
		4358FFAE22541E550068A4FD /* Build configuration list for PBXNativeTarget "AutomatedTests" */ = {
			isa = XCConfigurationList;
			buildConfigurations = (
				4358FFAF22541E550068A4FD /* Debug */,
				4358FFB022541E550068A4FD /* Release */,
			);
			defaultConfigurationIsVisible = 0;
			defaultConfigurationName = Release;
		};
		4358FFB122541E550068A4FD /* Build configuration list for PBXNativeTarget "AutomatedUITests" */ = {
			isa = XCConfigurationList;
			buildConfigurations = (
				4358FFB222541E550068A4FD /* Debug */,
				4358FFB322541E550068A4FD /* Release */,
			);
			defaultConfigurationIsVisible = 0;
			defaultConfigurationName = Release;
		};
/* End XCConfigurationList section */
	};
	rootObject = 4358FF7722541E540068A4FD /* Project object */;
}
