// !$*UTF8*$!
{
	archiveVersion = 1;
	classes = {
	};
	objectVersion = 51;
	objects = {

/* Begin PBXBuildFile section */
		01E4848D5111513C772D7A82 /* TeakCExternLiveActivityTests.m in Sources */ = {isa = PBXBuildFile; fileRef = EBC630E46232B6C929C398A1 /* TeakCExternLiveActivityTests.m */; };
		0F9BB099DE5CFEDF8A8B30F9 /* Pods_AutomatedUITests.framework in Frameworks */ = {isa = PBXBuildFile; fileRef = EDCD65E1A5663F5B9041146E /* Pods_AutomatedUITests.framework */; };
		137B2D87B7DFDBCC7B5DC85A /* TeakUserProfileAttributeQueueTests.m in Sources */ = {isa = PBXBuildFile; fileRef = A858CD24B4B5AADAD2CD7719 /* TeakUserProfileAttributeQueueTests.m */; };
		20DF1A9F71CE2989A71C1277 /* TeakRequestClientErrorTests.m in Sources */ = {isa = PBXBuildFile; fileRef = F6BD644662C93410AC229F7F /* TeakRequestClientErrorTests.m */; };
		24E918A8B1343E0E4D8092AE /* Teak.framework in Embed Frameworks */ = {isa = PBXBuildFile; fileRef = 5C9225DEADC25983AF315554 /* Teak.framework */; settings = {ATTRIBUTES = (CodeSignOnCopy, RemoveHeadersOnCopy, ); }; };
		2CC95EAD6283AE3D2A4AB872 /* Teak.framework in Frameworks */ = {isa = PBXBuildFile; fileRef = 5C9225DEADC25983AF315554 /* Teak.framework */; };
		3B53F44500DC81BFC8562EC5 /* TeakLiveActivityLaunchDataTests.m in Sources */ = {isa = PBXBuildFile; fileRef = 688EF633CE0E126980722887 /* TeakLiveActivityLaunchDataTests.m */; };
		42ECB723361A815F90E2CC99 /* Teak.framework in Frameworks */ = {isa = PBXBuildFile; fileRef = 5C9225DEADC25983AF315554 /* Teak.framework */; };
		433392912654423400B10DE4 /* CoreServices.framework in Frameworks */ = {isa = PBXBuildFile; fileRef = 433392902654423400B10DE4 /* CoreServices.framework */; };
		4358FF8422541E540068A4FD /* AppDelegate.m in Sources */ = {isa = PBXBuildFile; fileRef = 4358FF8322541E540068A4FD /* AppDelegate.m */; };
		4358FF8722541E540068A4FD /* ViewController.m in Sources */ = {isa = PBXBuildFile; fileRef = 4358FF8622541E540068A4FD /* ViewController.m */; };
		4358FF8A22541E540068A4FD /* Main.storyboard in Resources */ = {isa = PBXBuildFile; fileRef = 4358FF8822541E540068A4FD /* Main.storyboard */; };
		4358FF8C22541E550068A4FD /* Assets.xcassets in Resources */ = {isa = PBXBuildFile; fileRef = 4358FF8B22541E550068A4FD /* Assets.xcassets */; };
		4358FF8F22541E550068A4FD /* LaunchScreen.storyboard in Resources */ = {isa = PBXBuildFile; fileRef = 4358FF8D22541E550068A4FD /* LaunchScreen.storyboard */; };
		4358FF9222541E550068A4FD /* main.m in Sources */ = {isa = PBXBuildFile; fileRef = 4358FF9122541E550068A4FD /* main.m */; };
		4358FF9C22541E550068A4FD /* AutomatedTests.m in Sources */ = {isa = PBXBuildFile; fileRef = 4358FF9B22541E550068A4FD /* AutomatedTests.m */; };
		4358FFA722541E550068A4FD /* AutomatedUITests.m in Sources */ = {isa = PBXBuildFile; fileRef = 4358FFA622541E550068A4FD /* AutomatedUITests.m */; };
		43B4617522A1E10F004AC636 /* LogTests.m in Sources */ = {isa = PBXBuildFile; fileRef = 43B4617422A1E10F004AC636 /* LogTests.m */; };
		43B4618322A1EB05004AC636 /* StoreKit.framework in Frameworks */ = {isa = PBXBuildFile; fileRef = 43B4617F22A1EB05004AC636 /* StoreKit.framework */; };
		43B4618522A1EB0D004AC636 /* SystemConfiguration.framework in Frameworks */ = {isa = PBXBuildFile; fileRef = 43B4618422A1EB0D004AC636 /* SystemConfiguration.framework */; };
		43B4618722A1EB19004AC636 /* UserNotifications.framework in Frameworks */ = {isa = PBXBuildFile; fileRef = 43B4618622A1EB19004AC636 /* UserNotifications.framework */; };
		43B4618B22A1EB30004AC636 /* AVFoundation.framework in Frameworks */ = {isa = PBXBuildFile; fileRef = 43B4618A22A1EB30004AC636 /* AVFoundation.framework */; };
		43B4618F22A1EB54004AC636 /* AdSupport.framework in Frameworks */ = {isa = PBXBuildFile; fileRef = 43B4618E22A1EB54004AC636 /* AdSupport.framework */; };
		43B4619922A20FDC004AC636 /* AdSupport.framework in Frameworks */ = {isa = PBXBuildFile; fileRef = 43B4618E22A1EB54004AC636 /* AdSupport.framework */; };
		43B4619D22A20FE4004AC636 /* StoreKit.framework in Frameworks */ = {isa = PBXBuildFile; fileRef = 43B4617F22A1EB05004AC636 /* StoreKit.framework */; };
		440EB1A255029FAF5B1ACEB9 /* TeakSessionDeferredCallbackTests.m in Sources */ = {isa = PBXBuildFile; fileRef = 2286E8051950D4EC6E1C79EF /* TeakSessionDeferredCallbackTests.m */; };
		55AAEB0EF3B9E90616642C8E /* LiveActivityUpdateSchedulingTests.m in Sources */ = {isa = PBXBuildFile; fileRef = 741732706353CEBB41D0AE37 /* LiveActivityUpdateSchedulingTests.m */; };
		5E6B9B4295CBD9D24A0CF31D /* TeakWaitForDeepLinkTests.m in Sources */ = {isa = PBXBuildFile; fileRef = B165DB88E09CABE8CFB776BA /* TeakWaitForDeepLinkTests.m */; };
		67ED924AB1318D0336E94BE6 /* TeakAttributedLaunchDataEnrichmentTests.m in Sources */ = {isa = PBXBuildFile; fileRef = 864427BAEA58D0DAC8B50E43 /* TeakAttributedLaunchDataEnrichmentTests.m */; };
		6CCAAEB7E63F06EEC9B8512E /* RemoteConfigurationEventTests.m in Sources */ = {isa = PBXBuildFile; fileRef = 9F86877CA9B4C0AA27811874 /* RemoteConfigurationEventTests.m */; };
		6D15A01FD0A680A1CD603491 /* TeakRavenTests.m in Sources */ = {isa = PBXBuildFile; fileRef = C1ECFF9E3A6CB54927A8A327 /* TeakRavenTests.m */; };
		6D792A77134D055F66346BC3 /* PushToStartTokenRegistrationTests.m in Sources */ = {isa = PBXBuildFile; fileRef = 98067217DB9FF5953786EA99 /* PushToStartTokenRegistrationTests.m */; };
		6FF622EDF0E531603BB01BE3 /* TeakSessionLockingTests.m in Sources */ = {isa = PBXBuildFile; fileRef = C93E5C5C2DBE62981455D4A7 /* TeakSessionLockingTests.m */; };
		7FEB52BB31B7C9926174546D /* NotificationSettingsTests.m in Sources */ = {isa = PBXBuildFile; fileRef = 7520CCFA85F3D201187FC76C /* NotificationSettingsTests.m */; };
		9094BF0120E894EDA3CA1D75 /* SKPaymentObserverTests.m in Sources */ = {isa = PBXBuildFile; fileRef = 58D653263F1ED05593381DCD /* SKPaymentObserverTests.m */; };
		97323CF5B3B2B4A49C9C8B78 /* UserDataEventTests.m in Sources */ = {isa = PBXBuildFile; fileRef = 6A2BD9B7EEAF70309185B446 /* UserDataEventTests.m */; };
		97EDAA942157436DCC939EC2 /* LiveActivityUpdateCancellationTests.m in Sources */ = {isa = PBXBuildFile; fileRef = E3C947C03B892266BFC39FBA /* LiveActivityUpdateCancellationTests.m */; };
		AB45EA094468C6D3E9E23B3E /* TeakRequestResponseParsingTests.m in Sources */ = {isa = PBXBuildFile; fileRef = 068757CAA89B4CEADFCD522C /* TeakRequestResponseParsingTests.m */; };
		B731D0BCE8646D60DCD428A5 /* Teak.framework in Frameworks */ = {isa = PBXBuildFile; fileRef = 5C9225DEADC25983AF315554 /* Teak.framework */; };
		B769F6EA7491B32A42FBB3E3 /* TeakDeviceConfigurationTests.m in Sources */ = {isa = PBXBuildFile; fileRef = 12B44A19FD44C70C575E9A8B /* TeakDeviceConfigurationTests.m */; };
		BF20EAD8B0CC8F23483B6FF0 /* Pods_AutomatedTests.framework in Frameworks */ = {isa = PBXBuildFile; fileRef = C9598B14D3B84355AFA2A5E3 /* Pods_AutomatedTests.framework */; };
		C4FC8AA560BCA9293B0508AA /* DebugConfigurationTests.m in Sources */ = {isa = PBXBuildFile; fileRef = 90808DE4E189C0B1BDF95023 /* DebugConfigurationTests.m */; };
		CF22EC2983C75A4444F429C6 /* TeakRequestSocketErrorTests.m in Sources */ = {isa = PBXBuildFile; fileRef = DC251E1F09B0739648086440 /* TeakRequestSocketErrorTests.m */; };
		DDD903E4475B291CE2D4DD1E /* TeakResolvedLinkClassificationTests.m in Sources */ = {isa = PBXBuildFile; fileRef = 5B90C7BE82E8BE2920587249 /* TeakResolvedLinkClassificationTests.m */; };
		F05085BD353FDBF2763B09C7 /* LiveActivityTokenForwardingTests.m in Sources */ = {isa = PBXBuildFile; fileRef = AB391C763C6BB4A6052F1D21 /* LiveActivityTokenForwardingTests.m */; };
		F10455A046CB359057A63D58 /* TeakOperationTestDriver.m in Sources */ = {isa = PBXBuildFile; fileRef = 49655D0CF74258D769DEA6F9 /* TeakOperationTestDriver.m */; };
		F4B9E6A620B8C3BC50CCB7CE /* libPods-Automated.a in Frameworks */ = {isa = PBXBuildFile; fileRef = EB6801CB2EE90121E8092CE8 /* libPods-Automated.a */; };
/* End PBXBuildFile section */

/* Begin PBXContainerItemProxy section */
		4358FF9822541E550068A4FD /* PBXContainerItemProxy */ = {
			isa = PBXContainerItemProxy;
			containerPortal = 4358FF7722541E540068A4FD /* Project object */;
			proxyType = 1;
			remoteGlobalIDString = 4358FF7E22541E540068A4FD;
			remoteInfo = Automated;
		};
		4358FFA322541E550068A4FD /* PBXContainerItemProxy */ = {
			isa = PBXContainerItemProxy;
			containerPortal = 4358FF7722541E540068A4FD /* Project object */;
			proxyType = 1;
			remoteGlobalIDString = 4358FF7E22541E540068A4FD;
			remoteInfo = Automated;
		};
		4358FFBC225420510068A4FD /* PBXContainerItemProxy */ = {
			isa = PBXContainerItemProxy;
			containerPortal = 4358FFB4225420510068A4FD /* Teak.xcodeproj */;
			proxyType = 2;
			remoteGlobalIDString = 430E64671FB62EEE008DE15B;
			remoteInfo = TeakResources;
		};
		643FBC9931479CCA3BC9BC75 /* PBXContainerItemProxy */ = {
			isa = PBXContainerItemProxy;
			containerPortal = 4358FFB4225420510068A4FD /* Teak.xcodeproj */;
			proxyType = 2;
			remoteGlobalIDString = FAA142B72D70E057009C3996;
			remoteInfo = Framework;
		};
/* End PBXContainerItemProxy section */

/* Begin PBXCopyFilesBuildPhase section */
		482331DFE6F4F6987371DA20 /* Embed Frameworks */ = {
			isa = PBXCopyFilesBuildPhase;
			buildActionMask = 2147483647;
			dstPath = "";
			dstSubfolderSpec = 10;
			files = (
				24E918A8B1343E0E4D8092AE /* Teak.framework in Embed Frameworks */,
			);
			name = "Embed Frameworks";
			runOnlyForDeploymentPostprocessing = 0;
		};
/* End PBXCopyFilesBuildPhase section */

/* Begin PBXFileReference section */
		068757CAA89B4CEADFCD522C /* TeakRequestResponseParsingTests.m */ = {isa = PBXFileReference; includeInIndex = 1; lastKnownFileType = sourcecode.c.objc; path = TeakRequestResponseParsingTests.m; sourceTree = "<group>"; };
		0D7BD679E00A2C57BE7AA5E3 /* Pods-AutomatedUITests.release.xcconfig */ = {isa = PBXFileReference; includeInIndex = 1; lastKnownFileType = text.xcconfig; name = "Pods-AutomatedUITests.release.xcconfig"; path = "Target Support Files/Pods-AutomatedUITests/Pods-AutomatedUITests.release.xcconfig"; sourceTree = "<group>"; };
		12B44A19FD44C70C575E9A8B /* TeakDeviceConfigurationTests.m */ = {isa = PBXFileReference; includeInIndex = 1; lastKnownFileType = sourcecode.c.objc; path = TeakDeviceConfigurationTests.m; sourceTree = "<group>"; };
		2286E8051950D4EC6E1C79EF /* TeakSessionDeferredCallbackTests.m */ = {isa = PBXFileReference; includeInIndex = 1; lastKnownFileType = sourcecode.c.objc; path = TeakSessionDeferredCallbackTests.m; sourceTree = "<group>"; };
		2CC8154D37CB560E22904A43 /* Pods-AutomatedTests.debug.xcconfig */ = {isa = PBXFileReference; includeInIndex = 1; lastKnownFileType = text.xcconfig; name = "Pods-AutomatedTests.debug.xcconfig"; path = "Target Support Files/Pods-AutomatedTests/Pods-AutomatedTests.debug.xcconfig"; sourceTree = "<group>"; };
		3FFF5A9E3FBB614BDDAF98EC /* Pods-Automated.release.xcconfig */ = {isa = PBXFileReference; includeInIndex = 1; lastKnownFileType = text.xcconfig; name = "Pods-Automated.release.xcconfig"; path = "Target Support Files/Pods-Automated/Pods-Automated.release.xcconfig"; sourceTree = "<group>"; };
		433392902654423400B10DE4 /* CoreServices.framework */ = {isa = PBXFileReference; lastKnownFileType = wrapper.framework; name = CoreServices.framework; path = System/Library/Frameworks/CoreServices.framework; sourceTree = SDKROOT; };
		4358FF7F22541E540068A4FD /* Automated.app */ = {isa = PBXFileReference; explicitFileType = wrapper.application; includeInIndex = 0; path = Automated.app; sourceTree = BUILT_PRODUCTS_DIR; };
		4358FF8222541E540068A4FD /* AppDelegate.h */ = {isa = PBXFileReference; lastKnownFileType = sourcecode.c.h; path = AppDelegate.h; sourceTree = "<group>"; };
		4358FF8322541E540068A4FD /* AppDelegate.m */ = {isa = PBXFileReference; lastKnownFileType = sourcecode.c.objc; path = AppDelegate.m; sourceTree = "<group>"; };
		4358FF8522541E540068A4FD /* ViewController.h */ = {isa = PBXFileReference; lastKnownFileType = sourcecode.c.h; path = ViewController.h; sourceTree = "<group>"; };
		4358FF8622541E540068A4FD /* ViewController.m */ = {isa = PBXFileReference; lastKnownFileType = sourcecode.c.objc; path = ViewController.m; sourceTree = "<group>"; };
		4358FF8922541E540068A4FD /* Base */ = {isa = PBXFileReference; lastKnownFileType = file.storyboard; name = Base; path = Base.lproj/Main.storyboard; sourceTree = "<group>"; };
		4358FF8B22541E550068A4FD /* Assets.xcassets */ = {isa = PBXFileReference; lastKnownFileType = folder.assetcatalog; path = Assets.xcassets; sourceTree = "<group>"; };
		4358FF8E22541E550068A4FD /* Base */ = {isa = PBXFileReference; lastKnownFileType = file.storyboard; name = Base; path = Base.lproj/LaunchScreen.storyboard; sourceTree = "<group>"; };
		4358FF9022541E550068A4FD /* Info.plist */ = {isa = PBXFileReference; lastKnownFileType = text.plist.xml; path = Info.plist; sourceTree = "<group>"; };
		4358FF9122541E550068A4FD /* main.m */ = {isa = PBXFileReference; lastKnownFileType = sourcecode.c.objc; path = main.m; sourceTree = "<group>"; };
		4358FF9722541E550068A4FD /* AutomatedTests.xctest */ = {isa = PBXFileReference; explicitFileType = wrapper.cfbundle; includeInIndex = 0; path = AutomatedTests.xctest; sourceTree = BUILT_PRODUCTS_DIR; };
		4358FF9B22541E550068A4FD /* AutomatedTests.m */ = {isa = PBXFileReference; lastKnownFileType = sourcecode.c.objc; path = AutomatedTests.m; sourceTree = "<group>"; };
		4358FF9D22541E550068A4FD /* Info.plist */ = {isa = PBXFileReference; lastKnownFileType = text.plist.xml; path = Info.plist; sourceTree = "<group>"; };
		4358FFA222541E550068A4FD /* AutomatedUITests.xctest */ = {isa = PBXFileReference; explicitFileType = wrapper.cfbundle; includeInIndex = 0; path = AutomatedUITests.xctest; sourceTree = BUILT_PRODUCTS_DIR; };
		4358FFA622541E550068A4FD /* AutomatedUITests.m */ = {isa = PBXFileReference; lastKnownFileType = sourcecode.c.objc; path = AutomatedUITests.m; sourceTree = "<group>"; };
		4358FFA822541E550068A4FD /* Info.plist */ = {isa = PBXFileReference; lastKnownFileType = text.plist.xml; path = Info.plist; sourceTree = "<group>"; };
		4358FFB4225420510068A4FD /* Teak.xcodeproj */ = {isa = PBXFileReference; lastKnownFileType = "wrapper.pb-project"; name = Teak.xcodeproj; path = ../Teak.xcodeproj; sourceTree = "<group>"; };
		43B4617422A1E10F004AC636 /* LogTests.m */ = {isa = PBXFileReference; lastKnownFileType = sourcecode.c.objc; path = LogTests.m; sourceTree = "<group>"; };
		43B4617F22A1EB05004AC636 /* StoreKit.framework */ = {isa = PBXFileReference; lastKnownFileType = wrapper.framework; name = StoreKit.framework; path = System/Library/Frameworks/StoreKit.framework; sourceTree = SDKROOT; };
		43B4618422A1EB0D004AC636 /* SystemConfiguration.framework */ = {isa = PBXFileReference; lastKnownFileType = wrapper.framework; name = SystemConfiguration.framework; path = System/Library/Frameworks/SystemConfiguration.framework; sourceTree = SDKROOT; };
		43B4618622A1EB19004AC636 /* UserNotifications.framework */ = {isa = PBXFileReference; lastKnownFileType = wrapper.framework; name = UserNotifications.framework; path = System/Library/Frameworks/UserNotifications.framework; sourceTree = SDKROOT; };
		43B4618822A1EB25004AC636 /* AVKit.framework */ = {isa = PBXFileReference; lastKnownFileType = wrapper.framework; name = AVKit.framework; path = System/Library/Frameworks/AVKit.framework; sourceTree = SDKROOT; };
		43B4618A22A1EB30004AC636 /* AVFoundation.framework */ = {isa = PBXFileReference; lastKnownFileType = wrapper.framework; name = AVFoundation.framework; path = System/Library/Frameworks/AVFoundation.framework; sourceTree = SDKROOT; };
		43B4618C22A1EB48004AC636 /* ImageIO.framework */ = {isa = PBXFileReference; lastKnownFileType = wrapper.framework; name = ImageIO.framework; path = System/Library/Frameworks/ImageIO.framework; sourceTree = SDKROOT; };
		43B4618E22A1EB54004AC636 /* AdSupport.framework */ = {isa = PBXFileReference; lastKnownFileType = wrapper.framework; name = AdSupport.framework; path = System/Library/Frameworks/AdSupport.framework; sourceTree = SDKROOT; };
		43B4619222A1EBDF004AC636 /* OCMockito.framework */ = {isa = PBXFileReference; explicitFileType = wrapper.framework; path = OCMockito.framework; sourceTree = BUILT_PRODUCTS_DIR; };
		49655D0CF74258D769DEA6F9 /* TeakOperationTestDriver.m */ = {isa = PBXFileReference; includeInIndex = 1; lastKnownFileType = sourcecode.c.objc; path = TeakOperationTestDriver.m; sourceTree = "<group>"; };
		58899BE40E40447A87FDF2D8 /* Pods-AutomatedTests.release.xcconfig */ = {isa = PBXFileReference; includeInIndex = 1; lastKnownFileType = text.xcconfig; name = "Pods-AutomatedTests.release.xcconfig"; path = "Target Support Files/Pods-AutomatedTests/Pods-AutomatedTests.release.xcconfig"; sourceTree = "<group>"; };
		58C2AA35CD060472CAC08059 /* Pods-Automated.debug.xcconfig */ = {isa = PBXFileReference; includeInIndex = 1; lastKnownFileType = text.xcconfig; name = "Pods-Automated.debug.xcconfig"; path = "Target Support Files/Pods-Automated/Pods-Automated.debug.xcconfig"; sourceTree = "<group>"; };
		58D653263F1ED05593381DCD /* SKPaymentObserverTests.m */ = {isa = PBXFileReference; includeInIndex = 1; lastKnownFileType = sourcecode.c.objc; path = SKPaymentObserverTests.m; sourceTree = "<group>"; };
		5B90C7BE82E8BE2920587249 /* TeakResolvedLinkClassificationTests.m */ = {isa = PBXFileReference; includeInIndex = 1; lastKnownFileType = sourcecode.c.objc; path = TeakResolvedLinkClassificationTests.m; sourceTree = "<group>"; };
		688EF633CE0E126980722887 /* TeakLiveActivityLaunchDataTests.m */ = {isa = PBXFileReference; includeInIndex = 1; lastKnownFileType = sourcecode.c.objc; path = TeakLiveActivityLaunchDataTests.m; sourceTree = "<group>"; };
		6A2BD9B7EEAF70309185B446 /* UserDataEventTests.m */ = {isa = PBXFileReference; includeInIndex = 1; lastKnownFileType = sourcecode.c.objc; path = UserDataEventTests.m; sourceTree = "<group>"; };
		6B7A960ECDD5D5D7E3CB6A8E /* Pods-AutomatedUITests.debug.xcconfig */ = {isa = PBXFileReference; includeInIndex = 1; lastKnownFileType = text.xcconfig; name = "Pods-AutomatedUITests.debug.xcconfig"; path = "Target Support Files/Pods-AutomatedUITests/Pods-AutomatedUITests.debug.xcconfig"; sourceTree = "<group>"; };
		6C6CFC4895D0BF30D04BAE1B /* TeakOperationTestDriver.h */ = {isa = PBXFileReference; includeInIndex = 1; lastKnownFileType = sourcecode.c.h; path = TeakOperationTestDriver.h; sourceTree = "<group>"; };
		741732706353CEBB41D0AE37 /* LiveActivityUpdateSchedulingTests.m */ = {isa = PBXFileReference; includeInIndex = 1; lastKnownFileType = sourcecode.c.objc; path = LiveActivityUpdateSchedulingTests.m; sourceTree = "<group>"; };
		7520CCFA85F3D201187FC76C /* NotificationSettingsTests.m */ = {isa = PBXFileReference; includeInIndex = 1; lastKnownFileType = sourcecode.c.objc; path = NotificationSettingsTests.m; sourceTree = "<group>"; };
		864427BAEA58D0DAC8B50E43 /* TeakAttributedLaunchDataEnrichmentTests.m */ = {isa = PBXFileReference; includeInIndex = 1; lastKnownFileType = sourcecode.c.objc; path = TeakAttributedLaunchDataEnrichmentTests.m; sourceTree = "<group>"; };
		90808DE4E189C0B1BDF95023 /* DebugConfigurationTests.m */ = {isa = PBXFileReference; includeInIndex = 1; lastKnownFileType = sourcecode.c.objc; path = DebugConfigurationTests.m; sourceTree = "<group>"; };
		98067217DB9FF5953786EA99 /* PushToStartTokenRegistrationTests.m */ = {isa = PBXFileReference; includeInIndex = 1; lastKnownFileType = sourcecode.c.objc; path = PushToStartTokenRegistrationTests.m; sourceTree = "<group>"; };
		9F86877CA9B4C0AA27811874 /* RemoteConfigurationEventTests.m */ = {isa = PBXFileReference; includeInIndex = 1; lastKnownFileType = sourcecode.c.objc; path = RemoteConfigurationEventTests.m; sourceTree = "<group>"; };
		A858CD24B4B5AADAD2CD7719 /* TeakUserProfileAttributeQueueTests.m */ = {isa = PBXFileReference; includeInIndex = 1; lastKnownFileType = sourcecode.c.objc; path = TeakUserProfileAttributeQueueTests.m; sourceTree = "<group>"; };
		AB391C763C6BB4A6052F1D21 /* LiveActivityTokenForwardingTests.m */ = {isa = PBXFileReference; includeInIndex = 1; lastKnownFileType = sourcecode.c.objc; path = LiveActivityTokenForwardingTests.m; sourceTree = "<group>"; };
		B165DB88E09CABE8CFB776BA /* TeakWaitForDeepLinkTests.m */ = {isa = PBXFileReference; includeInIndex = 1; lastKnownFileType = sourcecode.c.objc; path = TeakWaitForDeepLinkTests.m; sourceTree = "<group>"; };
		C1ECFF9E3A6CB54927A8A327 /* TeakRavenTests.m */ = {isa = PBXFileReference; includeInIndex = 1; lastKnownFileType = sourcecode.c.objc; path = TeakRavenTests.m; sourceTree = "<group>"; };
		C93E5C5C2DBE62981455D4A7 /* TeakSessionLockingTests.m */ = {isa = PBXFileReference; includeInIndex = 1; lastKnownFileType = sourcecode.c.objc; path = TeakSessionLockingTests.m; sourceTree = "<group>"; };
		C9598B14D3B84355AFA2A5E3 /* Pods_AutomatedTests.framework */ = {isa = PBXFileReference; explicitFileType = wrapper.framework; includeInIndex = 0; path = Pods_AutomatedTests.framework; sourceTree = BUILT_PRODUCTS_DIR; };
		DC251E1F09B0739648086440 /* TeakRequestSocketErrorTests.m */ = {isa = PBXFileReference; includeInIndex = 1; lastKnownFileType = sourcecode.c.objc; path = TeakRequestSocketErrorTests.m; sourceTree = "<group>"; };
		E3C947C03B892266BFC39FBA /* LiveActivityUpdateCancellationTests.m */ = {isa = PBXFileReference; includeInIndex = 1; lastKnownFileType = sourcecode.c.objc; path = LiveActivityUpdateCancellationTests.m; sourceTree = "<group>"; };
		EB6801CB2EE90121E8092CE8 /* libPods-Automated.a */ = {isa = PBXFileReference; explicitFileType = archive.ar; includeInIndex = 0; path = "libPods-Automated.a"; sourceTree = BUILT_PRODUCTS_DIR; };
		EBC630E46232B6C929C398A1 /* TeakCExternLiveActivityTests.m */ = {isa = PBXFileReference; includeInIndex = 1; lastKnownFileType = sourcecode.c.objc; path = TeakCExternLiveActivityTests.m; sourceTree = "<group>"; };
		EDCD65E1A5663F5B9041146E /* Pods_AutomatedUITests.framework */ = {isa = PBXFileReference; explicitFileType = wrapper.framework; includeInIndex = 0; path = Pods_AutomatedUITests.framework; sourceTree = BUILT_PRODUCTS_DIR; };
		F6BD644662C93410AC229F7F /* TeakRequestClientErrorTests.m */ = {isa = PBXFileReference; includeInIndex = 1; lastKnownFileType = sourcecode.c.objc; path = TeakRequestClientErrorTests.m; sourceTree = "<group>"; };
/* End PBXFileReference section */

/* Begin PBXFrameworksBuildPhase section */
		4358FF7C22541E540068A4FD /* Frameworks */ = {
			isa = PBXFrameworksBuildPhase;
			buildActionMask = 2147483647;
			files = (
				433392912654423400B10DE4 /* CoreServices.framework in Frameworks */,
				43B4618F22A1EB54004AC636 /* AdSupport.framework in Frameworks */,
				43B4618B22A1EB30004AC636 /* AVFoundation.framework in Frameworks */,
				43B4618722A1EB19004AC636 /* UserNotifications.framework in Frameworks */,
				43B4618522A1EB0D004AC636 /* SystemConfiguration.framework in Frameworks */,
				43B4618322A1EB05004AC636 /* StoreKit.framework in Frameworks */,
				F4B9E6A620B8C3BC50CCB7CE /* libPods-Automated.a in Frameworks */,
				2CC95EAD6283AE3D2A4AB872 /* Teak.framework in Frameworks */,
			);
			runOnlyForDeploymentPostprocessing = 0;
		};
		4358FF9422541E550068A4FD /* Frameworks */ = {
			isa = PBXFrameworksBuildPhase;
			buildActionMask = 2147483647;
			files = (
				43B4619D22A20FE4004AC636 /* StoreKit.framework in Frameworks */,
				43B4619922A20FDC004AC636 /* AdSupport.framework in Frameworks */,
				BF20EAD8B0CC8F23483B6FF0 /* Pods_AutomatedTests.framework in Frameworks */,
				42ECB723361A815F90E2CC99 /* Teak.framework in Frameworks */,
			);
			runOnlyForDeploymentPostprocessing = 0;
		};
		4358FF9F22541E550068A4FD /* Frameworks */ = {
			isa = PBXFrameworksBuildPhase;
			buildActionMask = 2147483647;
			files = (
				0F9BB099DE5CFEDF8A8B30F9 /* Pods_AutomatedUITests.framework in Frameworks */,
				B731D0BCE8646D60DCD428A5 /* Teak.framework in Frameworks */,
			);
			runOnlyForDeploymentPostprocessing = 0;
		};
/* End PBXFrameworksBuildPhase section */

/* Begin PBXGroup section */
		199690F4302670AF3B209A33 /* Pods */ = {
			isa = PBXGroup;
			children = (
				58C2AA35CD060472CAC08059 /* Pods-Automated.debug.xcconfig */,
				3FFF5A9E3FBB614BDDAF98EC /* Pods-Automated.release.xcconfig */,
				2CC8154D37CB560E22904A43 /* Pods-AutomatedTests.debug.xcconfig */,
				58899BE40E40447A87FDF2D8 /* Pods-AutomatedTests.release.xcconfig */,
				6B7A960ECDD5D5D7E3CB6A8E /* Pods-AutomatedUITests.debug.xcconfig */,
				0D7BD679E00A2C57BE7AA5E3 /* Pods-AutomatedUITests.release.xcconfig */,
			);
			path = Pods;
			sourceTree = "<group>";
		};
		4358FF7622541E540068A4FD = {
			isa = PBXGroup;
			children = (
				4358FFB4225420510068A4FD /* Teak.xcodeproj */,
				4358FF8122541E540068A4FD /* Automated */,
				4358FF9A22541E550068A4FD /* AutomatedTests */,
				4358FFA522541E550068A4FD /* AutomatedUITests */,
				4358FF8022541E540068A4FD /* Products */,
				4358FFBE2255328F0068A4FD /* Frameworks */,
				199690F4302670AF3B209A33 /* Pods */,
			);
			sourceTree = "<group>";
		};
		4358FF8022541E540068A4FD /* Products */ = {
			isa = PBXGroup;
			children = (
				4358FF7F22541E540068A4FD /* Automated.app */,
				4358FF9722541E550068A4FD /* AutomatedTests.xctest */,
				4358FFA222541E550068A4FD /* AutomatedUITests.xctest */,
			);
			name = Products;
			sourceTree = "<group>";
		};
		4358FF8122541E540068A4FD /* Automated */ = {
			isa = PBXGroup;
			children = (
				4358FF8222541E540068A4FD /* AppDelegate.h */,
				4358FF8322541E540068A4FD /* AppDelegate.m */,
				4358FF8522541E540068A4FD /* ViewController.h */,
				4358FF8622541E540068A4FD /* ViewController.m */,
				4358FF8822541E540068A4FD /* Main.storyboard */,
				4358FF8B22541E550068A4FD /* Assets.xcassets */,
				4358FF8D22541E550068A4FD /* LaunchScreen.storyboard */,
				4358FF9022541E550068A4FD /* Info.plist */,
				4358FF9122541E550068A4FD /* main.m */,
			);
			path = Automated;
			sourceTree = "<group>";
		};
		4358FF9A22541E550068A4FD /* AutomatedTests */ = {
			isa = PBXGroup;
			children = (
				4358FF9B22541E550068A4FD /* AutomatedTests.m */,
				4358FF9D22541E550068A4FD /* Info.plist */,
				43B4617422A1E10F004AC636 /* LogTests.m */,
				90808DE4E189C0B1BDF95023 /* DebugConfigurationTests.m */,
				7520CCFA85F3D201187FC76C /* NotificationSettingsTests.m */,
				6A2BD9B7EEAF70309185B446 /* UserDataEventTests.m */,
				9F86877CA9B4C0AA27811874 /* RemoteConfigurationEventTests.m */,
				AB391C763C6BB4A6052F1D21 /* LiveActivityTokenForwardingTests.m */,
				741732706353CEBB41D0AE37 /* LiveActivityUpdateSchedulingTests.m */,
				E3C947C03B892266BFC39FBA /* LiveActivityUpdateCancellationTests.m */,
				49655D0CF74258D769DEA6F9 /* TeakOperationTestDriver.m */,
				6C6CFC4895D0BF30D04BAE1B /* TeakOperationTestDriver.h */,
				98067217DB9FF5953786EA99 /* PushToStartTokenRegistrationTests.m */,
				12B44A19FD44C70C575E9A8B /* TeakDeviceConfigurationTests.m */,
				864427BAEA58D0DAC8B50E43 /* TeakAttributedLaunchDataEnrichmentTests.m */,
				688EF633CE0E126980722887 /* TeakLiveActivityLaunchDataTests.m */,
				068757CAA89B4CEADFCD522C /* TeakRequestResponseParsingTests.m */,
				F6BD644662C93410AC229F7F /* TeakRequestClientErrorTests.m */,
				EBC630E46232B6C929C398A1 /* TeakCExternLiveActivityTests.m */,
				2286E8051950D4EC6E1C79EF /* TeakSessionDeferredCallbackTests.m */,
				C1ECFF9E3A6CB54927A8A327 /* TeakRavenTests.m */,
				58D653263F1ED05593381DCD /* SKPaymentObserverTests.m */,
				C93E5C5C2DBE62981455D4A7 /* TeakSessionLockingTests.m */,
				5B90C7BE82E8BE2920587249 /* TeakResolvedLinkClassificationTests.m */,
				DC251E1F09B0739648086440 /* TeakRequestSocketErrorTests.m */,
				B165DB88E09CABE8CFB776BA /* TeakWaitForDeepLinkTests.m */,
				A858CD24B4B5AADAD2CD7719 /* TeakUserProfileAttributeQueueTests.m */,
			);
			path = AutomatedTests;
			sourceTree = "<group>";
		};
		4358FFA522541E550068A4FD /* AutomatedUITests */ = {
			isa = PBXGroup;
			children = (
				4358FFA622541E550068A4FD /* AutomatedUITests.m */,
				4358FFA822541E550068A4FD /* Info.plist */,
			);
			path = AutomatedUITests;
			sourceTree = "<group>";
		};
		4358FFB5225420510068A4FD /* Products */ = {
			isa = PBXGroup;
			children = (
				4358FFBD225420510068A4FD /* TeakResources.bundle */,
				5C9225DEADC25983AF315554 /* Teak.framework */,
			);
			name = Products;
			sourceTree = "<group>";
		};
		4358FFBE2255328F0068A4FD /* Frameworks */ = {
			isa = PBXGroup;
			children = (
				433392902654423400B10DE4 /* CoreServices.framework */,
				43B4619222A1EBDF004AC636 /* OCMockito.framework */,
				43B4618E22A1EB54004AC636 /* AdSupport.framework */,
				43B4618C22A1EB48004AC636 /* ImageIO.framework */,
				43B4618A22A1EB30004AC636 /* AVFoundation.framework */,
				43B4618822A1EB25004AC636 /* AVKit.framework */,
				43B4618622A1EB19004AC636 /* UserNotifications.framework */,
				43B4618422A1EB0D004AC636 /* SystemConfiguration.framework */,
				43B4617F22A1EB05004AC636 /* StoreKit.framework */,
				EB6801CB2EE90121E8092CE8 /* libPods-Automated.a */,
				C9598B14D3B84355AFA2A5E3 /* Pods_AutomatedTests.framework */,
				EDCD65E1A5663F5B9041146E /* Pods_AutomatedUITests.framework */,
			);
			name = Frameworks;
			sourceTree = "<group>";
		};
/* End PBXGroup section */

/* Begin PBXNativeTarget section */
		4358FF7E22541E540068A4FD /* Automated */ = {
			isa = PBXNativeTarget;
			buildConfigurationList = 4358FFAB22541E550068A4FD /* Build configuration list for PBXNativeTarget "Automated" */;
			buildPhases = (
				8A55CB4874E90DAC9C2E8EF7 /* [CP] Check Pods Manifest.lock */,
				4358FF7B22541E540068A4FD /* Sources */,
				4358FF7C22541E540068A4FD /* Frameworks */,
				4358FF7D22541E540068A4FD /* Resources */,
				482331DFE6F4F6987371DA20 /* Embed Frameworks */,
			);
			buildRules = (
			);
			dependencies = (
			);
			name = Automated;
			productName = Automated;
			productReference = 4358FF7F22541E540068A4FD /* Automated.app */;
			productType = "com.apple.product-type.application";
		};
		4358FF9622541E550068A4FD /* AutomatedTests */ = {
			isa = PBXNativeTarget;
			buildConfigurationList = 4358FFAE22541E550068A4FD /* Build configuration list for PBXNativeTarget "AutomatedTests" */;
			buildPhases = (
				C87CCAE72B6C50540076ED97 /* [CP] Check Pods Manifest.lock */,
				4358FF9322541E550068A4FD /* Sources */,
				4358FF9422541E550068A4FD /* Frameworks */,
				4358FF9522541E550068A4FD /* Resources */,
				A34820188E4B766A65879413 /* [CP] Embed Pods Frameworks */,
			);
			buildRules = (
			);
			dependencies = (
				4358FF9922541E550068A4FD /* PBXTargetDependency */,
			);
			name = AutomatedTests;
			productName = AutomatedTests;
			productReference = 4358FF9722541E550068A4FD /* AutomatedTests.xctest */;
			productType = "com.apple.product-type.bundle.unit-test";
		};
		4358FFA122541E550068A4FD /* AutomatedUITests */ = {
			isa = PBXNativeTarget;
			buildConfigurationList = 4358FFB122541E550068A4FD /* Build configuration list for PBXNativeTarget "AutomatedUITests" */;
			buildPhases = (
				5B7A5A76288C1A6202935286 /* [CP] Check Pods Manifest.lock */,
				4358FF9E22541E550068A4FD /* Sources */,
				4358FF9F22541E550068A4FD /* Frameworks */,
				4358FFA022541E550068A4FD /* Resources */,
				D110889B07FCBBED0801BBBC /* [CP] Embed Pods Frameworks */,
			);
			buildRules = (
			);
			dependencies = (
				4358FFA422541E550068A4FD /* PBXTargetDependency */,
			);
			name = AutomatedUITests;
			productName = AutomatedUITests;
			productReference = 4358FFA222541E550068A4FD /* AutomatedUITests.xctest */;
			productType = "com.apple.product-type.bundle.ui-testing";
		};
/* End PBXNativeTarget section */

/* Begin PBXProject section */
		4358FF7722541E540068A4FD /* Project object */ = {
			isa = PBXProject;
			attributes = {
				LastUpgradeCheck = 1020;
				ORGANIZATIONNAME = "Pat Wilson";
				TargetAttributes = {
					4358FF7E22541E540068A4FD = {
						CreatedOnToolsVersion = 10.2;
					};
					4358FF9622541E550068A4FD = {
						CreatedOnToolsVersion = 10.2;
						TestTargetID = 4358FF7E22541E540068A4FD;
					};
					4358FFA122541E550068A4FD = {
						CreatedOnToolsVersion = 10.2;
						TestTargetID = 4358FF7E22541E540068A4FD;
					};
				};
			};
			buildConfigurationList = 4358FF7A22541E540068A4FD /* Build configuration list for PBXProject "Automated" */;
			compatibilityVersion = "Xcode 9.3";
			developmentRegion = en;
			hasScannedForEncodings = 0;
			knownRegions = (
				en,
				Base,
			);
			mainGroup = 4358FF7622541E540068A4FD;
			productRefGroup = 4358FF8022541E540068A4FD /* Products */;
			projectDirPath = "";
			projectReferences = (
				{
					ProductGroup = 4358FFB5225420510068A4FD /* Products */;
					ProjectRef = 4358FFB4225420510068A4FD /* Teak.xcodeproj */;
				},
			);
			projectRoot = "";
			targets = (
				4358FF7E22541E540068A4FD /* Automated */,
				4358FF9622541E550068A4FD /* AutomatedTests */,
				4358FFA122541E550068A4FD /* AutomatedUITests */,
			);
		};
/* End PBXProject section */

/* Begin PBXReferenceProxy section */
		4358FFBD225420510068A4FD /* TeakResources.bundle */ = {
			isa = PBXReferenceProxy;
			fileType = wrapper.cfbundle;
			path = TeakResources.bundle;
			remoteRef = 4358FFBC225420510068A4FD /* PBXContainerItemProxy */;
			sourceTree = BUILT_PRODUCTS_DIR;
		};
		5C9225DEADC25983AF315554 /* Teak.framework */ = {
			isa = PBXReferenceProxy;
			fileType = wrapper.framework;
			path = Teak.framework;
			remoteRef = 643FBC9931479CCA3BC9BC75 /* PBXContainerItemProxy */;
			sourceTree = BUILT_PRODUCTS_DIR;
		};
/* End PBXReferenceProxy section */

/* Begin PBXResourcesBuildPhase section */
		4358FF7D22541E540068A4FD /* Resources */ = {
			isa = PBXResourcesBuildPhase;
			buildActionMask = 2147483647;
			files = (
				4358FF8F22541E550068A4FD /* LaunchScreen.storyboard in Resources */,
				4358FF8C22541E550068A4FD /* Assets.xcassets in Resources */,
				4358FF8A22541E540068A4FD /* Main.storyboard in Resources */,
			);
			runOnlyForDeploymentPostprocessing = 0;
		};
		4358FF9522541E550068A4FD /* Resources */ = {
			isa = PBXResourcesBuildPhase;
			buildActionMask = 2147483647;
			files = (
			);
			runOnlyForDeploymentPostprocessing = 0;
		};
		4358FFA022541E550068A4FD /* Resources */ = {
			isa = PBXResourcesBuildPhase;
			buildActionMask = 2147483647;
			files = (
			);
			runOnlyForDeploymentPostprocessing = 0;
		};
/* End PBXResourcesBuildPhase section */

/* Begin PBXShellScriptBuildPhase section */
		5B7A5A76288C1A6202935286 /* [CP] Check Pods Manifest.lock */ = {
			isa = PBXShellScriptBuildPhase;
			buildActionMask = 2147483647;
			files = (
			);
			inputFileListPaths = (
			);
			inputPaths = (
				"${PODS_PODFILE_DIR_PATH}/Podfile.lock",
				"${PODS_ROOT}/Manifest.lock",
			);
			name = "[CP] Check Pods Manifest.lock";
			outputFileListPaths = (
			);
			outputPaths = (
				"$(DERIVED_FILE_DIR)/Pods-AutomatedUITests-checkManifestLockResult.txt",
			);
			runOnlyForDeploymentPostprocessing = 0;
			shellPath = /bin/sh;
			shellScript = "diff \"${PODS_PODFILE_DIR_PATH}/Podfile.lock\" \"${PODS_ROOT}/Manifest.lock\" > /dev/null\nif [ $? != 0 ] ; then\n    # print error to STDERR\n    echo \"error: The sandbox is not in sync with the Podfile.lock. Run 'pod install' or update your CocoaPods installation.\" >&2\n    exit 1\nfi\n# This output is used by Xcode 'outputs' to avoid re-running this script phase.\necho \"SUCCESS\" > \"${SCRIPT_OUTPUT_FILE_0}\"\n";
			showEnvVarsInLog = 0;
		};
		8A55CB4874E90DAC9C2E8EF7 /* [CP] Check Pods Manifest.lock */ = {
			isa = PBXShellScriptBuildPhase;
			buildActionMask = 2147483647;
			files = (
			);
			inputFileListPaths = (
			);
			inputPaths = (
				"${PODS_PODFILE_DIR_PATH}/Podfile.lock",
				"${PODS_ROOT}/Manifest.lock",
			);
			name = "[CP] Check Pods Manifest.lock";
			outputFileListPaths = (
			);
			outputPaths = (
				"$(DERIVED_FILE_DIR)/Pods-Automated-checkManifestLockResult.txt",
			);
			runOnlyForDeploymentPostprocessing = 0;
			shellPath = /bin/sh;
			shellScript = "diff \"${PODS_PODFILE_DIR_PATH}/Podfile.lock\" \"${PODS_ROOT}/Manifest.lock\" > /dev/null\nif [ $? != 0 ] ; then\n    # print error to STDERR\n    echo \"error: The sandbox is not in sync with the Podfile.lock. Run 'pod install' or update your CocoaPods installation.\" >&2\n    exit 1\nfi\n# This output is used by Xcode 'outputs' to avoid re-running this script phase.\necho \"SUCCESS\" > \"${SCRIPT_OUTPUT_FILE_0}\"\n";
			showEnvVarsInLog = 0;
		};
		A34820188E4B766A65879413 /* [CP] Embed Pods Frameworks */ = {
			isa = PBXShellScriptBuildPhase;
			buildActionMask = 2147483647;
			files = (
			);
			inputFileListPaths = (
				"${PODS_ROOT}/Target Support Files/Pods-AutomatedTests/Pods-AutomatedTests-frameworks-${CONFIGURATION}-input-files.xcfilelist",
			);
			name = "[CP] Embed Pods Frameworks";
			outputFileListPaths = (
				"${PODS_ROOT}/Target Support Files/Pods-AutomatedTests/Pods-AutomatedTests-frameworks-${CONFIGURATION}-output-files.xcfilelist",
			);
			runOnlyForDeploymentPostprocessing = 0;
			shellPath = /bin/sh;
			shellScript = "\"${PODS_ROOT}/Target Support Files/Pods-AutomatedTests/Pods-AutomatedTests-frameworks.sh\"\n";
			showEnvVarsInLog = 0;
		};
		C87CCAE72B6C50540076ED97 /* [CP] Check Pods Manifest.lock */ = {
			isa = PBXShellScriptBuildPhase;
			buildActionMask = 2147483647;
			files = (
			);
			inputFileListPaths = (
			);
			inputPaths = (
				"${PODS_PODFILE_DIR_PATH}/Podfile.lock",
				"${PODS_ROOT}/Manifest.lock",
			);
			name = "[CP] Check Pods Manifest.lock";
			outputFileListPaths = (
			);
			outputPaths = (
				"$(DERIVED_FILE_DIR)/Pods-AutomatedTests-checkManifestLockResult.txt",
			);
			runOnlyForDeploymentPostprocessing = 0;
			shellPath = /bin/sh;
			shellScript = "diff \"${PODS_PODFILE_DIR_PATH}/Podfile.lock\" \"${PODS_ROOT}/Manifest.lock\" > /dev/null\nif [ $? != 0 ] ; then\n    # print error to STDERR\n    echo \"error: The sandbox is not in sync with the Podfile.lock. Run 'pod install' or update your CocoaPods installation.\" >&2\n    exit 1\nfi\n# This output is used by Xcode 'outputs' to avoid re-running this script phase.\necho \"SUCCESS\" > \"${SCRIPT_OUTPUT_FILE_0}\"\n";
			showEnvVarsInLog = 0;
		};
		D110889B07FCBBED0801BBBC /* [CP] Embed Pods Frameworks */ = {
			isa = PBXShellScriptBuildPhase;
			buildActionMask = 2147483647;
			files = (
			);
			inputFileListPaths = (
				"${PODS_ROOT}/Target Support Files/Pods-AutomatedUITests/Pods-AutomatedUITests-frameworks-${CONFIGURATION}-input-files.xcfilelist",
			);
			name = "[CP] Embed Pods Frameworks";
			outputFileListPaths = (
				"${PODS_ROOT}/Target Support Files/Pods-AutomatedUITests/Pods-AutomatedUITests-frameworks-${CONFIGURATION}-output-files.xcfilelist",
			);
			runOnlyForDeploymentPostprocessing = 0;
			shellPath = /bin/sh;
			shellScript = "\"${PODS_ROOT}/Target Support Files/Pods-AutomatedUITests/Pods-AutomatedUITests-frameworks.sh\"\n";
			showEnvVarsInLog = 0;
		};
/* End PBXShellScriptBuildPhase section */

/* Begin PBXSourcesBuildPhase section */
		4358FF7B22541E540068A4FD /* Sources */ = {
			isa = PBXSourcesBuildPhase;
			buildActionMask = 2147483647;
			files = (
				4358FF8722541E540068A4FD /* ViewController.m in Sources */,
				4358FF9222541E550068A4FD /* main.m in Sources */,
				4358FF8422541E540068A4FD /* AppDelegate.m in Sources */,
			);
			runOnlyForDeploymentPostprocessing = 0;
		};
		4358FF9322541E550068A4FD /* Sources */ = {
			isa = PBXSourcesBuildPhase;
			buildActionMask = 2147483647;
			files = (
				43B4617522A1E10F004AC636 /* LogTests.m in Sources */,
				4358FF9C22541E550068A4FD /* AutomatedTests.m in Sources */,
				C4FC8AA560BCA9293B0508AA /* DebugConfigurationTests.m in Sources */,
				7FEB52BB31B7C9926174546D /* NotificationSettingsTests.m in Sources */,
				97323CF5B3B2B4A49C9C8B78 /* UserDataEventTests.m in Sources */,
				6CCAAEB7E63F06EEC9B8512E /* RemoteConfigurationEventTests.m in Sources */,
				F05085BD353FDBF2763B09C7 /* LiveActivityTokenForwardingTests.m in Sources */,
				55AAEB0EF3B9E90616642C8E /* LiveActivityUpdateSchedulingTests.m in Sources */,
				97EDAA942157436DCC939EC2 /* LiveActivityUpdateCancellationTests.m in Sources */,
				F10455A046CB359057A63D58 /* TeakOperationTestDriver.m in Sources */,
				6D792A77134D055F66346BC3 /* PushToStartTokenRegistrationTests.m in Sources */,
				B769F6EA7491B32A42FBB3E3 /* TeakDeviceConfigurationTests.m in Sources */,
				67ED924AB1318D0336E94BE6 /* TeakAttributedLaunchDataEnrichmentTests.m in Sources */,
				3B53F44500DC81BFC8562EC5 /* TeakLiveActivityLaunchDataTests.m in Sources */,
				AB45EA094468C6D3E9E23B3E /* TeakRequestResponseParsingTests.m in Sources */,
				20DF1A9F71CE2989A71C1277 /* TeakRequestClientErrorTests.m in Sources */,
				01E4848D5111513C772D7A82 /* TeakCExternLiveActivityTests.m in Sources */,
				440EB1A255029FAF5B1ACEB9 /* TeakSessionDeferredCallbackTests.m in Sources */,
				6D15A01FD0A680A1CD603491 /* TeakRavenTests.m in Sources */,
				9094BF0120E894EDA3CA1D75 /* SKPaymentObserverTests.m in Sources */,
				6FF622EDF0E531603BB01BE3 /* TeakSessionLockingTests.m in Sources */,
				DDD903E4475B291CE2D4DD1E /* TeakResolvedLinkClassificationTests.m in Sources */,
				CF22EC2983C75A4444F429C6 /* TeakRequestSocketErrorTests.m in Sources */,
				5E6B9B4295CBD9D24A0CF31D /* TeakWaitForDeepLinkTests.m in Sources */,
				137B2D87B7DFDBCC7B5DC85A /* TeakUserProfileAttributeQueueTests.m in Sources */,
			);
			runOnlyForDeploymentPostprocessing = 0;
		};
		4358FF9E22541E550068A4FD /* Sources */ = {
			isa = PBXSourcesBuildPhase;
			buildActionMask = 2147483647;
			files = (
				4358FFA722541E550068A4FD /* AutomatedUITests.m in Sources */,
			);
			runOnlyForDeploymentPostprocessing = 0;
		};
/* End PBXSourcesBuildPhase section */

/* Begin PBXTargetDependency section */
		4358FF9922541E550068A4FD /* PBXTargetDependency */ = {
			isa = PBXTargetDependency;
			target = 4358FF7E22541E540068A4FD /* Automated */;
			targetProxy = 4358FF9822541E550068A4FD /* PBXContainerItemProxy */;
		};
		4358FFA422541E550068A4FD /* PBXTargetDependency */ = {
			isa = PBXTargetDependency;
			target = 4358FF7E22541E540068A4FD /* Automated */;
			targetProxy = 4358FFA322541E550068A4FD /* PBXContainerItemProxy */;
		};
/* End PBXTargetDependency section */

/* Begin PBXVariantGroup section */
		4358FF8822541E540068A4FD /* Main.storyboard */ = {
			isa = PBXVariantGroup;
			children = (
				4358FF8922541E540068A4FD /* Base */,
			);
			name = Main.storyboard;
			sourceTree = "<group>";
		};
		4358FF8D22541E550068A4FD /* LaunchScreen.storyboard */ = {
			isa = PBXVariantGroup;
			children = (
				4358FF8E22541E550068A4FD /* Base */,
			);
			name = LaunchScreen.storyboard;
			sourceTree = "<group>";
		};
/* End PBXVariantGroup section */

/* Begin XCBuildConfiguration section */
		4358FFA922541E550068A4FD /* Debug */ = {
			isa = XCBuildConfiguration;
			buildSettings = {
				ALWAYS_SEARCH_USER_PATHS = NO;
				CLANG_ANALYZER_NONNULL = YES;
				CLANG_ANALYZER_NUMBER_OBJECT_CONVERSION = YES_AGGRESSIVE;
				CLANG_CXX_LANGUAGE_STANDARD = "gnu++14";
				CLANG_CXX_LIBRARY = "libc++";
				CLANG_ENABLE_MODULES = YES;
				CLANG_ENABLE_OBJC_ARC = YES;
				CLANG_ENABLE_OBJC_WEAK = YES;
				CLANG_WARN_BLOCK_CAPTURE_AUTORELEASING = YES;
				CLANG_WARN_BOOL_CONVERSION = YES;
				CLANG_WARN_COMMA = YES;
				CLANG_WARN_CONSTANT_CONVERSION = YES;
				CLANG_WARN_DEPRECATED_OBJC_IMPLEMENTATIONS = YES;
				CLANG_WARN_DIRECT_OBJC_ISA_USAGE = YES_ERROR;
				CLANG_WARN_DOCUMENTATION_COMMENTS = YES;
				CLANG_WARN_EMPTY_BODY = YES;
				CLANG_WARN_ENUM_CONVERSION = YES;
				CLANG_WARN_INFINITE_RECURSION = YES;
				CLANG_WARN_INT_CONVERSION = YES;
				CLANG_WARN_NON_LITERAL_NULL_CONVERSION = YES;
				CLANG_WARN_OBJC_IMPLICIT_RETAIN_SELF = YES;
				CLANG_WARN_OBJC_LITERAL_CONVERSION = YES;
				CLANG_WARN_OBJC_ROOT_CLASS = YES_ERROR;
				CLANG_WARN_RANGE_LOOP_ANALYSIS = YES;
				CLANG_WARN_STRICT_PROTOTYPES = YES;
				CLANG_WARN_SUSPICIOUS_MOVE = YES;
				CLANG_WARN_UNGUARDED_AVAILABILITY = YES_AGGRESSIVE;
				CLANG_WARN_UNREACHABLE_CODE = YES;
				CLANG_WARN__DUPLICATE_METHOD_MATCH = YES;
				CODE_SIGN_IDENTITY = "iPhone Developer";
				COPY_PHASE_STRIP = NO;
				DEBUG_INFORMATION_FORMAT = dwarf;
				ENABLE_STRICT_OBJC_MSGSEND = YES;
				ENABLE_TESTABILITY = YES;
				GCC_C_LANGUAGE_STANDARD = gnu11;
				GCC_DYNAMIC_NO_PIC = NO;
				GCC_NO_COMMON_BLOCKS = YES;
				GCC_OPTIMIZATION_LEVEL = 0;
				GCC_PREPROCESSOR_DEFINITIONS = (
					"DEBUG=1",
					"$(inherited)",
				);
				GCC_WARN_64_TO_32_BIT_CONVERSION = YES;
				GCC_WARN_ABOUT_RETURN_TYPE = YES_ERROR;
				GCC_WARN_UNDECLARED_SELECTOR = YES;
				GCC_WARN_UNINITIALIZED_AUTOS = YES_AGGRESSIVE;
				GCC_WARN_UNUSED_FUNCTION = YES;
				GCC_WARN_UNUSED_VARIABLE = YES;
				IPHONEOS_DEPLOYMENT_TARGET = 13.0;
				MTL_ENABLE_DEBUG_INFO = INCLUDE_SOURCE;
				MTL_FAST_MATH = YES;
				ONLY_ACTIVE_ARCH = YES;
				SDKROOT = iphoneos;
			};
			name = Debug;
		};
		4358FFAA22541E550068A4FD /* Release */ = {
			isa = XCBuildConfiguration;
			buildSettings = {
				ALWAYS_SEARCH_USER_PATHS = NO;
				CLANG_ANALYZER_NONNULL = YES;
				CLANG_ANALYZER_NUMBER_OBJECT_CONVERSION = YES_AGGRESSIVE;
				CLANG_CXX_LANGUAGE_STANDARD = "gnu++14";
				CLANG_CXX_LIBRARY = "libc++";
				CLANG_ENABLE_MODULES = YES;
				CLANG_ENABLE_OBJC_ARC = YES;
				CLANG_ENABLE_OBJC_WEAK = YES;
				CLANG_WARN_BLOCK_CAPTURE_AUTORELEASING = YES;
				CLANG_WARN_BOOL_CONVERSION = YES;
				CLANG_WARN_COMMA = YES;
				CLANG_WARN_CONSTANT_CONVERSION = YES;
				CLANG_WARN_DEPRECATED_OBJC_IMPLEMENTATIONS = YES;
				CLANG_WARN_DIRECT_OBJC_ISA_USAGE = YES_ERROR;
				CLANG_WARN_DOCUMENTATION_COMMENTS = YES;
				CLANG_WARN_EMPTY_BODY = YES;
				CLANG_WARN_ENUM_CONVERSION = YES;
				CLANG_WARN_INFINITE_RECURSION = YES;
				CLANG_WARN_INT_CONVERSION = YES;
				CLANG_WARN_NON_LITERAL_NULL_CONVERSION = YES;
				CLANG_WARN_OBJC_IMPLICIT_RETAIN_SELF = YES;
				CLANG_WARN_OBJC_LITERAL_CONVERSION = YES;
				CLANG_WARN_OBJC_ROOT_CLASS = YES_ERROR;
				CLANG_WARN_RANGE_LOOP_ANALYSIS = YES;
				CLANG_WARN_STRICT_PROTOTYPES = YES;
				CLANG_WARN_SUSPICIOUS_MOVE = YES;
				CLANG_WARN_UNGUARDED_AVAILABILITY = YES_AGGRESSIVE;
				CLANG_WARN_UNREACHABLE_CODE = YES;
				CLANG_WARN__DUPLICATE_METHOD_MATCH = YES;
				CODE_SIGN_IDENTITY = "iPhone Developer";
				COPY_PHASE_STRIP = NO;
				DEBUG_INFORMATION_FORMAT = "dwarf-with-dsym";
				ENABLE_NS_ASSERTIONS = NO;
				ENABLE_STRICT_OBJC_MSGSEND = YES;
				GCC_C_LANGUAGE_STANDARD = gnu11;
				GCC_NO_COMMON_BLOCKS = YES;
				GCC_WARN_64_TO_32_BIT_CONVERSION = YES;
				GCC_WARN_ABOUT_RETURN_TYPE = YES_ERROR;
				GCC_WARN_UNDECLARED_SELECTOR = YES;
				GCC_WARN_UNINITIALIZED_AUTOS = YES_AGGRESSIVE;
				GCC_WARN_UNUSED_FUNCTION = YES;
				GCC_WARN_UNUSED_VARIABLE = YES;
				IPHONEOS_DEPLOYMENT_TARGET = 13.0;
				MTL_ENABLE_DEBUG_INFO = NO;
				MTL_FAST_MATH = YES;
				SDKROOT = iphoneos;
				VALIDATE_PRODUCT = YES;
			};
			name = Release;
		};
		4358FFAC22541E550068A4FD /* Debug */ = {
			isa = XCBuildConfiguration;
			baseConfigurationReference = 58C2AA35CD060472CAC08059 /* Pods-Automated.debug.xcconfig */;
			buildSettings = {
				ASSETCATALOG_COMPILER_APPICON_NAME = AppIcon;
				CODE_SIGN_STYLE = Automatic;
				DEVELOPMENT_TEAM = 7FLZTACJ82;
				INFOPLIST_FILE = Automated/Info.plist;
				LD_RUNPATH_SEARCH_PATHS = (
					"$(inherited)",
					"@executable_path/Frameworks",
				);
				PRODUCT_BUNDLE_IDENTIFIER = io.teak.sdk.Automated;
				PRODUCT_NAME = "$(TARGET_NAME)";
				TARGETED_DEVICE_FAMILY = "1,2";
			};
			name = Debug;
		};
		4358FFAD22541E550068A4FD /* Release */ = {
			isa = XCBuildConfiguration;
			baseConfigurationReference = 3FFF5A9E3FBB614BDDAF98EC /* Pods-Automated.release.xcconfig */;
			buildSettings = {
				ASSETCATALOG_COMPILER_APPICON_NAME = AppIcon;
				CODE_SIGN_STYLE = Automatic;
				DEVELOPMENT_TEAM = 7FLZTACJ82;
				INFOPLIST_FILE = Automated/Info.plist;
				LD_RUNPATH_SEARCH_PATHS = (
					"$(inherited)",
					"@executable_path/Frameworks",
				);
				PRODUCT_BUNDLE_IDENTIFIER = io.teak.sdk.Automated;
				PRODUCT_NAME = "$(TARGET_NAME)";
				TARGETED_DEVICE_FAMILY = "1,2";
			};
			name = Release;
		};
		4358FFAF22541E550068A4FD /* Debug */ = {
			isa = XCBuildConfiguration;
			baseConfigurationReference = 2CC8154D37CB560E22904A43 /* Pods-AutomatedTests.debug.xcconfig */;
			buildSettings = {
				BUNDLE_LOADER = "$(TEST_HOST)";
				CODE_SIGN_STYLE = Automatic;
				DEVELOPMENT_TEAM = 7FLZTACJ82;
				HEADER_SEARCH_PATHS = (
					"$(SRCROOT)/../Teak",
					"$(SRCROOT)/../Teak/Core",
					"$(SRCROOT)/../Teak/Events",
					"$(SRCROOT)/../Teak/Configuration",
					"$(SRCROOT)/../Teak/Extensions",
					"$(SRCROOT)/../Teak/3rdParty",
					"$(SRCROOT)/../Teak/Store",
				);
				INFOPLIST_FILE = AutomatedTests/Info.plist;
				LD_RUNPATH_SEARCH_PATHS = (
					"$(inherited)",
					"@executable_path/Frameworks",
					"@loader_path/Frameworks",
				);
				PRODUCT_BUNDLE_IDENTIFIER = io.teak.sdk.AutomatedTests;
				PRODUCT_NAME = "$(TARGET_NAME)";
				TARGETED_DEVICE_FAMILY = "1,2";
				TEST_HOST = "$(BUILT_PRODUCTS_DIR)/Automated.app/Automated";
			};
			name = Debug;
		};
		4358FFB022541E550068A4FD /* Release */ = {
			isa = XCBuildConfiguration;
			baseConfigurationReference = 58899BE40E40447A87FDF2D8 /* Pods-AutomatedTests.release.xcconfig */;
			buildSettings = {
				BUNDLE_LOADER = "$(TEST_HOST)";
				CODE_SIGN_STYLE = Automatic;
				DEVELOPMENT_TEAM = 7FLZTACJ82;
				HEADER_SEARCH_PATHS = (
					"$(SRCROOT)/../Teak",
					"$(SRCROOT)/../Teak/Core",
					"$(SRCROOT)/../Teak/Events",
					"$(SRCROOT)/../Teak/Configuration",
					"$(SRCROOT)/../Teak/Extensions",
					"$(SRCROOT)/../Teak/3rdParty",
					"$(SRCROOT)/../Teak/Store",
				);
				INFOPLIST_FILE = AutomatedTests/Info.plist;
				LD_RUNPATH_SEARCH_PATHS = (
					"$(inherited)",
					"@executable_path/Frameworks",
					"@loader_path/Frameworks",
				);
				PRODUCT_BUNDLE_IDENTIFIER = io.teak.sdk.AutomatedTests;
				PRODUCT_NAME = "$(TARGET_NAME)";
				TARGETED_DEVICE_FAMILY = "1,2";
				TEST_HOST = "$(BUILT_PRODUCTS_DIR)/Automated.app/Automated";
			};
			name = Release;
		};
		4358FFB222541E550068A4FD /* Debug */ = {
			isa = XCBuildConfiguration;
			baseConfigurationReference = 6B7A960ECDD5D5D7E3CB6A8E /* Pods-AutomatedUITests.debug.xcconfig */;
			buildSettings = {
				CODE_SIGN_STYLE = Automatic;
				DEVELOPMENT_TEAM = 7FLZTACJ82;
				INFOPLIST_FILE = AutomatedUITests/Info.plist;
				LD_RUNPATH_SEARCH_PATHS = (
					"$(inherited)",
					"@executable_path/Frameworks",
					"@loader_path/Frameworks",
				);
				PRODUCT_BUNDLE_IDENTIFIER = io.teak.sdk.AutomatedUITests;
				PRODUCT_NAME = "$(TARGET_NAME)";
				TARGETED_DEVICE_FAMILY = "1,2";
				TEST_TARGET_NAME = Automated;
			};
			name = Debug;
		};
		4358FFB322541E550068A4FD /* Release */ = {
			isa = XCBuildConfiguration;
			baseConfigurationReference = 0D7BD679E00A2C57BE7AA5E3 /* Pods-AutomatedUITests.release.xcconfig */;
			buildSettings = {
				CODE_SIGN_STYLE = Automatic;
				DEVELOPMENT_TEAM = 7FLZTACJ82;
				INFOPLIST_FILE = AutomatedUITests/Info.plist;
				LD_RUNPATH_SEARCH_PATHS = (
					"$(inherited)",
					"@executable_path/Frameworks",
					"@loader_path/Frameworks",
				);
				PRODUCT_BUNDLE_IDENTIFIER = io.teak.sdk.AutomatedUITests;
				PRODUCT_NAME = "$(TARGET_NAME)";
				TARGETED_DEVICE_FAMILY = "1,2";
				TEST_TARGET_NAME = Automated;
			};
			name = Release;
		};
/* End XCBuildConfiguration section */

/* Begin XCConfigurationList section */
		4358FF7A22541E540068A4FD /* Build configuration list for PBXProject "Automated" */ = {
			isa = XCConfigurationList;
			buildConfigurations = (
				4358FFA922541E550068A4FD /* Debug */,
				4358FFAA22541E550068A4FD /* Release */,
			);
			defaultConfigurationIsVisible = 0;
			defaultConfigurationName = Release;
		};
		4358FFAB22541E550068A4FD /* Build configuration list for PBXNativeTarget "Automated" */ = {
			isa = XCConfigurationList;
			buildConfigurations = (
				4358FFAC22541E550068A4FD /* Debug */,
				4358FFAD22541E550068A4FD /* Release */,
			);
			defaultConfigurationIsVisible = 0;
			defaultConfigurationName = Release;
		};
		4358FFAE22541E550068A4FD /* Build configuration list for PBXNativeTarget "AutomatedTests" */ = {
			isa = XCConfigurationList;
			buildConfigurations = (
				4358FFAF22541E550068A4FD /* Debug */,
				4358FFB022541E550068A4FD /* Release */,
			);
			defaultConfigurationIsVisible = 0;
			defaultConfigurationName = Release;
		};
		4358FFB122541E550068A4FD /* Build configuration list for PBXNativeTarget "AutomatedUITests" */ = {
			isa = XCConfigurationList;
			buildConfigurations = (
				4358FFB222541E550068A4FD /* Debug */,
				4358FFB322541E550068A4FD /* Release */,
			);
			defaultConfigurationIsVisible = 0;
			defaultConfigurationName = Release;
		};
/* End XCConfigurationList section */
	};
	rootObject = 4358FF7722541E540068A4FD /* Project object */;
}
