// !$*UTF8*$!
{
	archiveVersion = 1;
	classes = {
	};
	objectVersion = 48;
	objects = {

/* Begin PBXBuildFile section */
		4348620B1FA3D98C00E0DA12 /* AppDelegate.m in Sources */ = {isa = PBXBuildFile; fileRef = 4348620A1FA3D98C00E0DA12 /* AppDelegate.m */; };
		4348620E1FA3D98C00E0DA12 /* ViewController.m in Sources */ = {isa = PBXBuildFile; fileRef = 4348620D1FA3D98C00E0DA12 /* ViewController.m */; };
		434862111FA3D98C00E0DA12 /* Main.storyboard in Resources */ = {isa = PBXBuildFile; fileRef = 4348620F1FA3D98C00E0DA12 /* Main.storyboard */; };
		434862131FA3D98C00E0DA12 /* Assets.xcassets in Resources */ = {isa = PBXBuildFile; fileRef = 434862121FA3D98C00E0DA12 /* Assets.xcassets */; };
		434862161FA3D98C00E0DA12 /* LaunchScreen.storyboard in Resources */ = {isa = PBXBuildFile; fileRef = 434862141FA3D98C00E0DA12 /* LaunchScreen.storyboard */; };
		434862191FA3D98C00E0DA12 /* main.m in Sources */ = {isa = PBXBuildFile; fileRef = 434862181FA3D98C00E0DA12 /* main.m */; };
		434862231FA3D98C00E0DA12 /* AutomatedTests.m in Sources */ = {isa = PBXBuildFile; fileRef = 434862221FA3D98C00E0DA12 /* AutomatedTests.m */; };
		4348622E1FA3D98C00E0DA12 /* AutomatedUITests.m in Sources */ = {isa = PBXBuildFile; fileRef = 4348622D1FA3D98C00E0DA12 /* AutomatedUITests.m */; };
		434862431FA3DAB200E0DA12 /* libTeak.a in Frameworks */ = {isa = PBXBuildFile; fileRef = 434862411FA3D99900E0DA12 /* libTeak.a */; };
		434862441FA3DABD00E0DA12 /* libTeak.a in Frameworks */ = {isa = PBXBuildFile; fileRef = 434862411FA3D99900E0DA12 /* libTeak.a */; };
		434862451FA3DAC300E0DA12 /* libTeak.a in Frameworks */ = {isa = PBXBuildFile; fileRef = 434862411FA3D99900E0DA12 /* libTeak.a */; };
/* End PBXBuildFile section */

/* Begin PBXContainerItemProxy section */
		4348621F1FA3D98C00E0DA12 /* PBXContainerItemProxy */ = {
			isa = PBXContainerItemProxy;
			containerPortal = 434861FE1FA3D98C00E0DA12 /* Project object */;
			proxyType = 1;
			remoteGlobalIDString = 434862051FA3D98C00E0DA12;
			remoteInfo = Automated;
		};
		4348622A1FA3D98C00E0DA12 /* PBXContainerItemProxy */ = {
			isa = PBXContainerItemProxy;
			containerPortal = 434861FE1FA3D98C00E0DA12 /* Project object */;
			proxyType = 1;
			remoteGlobalIDString = 434862051FA3D98C00E0DA12;
			remoteInfo = Automated;
		};
		434862401FA3D99900E0DA12 /* PBXContainerItemProxy */ = {
			isa = PBXContainerItemProxy;
			containerPortal = 4348623B1FA3D99900E0DA12 /* Teak.xcodeproj */;
			proxyType = 2;
			remoteGlobalIDString = 431C97FA1C7E609800B19DD5;
			remoteInfo = Teak;
		};
/* End PBXContainerItemProxy section */

/* Begin PBXFileReference section */
		434862061FA3D98C00E0DA12 /* Automated.app */ = {isa = PBXFileReference; explicitFileType = wrapper.application; includeInIndex = 0; path = Automated.app; sourceTree = BUILT_PRODUCTS_DIR; };
		434862091FA3D98C00E0DA12 /* AppDelegate.h */ = {isa = PBXFileReference; lastKnownFileType = sourcecode.c.h; path = AppDelegate.h; sourceTree = "<group>"; };
		4348620A1FA3D98C00E0DA12 /* AppDelegate.m */ = {isa = PBXFileReference; lastKnownFileType = sourcecode.c.objc; path = AppDelegate.m; sourceTree = "<group>"; };
		4348620C1FA3D98C00E0DA12 /* ViewController.h */ = {isa = PBXFileReference; lastKnownFileType = sourcecode.c.h; path = ViewController.h; sourceTree = "<group>"; };
		4348620D1FA3D98C00E0DA12 /* ViewController.m */ = {isa = PBXFileReference; lastKnownFileType = sourcecode.c.objc; path = ViewController.m; sourceTree = "<group>"; };
		434862101FA3D98C00E0DA12 /* Base */ = {isa = PBXFileReference; lastKnownFileType = file.storyboard; name = Base; path = Base.lproj/Main.storyboard; sourceTree = "<group>"; };
		434862121FA3D98C00E0DA12 /* Assets.xcassets */ = {isa = PBXFileReference; lastKnownFileType = folder.assetcatalog; path = Assets.xcassets; sourceTree = "<group>"; };
		434862151FA3D98C00E0DA12 /* Base */ = {isa = PBXFileReference; lastKnownFileType = file.storyboard; name = Base; path = Base.lproj/LaunchScreen.storyboard; sourceTree = "<group>"; };
		434862171FA3D98C00E0DA12 /* Info.plist */ = {isa = PBXFileReference; lastKnownFileType = text.plist.xml; path = Info.plist; sourceTree = "<group>"; };
		434862181FA3D98C00E0DA12 /* main.m */ = {isa = PBXFileReference; lastKnownFileType = sourcecode.c.objc; path = main.m; sourceTree = "<group>"; };
		4348621E1FA3D98C00E0DA12 /* AutomatedTests.xctest */ = {isa = PBXFileReference; explicitFileType = wrapper.cfbundle; includeInIndex = 0; path = AutomatedTests.xctest; sourceTree = BUILT_PRODUCTS_DIR; };
		434862221FA3D98C00E0DA12 /* AutomatedTests.m */ = {isa = PBXFileReference; lastKnownFileType = sourcecode.c.objc; path = AutomatedTests.m; sourceTree = "<group>"; };
		434862241FA3D98C00E0DA12 /* Info.plist */ = {isa = PBXFileReference; lastKnownFileType = text.plist.xml; path = Info.plist; sourceTree = "<group>"; };
		434862291FA3D98C00E0DA12 /* AutomatedUITests.xctest */ = {isa = PBXFileReference; explicitFileType = wrapper.cfbundle; includeInIndex = 0; path = AutomatedUITests.xctest; sourceTree = BUILT_PRODUCTS_DIR; };
		4348622D1FA3D98C00E0DA12 /* AutomatedUITests.m */ = {isa = PBXFileReference; lastKnownFileType = sourcecode.c.objc; path = AutomatedUITests.m; sourceTree = "<group>"; };
		4348622F1FA3D98C00E0DA12 /* Info.plist */ = {isa = PBXFileReference; lastKnownFileType = text.plist.xml; path = Info.plist; sourceTree = "<group>"; };
		4348623B1FA3D99900E0DA12 /* Teak.xcodeproj */ = {isa = PBXFileReference; lastKnownFileType = "wrapper.pb-project"; name = Teak.xcodeproj; path = ../Teak.xcodeproj; sourceTree = "<group>"; };
/* End PBXFileReference section */

/* Begin PBXFrameworksBuildPhase section */
		434862031FA3D98C00E0DA12 /* Frameworks */ = {
			isa = PBXFrameworksBuildPhase;
			buildActionMask = 2147483647;
			files = (
				434862451FA3DAC300E0DA12 /* libTeak.a in Frameworks */,
			);
			runOnlyForDeploymentPostprocessing = 0;
		};
		4348621B1FA3D98C00E0DA12 /* Frameworks */ = {
			isa = PBXFrameworksBuildPhase;
			buildActionMask = 2147483647;
			files = (
				434862441FA3DABD00E0DA12 /* libTeak.a in Frameworks */,
			);
			runOnlyForDeploymentPostprocessing = 0;
		};
		434862261FA3D98C00E0DA12 /* Frameworks */ = {
			isa = PBXFrameworksBuildPhase;
			buildActionMask = 2147483647;
			files = (
				434862431FA3DAB200E0DA12 /* libTeak.a in Frameworks */,
			);
			runOnlyForDeploymentPostprocessing = 0;
		};
/* End PBXFrameworksBuildPhase section */

/* Begin PBXGroup section */
		434861FD1FA3D98C00E0DA12 = {
			isa = PBXGroup;
			children = (
				4348623B1FA3D99900E0DA12 /* Teak.xcodeproj */,
				434862081FA3D98C00E0DA12 /* Automated */,
				434862211FA3D98C00E0DA12 /* AutomatedTests */,
				4348622C1FA3D98C00E0DA12 /* AutomatedUITests */,
				434862071FA3D98C00E0DA12 /* Products */,
				434862421FA3DAB200E0DA12 /* Frameworks */,
			);
			sourceTree = "<group>";
		};
		434862071FA3D98C00E0DA12 /* Products */ = {
			isa = PBXGroup;
			children = (
				434862061FA3D98C00E0DA12 /* Automated.app */,
				4348621E1FA3D98C00E0DA12 /* AutomatedTests.xctest */,
				434862291FA3D98C00E0DA12 /* AutomatedUITests.xctest */,
			);
			name = Products;
			sourceTree = "<group>";
		};
		434862081FA3D98C00E0DA12 /* Automated */ = {
			isa = PBXGroup;
			children = (
				434862091FA3D98C00E0DA12 /* AppDelegate.h */,
				4348620A1FA3D98C00E0DA12 /* AppDelegate.m */,
				4348620C1FA3D98C00E0DA12 /* ViewController.h */,
				4348620D1FA3D98C00E0DA12 /* ViewController.m */,
				4348620F1FA3D98C00E0DA12 /* Main.storyboard */,
				434862121FA3D98C00E0DA12 /* Assets.xcassets */,
				434862141FA3D98C00E0DA12 /* LaunchScreen.storyboard */,
				434862171FA3D98C00E0DA12 /* Info.plist */,
				434862181FA3D98C00E0DA12 /* main.m */,
			);
			path = Automated;
			sourceTree = "<group>";
		};
		434862211FA3D98C00E0DA12 /* AutomatedTests */ = {
			isa = PBXGroup;
			children = (
				434862221FA3D98C00E0DA12 /* AutomatedTests.m */,
				434862241FA3D98C00E0DA12 /* Info.plist */,
			);
			path = AutomatedTests;
			sourceTree = "<group>";
		};
		4348622C1FA3D98C00E0DA12 /* AutomatedUITests */ = {
			isa = PBXGroup;
			children = (
				4348622D1FA3D98C00E0DA12 /* AutomatedUITests.m */,
				4348622F1FA3D98C00E0DA12 /* Info.plist */,
			);
			path = AutomatedUITests;
			sourceTree = "<group>";
		};
		4348623C1FA3D99900E0DA12 /* Products */ = {
			isa = PBXGroup;
			children = (
				434862411FA3D99900E0DA12 /* libTeak.a */,
			);
			name = Products;
			sourceTree = "<group>";
		};
		434862421FA3DAB200E0DA12 /* Frameworks */ = {
			isa = PBXGroup;
			children = (
			);
			name = Frameworks;
			sourceTree = "<group>";
		};
/* End PBXGroup section */

/* Begin PBXNativeTarget section */
		434862051FA3D98C00E0DA12 /* Automated */ = {
			isa = PBXNativeTarget;
			buildConfigurationList = 434862321FA3D98C00E0DA12 /* Build configuration list for PBXNativeTarget "Automated" */;
			buildPhases = (
				434862021FA3D98C00E0DA12 /* Sources */,
				434862031FA3D98C00E0DA12 /* Frameworks */,
				434862041FA3D98C00E0DA12 /* Resources */,
			);
			buildRules = (
			);
			dependencies = (
			);
			name = Automated;
			productName = Automated;
			productReference = 434862061FA3D98C00E0DA12 /* Automated.app */;
			productType = "com.apple.product-type.application";
		};
		4348621D1FA3D98C00E0DA12 /* AutomatedTests */ = {
			isa = PBXNativeTarget;
			buildConfigurationList = 434862351FA3D98C00E0DA12 /* Build configuration list for PBXNativeTarget "AutomatedTests" */;
			buildPhases = (
				4348621A1FA3D98C00E0DA12 /* Sources */,
				4348621B1FA3D98C00E0DA12 /* Frameworks */,
				4348621C1FA3D98C00E0DA12 /* Resources */,
			);
			buildRules = (
			);
			dependencies = (
				434862201FA3D98C00E0DA12 /* PBXTargetDependency */,
			);
			name = AutomatedTests;
			productName = AutomatedTests;
			productReference = 4348621E1FA3D98C00E0DA12 /* AutomatedTests.xctest */;
			productType = "com.apple.product-type.bundle.unit-test";
		};
		434862281FA3D98C00E0DA12 /* AutomatedUITests */ = {
			isa = PBXNativeTarget;
			buildConfigurationList = 434862381FA3D98C00E0DA12 /* Build configuration list for PBXNativeTarget "AutomatedUITests" */;
			buildPhases = (
				434862251FA3D98C00E0DA12 /* Sources */,
				434862261FA3D98C00E0DA12 /* Frameworks */,
				434862271FA3D98C00E0DA12 /* Resources */,
			);
			buildRules = (
			);
			dependencies = (
				4348622B1FA3D98C00E0DA12 /* PBXTargetDependency */,
			);
			name = AutomatedUITests;
			productName = AutomatedUITests;
			productReference = 434862291FA3D98C00E0DA12 /* AutomatedUITests.xctest */;
			productType = "com.apple.product-type.bundle.ui-testing";
		};
/* End PBXNativeTarget section */

/* Begin PBXProject section */
		434861FE1FA3D98C00E0DA12 /* Project object */ = {
			isa = PBXProject;
			attributes = {
				LastUpgradeCheck = 0900;
				ORGANIZATIONNAME = "GoCarrot Inc.";
				TargetAttributes = {
					434862051FA3D98C00E0DA12 = {
						CreatedOnToolsVersion = 9.0;
						ProvisioningStyle = Automatic;
					};
					4348621D1FA3D98C00E0DA12 = {
						CreatedOnToolsVersion = 9.0;
						ProvisioningStyle = Automatic;
						TestTargetID = 434862051FA3D98C00E0DA12;
					};
					434862281FA3D98C00E0DA12 = {
						CreatedOnToolsVersion = 9.0;
						ProvisioningStyle = Automatic;
						TestTargetID = 434862051FA3D98C00E0DA12;
					};
				};
			};
			buildConfigurationList = 434862011FA3D98C00E0DA12 /* Build configuration list for PBXProject "Automated" */;
			compatibilityVersion = "Xcode 8.0";
			developmentRegion = en;
			hasScannedForEncodings = 0;
			knownRegions = (
				en,
				Base,
			);
			mainGroup = 434861FD1FA3D98C00E0DA12;
			productRefGroup = 434862071FA3D98C00E0DA12 /* Products */;
			projectDirPath = "";
			projectReferences = (
				{
					ProductGroup = 4348623C1FA3D99900E0DA12 /* Products */;
					ProjectRef = 4348623B1FA3D99900E0DA12 /* Teak.xcodeproj */;
				},
			);
			projectRoot = "";
			targets = (
				434862051FA3D98C00E0DA12 /* Automated */,
				4348621D1FA3D98C00E0DA12 /* AutomatedTests */,
				434862281FA3D98C00E0DA12 /* AutomatedUITests */,
			);
		};
/* End PBXProject section */

/* Begin PBXReferenceProxy section */
		434862411FA3D99900E0DA12 /* libTeak.a */ = {
			isa = PBXReferenceProxy;
			fileType = archive.ar;
			path = libTeak.a;
			remoteRef = 434862401FA3D99900E0DA12 /* PBXContainerItemProxy */;
			sourceTree = BUILT_PRODUCTS_DIR;
		};
/* End PBXReferenceProxy section */

/* Begin PBXResourcesBuildPhase section */
		434862041FA3D98C00E0DA12 /* Resources */ = {
			isa = PBXResourcesBuildPhase;
			buildActionMask = 2147483647;
			files = (
				434862161FA3D98C00E0DA12 /* LaunchScreen.storyboard in Resources */,
				434862131FA3D98C00E0DA12 /* Assets.xcassets in Resources */,
				434862111FA3D98C00E0DA12 /* Main.storyboard in Resources */,
			);
			runOnlyForDeploymentPostprocessing = 0;
		};
		4348621C1FA3D98C00E0DA12 /* Resources */ = {
			isa = PBXResourcesBuildPhase;
			buildActionMask = 2147483647;
			files = (
			);
			runOnlyForDeploymentPostprocessing = 0;
		};
		434862271FA3D98C00E0DA12 /* Resources */ = {
			isa = PBXResourcesBuildPhase;
			buildActionMask = 2147483647;
			files = (
			);
			runOnlyForDeploymentPostprocessing = 0;
		};
/* End PBXResourcesBuildPhase section */

/* Begin PBXSourcesBuildPhase section */
		434862021FA3D98C00E0DA12 /* Sources */ = {
			isa = PBXSourcesBuildPhase;
			buildActionMask = 2147483647;
			files = (
				4348620E1FA3D98C00E0DA12 /* ViewController.m in Sources */,
				434862191FA3D98C00E0DA12 /* main.m in Sources */,
				4348620B1FA3D98C00E0DA12 /* AppDelegate.m in Sources */,
			);
			runOnlyForDeploymentPostprocessing = 0;
		};
		4348621A1FA3D98C00E0DA12 /* Sources */ = {
			isa = PBXSourcesBuildPhase;
			buildActionMask = 2147483647;
			files = (
				434862231FA3D98C00E0DA12 /* AutomatedTests.m in Sources */,
			);
			runOnlyForDeploymentPostprocessing = 0;
		};
		434862251FA3D98C00E0DA12 /* Sources */ = {
			isa = PBXSourcesBuildPhase;
			buildActionMask = 2147483647;
			files = (
				4348622E1FA3D98C00E0DA12 /* AutomatedUITests.m in Sources */,
			);
			runOnlyForDeploymentPostprocessing = 0;
		};
/* End PBXSourcesBuildPhase section */

/* Begin PBXTargetDependency section */
		434862201FA3D98C00E0DA12 /* PBXTargetDependency */ = {
			isa = PBXTargetDependency;
			target = 434862051FA3D98C00E0DA12 /* Automated */;
			targetProxy = 4348621F1FA3D98C00E0DA12 /* PBXContainerItemProxy */;
		};
		4348622B1FA3D98C00E0DA12 /* PBXTargetDependency */ = {
			isa = PBXTargetDependency;
			target = 434862051FA3D98C00E0DA12 /* Automated */;
			targetProxy = 4348622A1FA3D98C00E0DA12 /* PBXContainerItemProxy */;
		};
/* End PBXTargetDependency section */

/* Begin PBXVariantGroup section */
		4348620F1FA3D98C00E0DA12 /* Main.storyboard */ = {
			isa = PBXVariantGroup;
			children = (
				434862101FA3D98C00E0DA12 /* Base */,
			);
			name = Main.storyboard;
			sourceTree = "<group>";
		};
		434862141FA3D98C00E0DA12 /* LaunchScreen.storyboard */ = {
			isa = PBXVariantGroup;
			children = (
				434862151FA3D98C00E0DA12 /* Base */,
			);
			name = LaunchScreen.storyboard;
			sourceTree = "<group>";
		};
/* End PBXVariantGroup section */

/* Begin XCBuildConfiguration section */
		434862301FA3D98C00E0DA12 /* Debug */ = {
			isa = XCBuildConfiguration;
			buildSettings = {
				ALWAYS_SEARCH_USER_PATHS = NO;
				CLANG_ANALYZER_NONNULL = YES;
				CLANG_ANALYZER_NUMBER_OBJECT_CONVERSION = YES_AGGRESSIVE;
				CLANG_CXX_LANGUAGE_STANDARD = "gnu++14";
				CLANG_CXX_LIBRARY = "libc++";
				CLANG_ENABLE_MODULES = YES;
				CLANG_ENABLE_OBJC_ARC = YES;
				CLANG_WARN_BLOCK_CAPTURE_AUTORELEASING = YES;
				CLANG_WARN_BOOL_CONVERSION = YES;
				CLANG_WARN_COMMA = YES;
				CLANG_WARN_CONSTANT_CONVERSION = YES;
				CLANG_WARN_DIRECT_OBJC_ISA_USAGE = YES_ERROR;
				CLANG_WARN_DOCUMENTATION_COMMENTS = YES;
				CLANG_WARN_EMPTY_BODY = YES;
				CLANG_WARN_ENUM_CONVERSION = YES;
				CLANG_WARN_INFINITE_RECURSION = YES;
				CLANG_WARN_INT_CONVERSION = YES;
				CLANG_WARN_NON_LITERAL_NULL_CONVERSION = YES;
				CLANG_WARN_OBJC_LITERAL_CONVERSION = YES;
				CLANG_WARN_OBJC_ROOT_CLASS = YES_ERROR;
				CLANG_WARN_RANGE_LOOP_ANALYSIS = YES;
				CLANG_WARN_STRICT_PROTOTYPES = YES;
				CLANG_WARN_SUSPICIOUS_MOVE = YES;
				CLANG_WARN_UNGUARDED_AVAILABILITY = YES_AGGRESSIVE;
				CLANG_WARN_UNREACHABLE_CODE = YES;
				CLANG_WARN__DUPLICATE_METHOD_MATCH = YES;
				CODE_SIGN_IDENTITY = "iPhone Developer";
				COPY_PHASE_STRIP = NO;
				DEBUG_INFORMATION_FORMAT = dwarf;
				ENABLE_STRICT_OBJC_MSGSEND = YES;
				ENABLE_TESTABILITY = YES;
				GCC_C_LANGUAGE_STANDARD = gnu11;
				GCC_DYNAMIC_NO_PIC = NO;
				GCC_NO_COMMON_BLOCKS = YES;
				GCC_OPTIMIZATION_LEVEL = 0;
				GCC_PREPROCESSOR_DEFINITIONS = (
					"DEBUG=1",
					"$(inherited)",
				);
				GCC_WARN_64_TO_32_BIT_CONVERSION = YES;
				GCC_WARN_ABOUT_RETURN_TYPE = YES_ERROR;
				GCC_WARN_UNDECLARED_SELECTOR = YES;
				GCC_WARN_UNINITIALIZED_AUTOS = YES_AGGRESSIVE;
				GCC_WARN_UNUSED_FUNCTION = YES;
				GCC_WARN_UNUSED_VARIABLE = YES;
				IPHONEOS_DEPLOYMENT_TARGET = 11.0;
				MTL_ENABLE_DEBUG_INFO = YES;
				ONLY_ACTIVE_ARCH = YES;
				SDKROOT = iphoneos;
			};
			name = Debug;
		};
		434862311FA3D98C00E0DA12 /* Release */ = {
			isa = XCBuildConfiguration;
			buildSettings = {
				ALWAYS_SEARCH_USER_PATHS = NO;
				CLANG_ANALYZER_NONNULL = YES;
				CLANG_ANALYZER_NUMBER_OBJECT_CONVERSION = YES_AGGRESSIVE;
				CLANG_CXX_LANGUAGE_STANDARD = "gnu++14";
				CLANG_CXX_LIBRARY = "libc++";
				CLANG_ENABLE_MODULES = YES;
				CLANG_ENABLE_OBJC_ARC = YES;
				CLANG_WARN_BLOCK_CAPTURE_AUTORELEASING = YES;
				CLANG_WARN_BOOL_CONVERSION = YES;
				CLANG_WARN_COMMA = YES;
				CLANG_WARN_CONSTANT_CONVERSION = YES;
				CLANG_WARN_DIRECT_OBJC_ISA_USAGE = YES_ERROR;
				CLANG_WARN_DOCUMENTATION_COMMENTS = YES;
				CLANG_WARN_EMPTY_BODY = YES;
				CLANG_WARN_ENUM_CONVERSION = YES;
				CLANG_WARN_INFINITE_RECURSION = YES;
				CLANG_WARN_INT_CONVERSION = YES;
				CLANG_WARN_NON_LITERAL_NULL_CONVERSION = YES;
				CLANG_WARN_OBJC_LITERAL_CONVERSION = YES;
				CLANG_WARN_OBJC_ROOT_CLASS = YES_ERROR;
				CLANG_WARN_RANGE_LOOP_ANALYSIS = YES;
				CLANG_WARN_STRICT_PROTOTYPES = YES;
				CLANG_WARN_SUSPICIOUS_MOVE = YES;
				CLANG_WARN_UNGUARDED_AVAILABILITY = YES_AGGRESSIVE;
				CLANG_WARN_UNREACHABLE_CODE = YES;
				CLANG_WARN__DUPLICATE_METHOD_MATCH = YES;
				CODE_SIGN_IDENTITY = "iPhone Developer";
				COPY_PHASE_STRIP = NO;
				DEBUG_INFORMATION_FORMAT = "dwarf-with-dsym";
				ENABLE_NS_ASSERTIONS = NO;
				ENABLE_STRICT_OBJC_MSGSEND = YES;
				GCC_C_LANGUAGE_STANDARD = gnu11;
				GCC_NO_COMMON_BLOCKS = YES;
				GCC_WARN_64_TO_32_BIT_CONVERSION = YES;
				GCC_WARN_ABOUT_RETURN_TYPE = YES_ERROR;
				GCC_WARN_UNDECLARED_SELECTOR = YES;
				GCC_WARN_UNINITIALIZED_AUTOS = YES_AGGRESSIVE;
				GCC_WARN_UNUSED_FUNCTION = YES;
				GCC_WARN_UNUSED_VARIABLE = YES;
				IPHONEOS_DEPLOYMENT_TARGET = 11.0;
				MTL_ENABLE_DEBUG_INFO = NO;
				SDKROOT = iphoneos;
				VALIDATE_PRODUCT = YES;
			};
			name = Release;
		};
		434862331FA3D98C00E0DA12 /* Debug */ = {
			isa = XCBuildConfiguration;
			buildSettings = {
				ASSETCATALOG_COMPILER_APPICON_NAME = AppIcon;
				CODE_SIGN_STYLE = Automatic;
				DEVELOPMENT_TEAM = 7FLZTACJ82;
				INFOPLIST_FILE = Automated/Info.plist;
				LD_RUNPATH_SEARCH_PATHS = "$(inherited) @executable_path/Frameworks";
				PRODUCT_BUNDLE_IDENTIFIER = io.teak.sdk.Automated;
				PRODUCT_NAME = "$(TARGET_NAME)";
				TARGETED_DEVICE_FAMILY = "1,2";
			};
			name = Debug;
		};
		434862341FA3D98C00E0DA12 /* Release */ = {
			isa = XCBuildConfiguration;
			buildSettings = {
				ASSETCATALOG_COMPILER_APPICON_NAME = AppIcon;
				CODE_SIGN_STYLE = Automatic;
				DEVELOPMENT_TEAM = 7FLZTACJ82;
				INFOPLIST_FILE = Automated/Info.plist;
				LD_RUNPATH_SEARCH_PATHS = "$(inherited) @executable_path/Frameworks";
				PRODUCT_BUNDLE_IDENTIFIER = io.teak.sdk.Automated;
				PRODUCT_NAME = "$(TARGET_NAME)";
				TARGETED_DEVICE_FAMILY = "1,2";
			};
			name = Release;
		};
		434862361FA3D98C00E0DA12 /* Debug */ = {
			isa = XCBuildConfiguration;
			buildSettings = {
				BUNDLE_LOADER = "$(TEST_HOST)";
				CODE_SIGN_STYLE = Automatic;
				DEVELOPMENT_TEAM = 7FLZTACJ82;
				HEADER_SEARCH_PATHS = "\"$PROJECT_DIR/../Teak\"/**";
				INFOPLIST_FILE = AutomatedTests/Info.plist;
				LD_RUNPATH_SEARCH_PATHS = "$(inherited) @executable_path/Frameworks @loader_path/Frameworks";
				PRODUCT_BUNDLE_IDENTIFIER = io.teak.sdk.AutomatedTests;
				PRODUCT_NAME = "$(TARGET_NAME)";
				TARGETED_DEVICE_FAMILY = "1,2";
				TEST_HOST = "$(BUILT_PRODUCTS_DIR)/Automated.app/Automated";
			};
			name = Debug;
		};
		434862371FA3D98C00E0DA12 /* Release */ = {
			isa = XCBuildConfiguration;
			buildSettings = {
				BUNDLE_LOADER = "$(TEST_HOST)";
				CODE_SIGN_STYLE = Automatic;
				DEVELOPMENT_TEAM = 7FLZTACJ82;
				HEADER_SEARCH_PATHS = "\"$PROJECT_DIR/../Teak\"/**";
				INFOPLIST_FILE = AutomatedTests/Info.plist;
				LD_RUNPATH_SEARCH_PATHS = "$(inherited) @executable_path/Frameworks @loader_path/Frameworks";
				PRODUCT_BUNDLE_IDENTIFIER = io.teak.sdk.AutomatedTests;
				PRODUCT_NAME = "$(TARGET_NAME)";
				TARGETED_DEVICE_FAMILY = "1,2";
				TEST_HOST = "$(BUILT_PRODUCTS_DIR)/Automated.app/Automated";
			};
			name = Release;
		};
		434862391FA3D98C00E0DA12 /* Debug */ = {
			isa = XCBuildConfiguration;
			buildSettings = {
				CODE_SIGN_STYLE = Automatic;
				DEVELOPMENT_TEAM = 7FLZTACJ82;
				HEADER_SEARCH_PATHS = "\"$PROJECT_DIR/../Teak\"/**";
				INFOPLIST_FILE = AutomatedUITests/Info.plist;
				LD_RUNPATH_SEARCH_PATHS = "$(inherited) @executable_path/Frameworks @loader_path/Frameworks";
				PRODUCT_BUNDLE_IDENTIFIER = io.teak.sdk.AutomatedUITests;
				PRODUCT_NAME = "$(TARGET_NAME)";
				TARGETED_DEVICE_FAMILY = "1,2";
				TEST_TARGET_NAME = Automated;
			};
			name = Debug;
		};
		4348623A1FA3D98C00E0DA12 /* Release */ = {
			isa = XCBuildConfiguration;
			buildSettings = {
				CODE_SIGN_STYLE = Automatic;
				DEVELOPMENT_TEAM = 7FLZTACJ82;
				HEADER_SEARCH_PATHS = "\"$PROJECT_DIR/../Teak\"/**";
				INFOPLIST_FILE = AutomatedUITests/Info.plist;
				LD_RUNPATH_SEARCH_PATHS = "$(inherited) @executable_path/Frameworks @loader_path/Frameworks";
				PRODUCT_BUNDLE_IDENTIFIER = io.teak.sdk.AutomatedUITests;
				PRODUCT_NAME = "$(TARGET_NAME)";
				TARGETED_DEVICE_FAMILY = "1,2";
				TEST_TARGET_NAME = Automated;
			};
			name = Release;
		};
/* End XCBuildConfiguration section */

/* Begin XCConfigurationList section */
		434862011FA3D98C00E0DA12 /* Build configuration list for PBXProject "Automated" */ = {
			isa = XCConfigurationList;
			buildConfigurations = (
				434862301FA3D98C00E0DA12 /* Debug */,
				434862311FA3D98C00E0DA12 /* Release */,
			);
			defaultConfigurationIsVisible = 0;
			defaultConfigurationName = Release;
		};
		434862321FA3D98C00E0DA12 /* Build configuration list for PBXNativeTarget "Automated" */ = {
			isa = XCConfigurationList;
			buildConfigurations = (
				434862331FA3D98C00E0DA12 /* Debug */,
				434862341FA3D98C00E0DA12 /* Release */,
			);
			defaultConfigurationIsVisible = 0;
			defaultConfigurationName = Release;
		};
		434862351FA3D98C00E0DA12 /* Build configuration list for PBXNativeTarget "AutomatedTests" */ = {
			isa = XCConfigurationList;
			buildConfigurations = (
				434862361FA3D98C00E0DA12 /* Debug */,
				434862371FA3D98C00E0DA12 /* Release */,
			);
			defaultConfigurationIsVisible = 0;
			defaultConfigurationName = Release;
		};
		434862381FA3D98C00E0DA12 /* Build configuration list for PBXNativeTarget "AutomatedUITests" */ = {
			isa = XCConfigurationList;
			buildConfigurations = (
				434862391FA3D98C00E0DA12 /* Debug */,
				4348623A1FA3D98C00E0DA12 /* Release */,
			);
			defaultConfigurationIsVisible = 0;
			defaultConfigurationName = Release;
		};
/* End XCConfigurationList section */
	};
	rootObject = 434861FE1FA3D98C00E0DA12 /* Project object */;
}
