// !$*UTF8*$!
{
	archiveVersion = 1;
	classes = {
	};
	objectVersion = 46;
	objects = {

/* Begin PBXAggregateTarget section */
		431C980A1C7E62B200B19DD5 /* Framework */ = {
			isa = PBXAggregateTarget;
			buildConfigurationList = 431C980B1C7E62B200B19DD5 /* Build configuration list for PBXAggregateTarget "Framework" */;
			buildPhases = (
				431C98101C7E631600B19DD5 /* Build Framework */,
			);
			dependencies = (
				431C980F1C7E62F400B19DD5 /* PBXTargetDependency */,
			);
			name = Framework;
			productName = Framework;
		};
/* End PBXAggregateTarget section */

/* Begin PBXBuildFile section */
		431C97FE1C7E609800B19DD5 /* Teak.h in CopyFiles */ = {isa = PBXBuildFile; fileRef = 431C97FD1C7E609800B19DD5 /* Teak.h */; };
		431C98001C7E609800B19DD5 /* Teak.m in Sources */ = {isa = PBXBuildFile; fileRef = 431C97FF1C7E609800B19DD5 /* Teak.m */; };
		431C98081C7E612400B19DD5 /* Teak.h in Headers */ = {isa = PBXBuildFile; fileRef = 431C97FD1C7E609800B19DD5 /* Teak.h */; settings = {ATTRIBUTES = (Public, ); }; };
		431C981E1C7E679900B19DD5 /* Teak+Internal.h in Headers */ = {isa = PBXBuildFile; fileRef = 431C981A1C7E679900B19DD5 /* Teak+Internal.h */; };
		431C981F1C7E679900B19DD5 /* TeakHooks.m in Sources */ = {isa = PBXBuildFile; fileRef = 431C981B1C7E679900B19DD5 /* TeakHooks.m */; };
		431C98201C7E679900B19DD5 /* TeakRequest.h in Headers */ = {isa = PBXBuildFile; fileRef = 431C981C1C7E679900B19DD5 /* TeakRequest.h */; };
		431C98211C7E679900B19DD5 /* TeakRequest.m in Sources */ = {isa = PBXBuildFile; fileRef = 431C981D1C7E679900B19DD5 /* TeakRequest.m */; };
		432EDF091CC02CE3007E9C5C /* TeakNotification.h in Headers */ = {isa = PBXBuildFile; fileRef = 432EDF071CC02CE3007E9C5C /* TeakNotification.h */; settings = {ATTRIBUTES = (Public, ); }; };
		432EDF0A1CC02CE3007E9C5C /* TeakNotification.m in Sources */ = {isa = PBXBuildFile; fileRef = 432EDF081CC02CE3007E9C5C /* TeakNotification.m */; };
		432FB0EC1D29BEAE009136F1 /* amIBeingDebugged.m in Sources */ = {isa = PBXBuildFile; fileRef = 432FB0EB1D29BEAE009136F1 /* amIBeingDebugged.m */; };
		4361E49F1D27529700672694 /* TeakRaven.h in Headers */ = {isa = PBXBuildFile; fileRef = 4361E49D1D27529700672694 /* TeakRaven.h */; };
		4361E4A01D27529700672694 /* TeakRaven.m in Sources */ = {isa = PBXBuildFile; fileRef = 4361E49E1D27529700672694 /* TeakRaven.m */; };
		4383726B1D3419D000B01F44 /* TeakDebugConfiguration.h in Headers */ = {isa = PBXBuildFile; fileRef = 438372691D3419D000B01F44 /* TeakDebugConfiguration.h */; };
		4383726C1D3419D000B01F44 /* TeakDebugConfiguration.m in Sources */ = {isa = PBXBuildFile; fileRef = 4383726A1D3419D000B01F44 /* TeakDebugConfiguration.m */; };
		4383726F1D34239900B01F44 /* TeakAppConfiguration.h in Headers */ = {isa = PBXBuildFile; fileRef = 4383726D1D34239900B01F44 /* TeakAppConfiguration.h */; };
		438372701D34239900B01F44 /* TeakAppConfiguration.m in Sources */ = {isa = PBXBuildFile; fileRef = 4383726E1D34239900B01F44 /* TeakAppConfiguration.m */; };
		438372731D34285A00B01F44 /* TeakDeviceConfiguration.h in Headers */ = {isa = PBXBuildFile; fileRef = 438372711D34285A00B01F44 /* TeakDeviceConfiguration.h */; };
		438372741D34285A00B01F44 /* TeakDeviceConfiguration.m in Sources */ = {isa = PBXBuildFile; fileRef = 438372721D34285A00B01F44 /* TeakDeviceConfiguration.m */; };
		438372771D3442EA00B01F44 /* TeakSession.h in Headers */ = {isa = PBXBuildFile; fileRef = 438372751D3442EA00B01F44 /* TeakSession.h */; };
		438372781D3442EA00B01F44 /* TeakSession.m in Sources */ = {isa = PBXBuildFile; fileRef = 438372761D3442EA00B01F44 /* TeakSession.m */; };
		4383727B1D34443D00B01F44 /* TeakState.h in Headers */ = {isa = PBXBuildFile; fileRef = 438372791D34443D00B01F44 /* TeakState.h */; };
		4383727C1D34443D00B01F44 /* TeakState.m in Sources */ = {isa = PBXBuildFile; fileRef = 4383727A1D34443D00B01F44 /* TeakState.m */; };
		438372801D34696500B01F44 /* TeakRemoteConfiguration.h in Headers */ = {isa = PBXBuildFile; fileRef = 4383727E1D34696500B01F44 /* TeakRemoteConfiguration.h */; };
		438372811D34696500B01F44 /* TeakRemoteConfiguration.m in Sources */ = {isa = PBXBuildFile; fileRef = 4383727F1D34696500B01F44 /* TeakRemoteConfiguration.m */; };
		438372841D35889800B01F44 /* TeakHelpers.m in Sources */ = {isa = PBXBuildFile; fileRef = 438372831D35889800B01F44 /* TeakHelpers.m */; };
		43C28C4F1CFE7EFA00F20404 /* isProductionProvisioningProfile.m in Sources */ = {isa = PBXBuildFile; fileRef = 43C28C4E1CFE7EFA00F20404 /* isProductionProvisioningProfile.m */; };
		43C735C11CC1AA2700484B67 /* TeakCExtern.m in Sources */ = {isa = PBXBuildFile; fileRef = 43C735C01CC1AA2700484B67 /* TeakCExtern.m */; };
		FAA4DCFC1DC32AD100374B93 /* TeakReward.h in Headers */ = {isa = PBXBuildFile; fileRef = FAA4DCFA1DC32AD100374B93 /* TeakReward.h */; };
		FAA4DCFD1DC32AD100374B93 /* TeakReward.m in Sources */ = {isa = PBXBuildFile; fileRef = FAA4DCFB1DC32AD100374B93 /* TeakReward.m */; };
/* End PBXBuildFile section */

/* Begin PBXContainerItemProxy section */
		431C980E1C7E62F400B19DD5 /* PBXContainerItemProxy */ = {
			isa = PBXContainerItemProxy;
			containerPortal = 431C97F21C7E609800B19DD5 /* Project object */;
			proxyType = 1;
			remoteGlobalIDString = 431C97F91C7E609800B19DD5;
			remoteInfo = Teak;
		};
/* End PBXContainerItemProxy section */

/* Begin PBXCopyFilesBuildPhase section */
		431C97F81C7E609800B19DD5 /* CopyFiles */ = {
			isa = PBXCopyFilesBuildPhase;
			buildActionMask = 2147483647;
			dstPath = "include/$(PRODUCT_NAME)";
			dstSubfolderSpec = 16;
			files = (
				431C97FE1C7E609800B19DD5 /* Teak.h in CopyFiles */,
			);
			runOnlyForDeploymentPostprocessing = 0;
		};
/* End PBXCopyFilesBuildPhase section */

/* Begin PBXFileReference section */
		431C97FA1C7E609800B19DD5 /* libTeak.a */ = {isa = PBXFileReference; explicitFileType = archive.ar; includeInIndex = 0; path = libTeak.a; sourceTree = BUILT_PRODUCTS_DIR; };
		431C97FD1C7E609800B19DD5 /* Teak.h */ = {isa = PBXFileReference; lastKnownFileType = sourcecode.c.h; path = Teak.h; sourceTree = "<group>"; };
		431C97FF1C7E609800B19DD5 /* Teak.m */ = {isa = PBXFileReference; lastKnownFileType = sourcecode.c.objc; path = Teak.m; sourceTree = "<group>"; };
		431C981A1C7E679900B19DD5 /* Teak+Internal.h */ = {isa = PBXFileReference; fileEncoding = 4; lastKnownFileType = sourcecode.c.h; path = "Teak+Internal.h"; sourceTree = "<group>"; };
		431C981B1C7E679900B19DD5 /* TeakHooks.m */ = {isa = PBXFileReference; fileEncoding = 4; lastKnownFileType = sourcecode.c.objc; path = TeakHooks.m; sourceTree = "<group>"; };
		431C981C1C7E679900B19DD5 /* TeakRequest.h */ = {isa = PBXFileReference; fileEncoding = 4; lastKnownFileType = sourcecode.c.h; path = TeakRequest.h; sourceTree = "<group>"; };
		431C981D1C7E679900B19DD5 /* TeakRequest.m */ = {isa = PBXFileReference; fileEncoding = 4; lastKnownFileType = sourcecode.c.objc; path = TeakRequest.m; sourceTree = "<group>"; };
		432EDF071CC02CE3007E9C5C /* TeakNotification.h */ = {isa = PBXFileReference; fileEncoding = 4; lastKnownFileType = sourcecode.c.h; path = TeakNotification.h; sourceTree = "<group>"; };
		432EDF081CC02CE3007E9C5C /* TeakNotification.m */ = {isa = PBXFileReference; fileEncoding = 4; lastKnownFileType = sourcecode.c.objc; path = TeakNotification.m; sourceTree = "<group>"; };
		432FB0EB1D29BEAE009136F1 /* amIBeingDebugged.m */ = {isa = PBXFileReference; fileEncoding = 4; lastKnownFileType = sourcecode.c.objc; path = amIBeingDebugged.m; sourceTree = "<group>"; };
		4361E49D1D27529700672694 /* TeakRaven.h */ = {isa = PBXFileReference; fileEncoding = 4; lastKnownFileType = sourcecode.c.h; path = TeakRaven.h; sourceTree = "<group>"; };
		4361E49E1D27529700672694 /* TeakRaven.m */ = {isa = PBXFileReference; fileEncoding = 4; lastKnownFileType = sourcecode.c.objc; path = TeakRaven.m; sourceTree = "<group>"; };
		438372691D3419D000B01F44 /* TeakDebugConfiguration.h */ = {isa = PBXFileReference; fileEncoding = 4; lastKnownFileType = sourcecode.c.h; path = TeakDebugConfiguration.h; sourceTree = "<group>"; };
		4383726A1D3419D000B01F44 /* TeakDebugConfiguration.m */ = {isa = PBXFileReference; fileEncoding = 4; lastKnownFileType = sourcecode.c.objc; path = TeakDebugConfiguration.m; sourceTree = "<group>"; };
		4383726D1D34239900B01F44 /* TeakAppConfiguration.h */ = {isa = PBXFileReference; fileEncoding = 4; lastKnownFileType = sourcecode.c.h; path = TeakAppConfiguration.h; sourceTree = "<group>"; };
		4383726E1D34239900B01F44 /* TeakAppConfiguration.m */ = {isa = PBXFileReference; fileEncoding = 4; lastKnownFileType = sourcecode.c.objc; path = TeakAppConfiguration.m; sourceTree = "<group>"; };
		438372711D34285A00B01F44 /* TeakDeviceConfiguration.h */ = {isa = PBXFileReference; fileEncoding = 4; lastKnownFileType = sourcecode.c.h; path = TeakDeviceConfiguration.h; sourceTree = "<group>"; };
		438372721D34285A00B01F44 /* TeakDeviceConfiguration.m */ = {isa = PBXFileReference; fileEncoding = 4; lastKnownFileType = sourcecode.c.objc; path = TeakDeviceConfiguration.m; sourceTree = "<group>"; };
		438372751D3442EA00B01F44 /* TeakSession.h */ = {isa = PBXFileReference; fileEncoding = 4; lastKnownFileType = sourcecode.c.h; path = TeakSession.h; sourceTree = "<group>"; };
		438372761D3442EA00B01F44 /* TeakSession.m */ = {isa = PBXFileReference; fileEncoding = 4; lastKnownFileType = sourcecode.c.objc; path = TeakSession.m; sourceTree = "<group>"; };
		438372791D34443D00B01F44 /* TeakState.h */ = {isa = PBXFileReference; fileEncoding = 4; lastKnownFileType = sourcecode.c.h; path = TeakState.h; sourceTree = "<group>"; };
		4383727A1D34443D00B01F44 /* TeakState.m */ = {isa = PBXFileReference; fileEncoding = 4; lastKnownFileType = sourcecode.c.objc; path = TeakState.m; sourceTree = "<group>"; };
		4383727D1D34477B00B01F44 /* Teak.pch */ = {isa = PBXFileReference; lastKnownFileType = sourcecode.c.h; path = Teak.pch; sourceTree = "<group>"; };
		4383727E1D34696500B01F44 /* TeakRemoteConfiguration.h */ = {isa = PBXFileReference; fileEncoding = 4; lastKnownFileType = sourcecode.c.h; path = TeakRemoteConfiguration.h; sourceTree = "<group>"; };
		4383727F1D34696500B01F44 /* TeakRemoteConfiguration.m */ = {isa = PBXFileReference; fileEncoding = 4; lastKnownFileType = sourcecode.c.objc; path = TeakRemoteConfiguration.m; sourceTree = "<group>"; };
		438372821D3481A000B01F44 /* TeakKVOHelpers.h */ = {isa = PBXFileReference; lastKnownFileType = sourcecode.c.h; path = TeakKVOHelpers.h; sourceTree = "<group>"; };
		438372831D35889800B01F44 /* TeakHelpers.m */ = {isa = PBXFileReference; fileEncoding = 4; lastKnownFileType = sourcecode.c.objc; path = TeakHelpers.m; sourceTree = "<group>"; };
		43C28C4E1CFE7EFA00F20404 /* isProductionProvisioningProfile.m */ = {isa = PBXFileReference; fileEncoding = 4; lastKnownFileType = sourcecode.c.objc; path = isProductionProvisioningProfile.m; sourceTree = "<group>"; };
		43C735C01CC1AA2700484B67 /* TeakCExtern.m */ = {isa = PBXFileReference; fileEncoding = 4; lastKnownFileType = sourcecode.c.objc; path = TeakCExtern.m; sourceTree = "<group>"; };
		FAA4DCFA1DC32AD100374B93 /* TeakReward.h */ = {isa = PBXFileReference; fileEncoding = 4; lastKnownFileType = sourcecode.c.h; path = TeakReward.h; sourceTree = "<group>"; };
		FAA4DCFB1DC32AD100374B93 /* TeakReward.m */ = {isa = PBXFileReference; fileEncoding = 4; lastKnownFileType = sourcecode.c.objc; path = TeakReward.m; sourceTree = "<group>"; };
/* End PBXFileReference section */

/* Begin PBXFrameworksBuildPhase section */
		431C97F71C7E609800B19DD5 /* Frameworks */ = {
			isa = PBXFrameworksBuildPhase;
			buildActionMask = 2147483647;
			files = (
			);
			runOnlyForDeploymentPostprocessing = 0;
		};
/* End PBXFrameworksBuildPhase section */

/* Begin PBXGroup section */
		431C97F11C7E609800B19DD5 = {
			isa = PBXGroup;
			children = (
				431C97FC1C7E609800B19DD5 /* Teak */,
				431C97FB1C7E609800B19DD5 /* Products */,
			);
			sourceTree = "<group>";
		};
		431C97FB1C7E609800B19DD5 /* Products */ = {
			isa = PBXGroup;
			children = (
				431C97FA1C7E609800B19DD5 /* libTeak.a */,
			);
			name = Products;
			sourceTree = "<group>";
		};
		431C97FC1C7E609800B19DD5 /* Teak */ = {
			isa = PBXGroup;
			children = (
				FAA4DCFA1DC32AD100374B93 /* TeakReward.h */,
				FAA4DCFB1DC32AD100374B93 /* TeakReward.m */,
				4383727D1D34477B00B01F44 /* Teak.pch */,
				431C97FD1C7E609800B19DD5 /* Teak.h */,
				431C97FF1C7E609800B19DD5 /* Teak.m */,
				431C981A1C7E679900B19DD5 /* Teak+Internal.h */,
				431C981B1C7E679900B19DD5 /* TeakHooks.m */,
				431C981C1C7E679900B19DD5 /* TeakRequest.h */,
				431C981D1C7E679900B19DD5 /* TeakRequest.m */,
				432EDF071CC02CE3007E9C5C /* TeakNotification.h */,
				432EDF081CC02CE3007E9C5C /* TeakNotification.m */,
				43C735C01CC1AA2700484B67 /* TeakCExtern.m */,
				43C28C4E1CFE7EFA00F20404 /* isProductionProvisioningProfile.m */,
				4361E49D1D27529700672694 /* TeakRaven.h */,
				4361E49E1D27529700672694 /* TeakRaven.m */,
				432FB0EB1D29BEAE009136F1 /* amIBeingDebugged.m */,
				438372691D3419D000B01F44 /* TeakDebugConfiguration.h */,
				4383726A1D3419D000B01F44 /* TeakDebugConfiguration.m */,
				4383726D1D34239900B01F44 /* TeakAppConfiguration.h */,
				4383726E1D34239900B01F44 /* TeakAppConfiguration.m */,
				438372711D34285A00B01F44 /* TeakDeviceConfiguration.h */,
				438372721D34285A00B01F44 /* TeakDeviceConfiguration.m */,
				438372751D3442EA00B01F44 /* TeakSession.h */,
				438372761D3442EA00B01F44 /* TeakSession.m */,
				438372791D34443D00B01F44 /* TeakState.h */,
				4383727A1D34443D00B01F44 /* TeakState.m */,
				4383727E1D34696500B01F44 /* TeakRemoteConfiguration.h */,
				4383727F1D34696500B01F44 /* TeakRemoteConfiguration.m */,
				438372821D3481A000B01F44 /* TeakKVOHelpers.h */,
				438372831D35889800B01F44 /* TeakHelpers.m */,
			);
			path = Teak;
			sourceTree = "<group>";
		};
/* End PBXGroup section */

/* Begin PBXHeadersBuildPhase section */
		431C98071C7E611F00B19DD5 /* Headers */ = {
			isa = PBXHeadersBuildPhase;
			buildActionMask = 2147483647;
			files = (
				431C98201C7E679900B19DD5 /* TeakRequest.h in Headers */,
				431C98081C7E612400B19DD5 /* Teak.h in Headers */,
				4361E49F1D27529700672694 /* TeakRaven.h in Headers */,
				4383726F1D34239900B01F44 /* TeakAppConfiguration.h in Headers */,
				4383726B1D3419D000B01F44 /* TeakDebugConfiguration.h in Headers */,
				432EDF091CC02CE3007E9C5C /* TeakNotification.h in Headers */,
				4383727B1D34443D00B01F44 /* TeakState.h in Headers */,
				431C981E1C7E679900B19DD5 /* Teak+Internal.h in Headers */,
				FAA4DCFC1DC32AD100374B93 /* TeakReward.h in Headers */,
				438372771D3442EA00B01F44 /* TeakSession.h in Headers */,
				438372801D34696500B01F44 /* TeakRemoteConfiguration.h in Headers */,
				438372731D34285A00B01F44 /* TeakDeviceConfiguration.h in Headers */,
			);
			runOnlyForDeploymentPostprocessing = 0;
		};
/* End PBXHeadersBuildPhase section */

/* Begin PBXNativeTarget section */
		431C97F91C7E609800B19DD5 /* Teak */ = {
			isa = PBXNativeTarget;
			buildConfigurationList = 431C98031C7E609800B19DD5 /* Build configuration list for PBXNativeTarget "Teak" */;
			buildPhases = (
				439AFA731CD81EC10024BCAA /* Define Version */,
				431C97F61C7E609800B19DD5 /* Sources */,
				431C97F71C7E609800B19DD5 /* Frameworks */,
				431C97F81C7E609800B19DD5 /* CopyFiles */,
				431C98071C7E611F00B19DD5 /* Headers */,
				431C98091C7E61BF00B19DD5 /* Prepare Framework */,
			);
			buildRules = (
			);
			dependencies = (
			);
			name = Teak;
			productName = Teak;
			productReference = 431C97FA1C7E609800B19DD5 /* libTeak.a */;
			productType = "com.apple.product-type.library.static";
		};
/* End PBXNativeTarget section */

/* Begin PBXProject section */
		431C97F21C7E609800B19DD5 /* Project object */ = {
			isa = PBXProject;
			attributes = {
				LastUpgradeCheck = 0720;
				ORGANIZATIONNAME = "GoCarrot Inc.";
				TargetAttributes = {
					431C97F91C7E609800B19DD5 = {
						CreatedOnToolsVersion = 7.2.1;
					};
					431C980A1C7E62B200B19DD5 = {
						CreatedOnToolsVersion = 7.2.1;
					};
				};
			};
			buildConfigurationList = 431C97F51C7E609800B19DD5 /* Build configuration list for PBXProject "Teak" */;
			compatibilityVersion = "Xcode 3.2";
			developmentRegion = English;
			hasScannedForEncodings = 0;
			knownRegions = (
				en,
			);
			mainGroup = 431C97F11C7E609800B19DD5;
			productRefGroup = 431C97FB1C7E609800B19DD5 /* Products */;
			projectDirPath = "";
			projectRoot = "";
			targets = (
				431C97F91C7E609800B19DD5 /* Teak */,
				431C980A1C7E62B200B19DD5 /* Framework */,
			);
		};
/* End PBXProject section */

/* Begin PBXShellScriptBuildPhase section */
		431C98091C7E61BF00B19DD5 /* Prepare Framework */ = {
			isa = PBXShellScriptBuildPhase;
			buildActionMask = 2147483647;
			files = (
			);
			inputPaths = (
			);
			name = "Prepare Framework";
			outputPaths = (
			);
			runOnlyForDeploymentPostprocessing = 0;
			shellPath = /bin/sh;
			shellScript = "set -e\n\nmkdir -p \"${BUILT_PRODUCTS_DIR}/${PRODUCT_NAME}.framework/Versions/A/Headers\"\n\n# Link the \"Current\" version to \"A\"\n/bin/ln -sfh A \"${BUILT_PRODUCTS_DIR}/${PRODUCT_NAME}.framework/Versions/Current\"\n/bin/ln -sfh Versions/Current/Headers \"${BUILT_PRODUCTS_DIR}/${PRODUCT_NAME}.framework/Headers\"\n/bin/ln -sfh \"Versions/Current/${PRODUCT_NAME}\" \"${BUILT_PRODUCTS_DIR}/${PRODUCT_NAME}.framework/${PRODUCT_NAME}\"\n\n# The -a ensures that the headers maintain the source modification date so that we don't constantly\n# cause propagating rebuilds of files that import these headers.\n/bin/cp -a \"${TARGET_BUILD_DIR}/${PUBLIC_HEADERS_FOLDER_PATH}/\" \"${BUILT_PRODUCTS_DIR}/${PRODUCT_NAME}.framework/Versions/A/Headers\"";
		};
		431C98101C7E631600B19DD5 /* Build Framework */ = {
			isa = PBXShellScriptBuildPhase;
			buildActionMask = 2147483647;
			files = (
			);
			inputPaths = (
			);
			name = "Build Framework";
			outputPaths = (
			);
			runOnlyForDeploymentPostprocessing = 0;
			shellPath = /bin/sh;
			shellScript = "set -e\nset +u\n# Avoid recursively calling this script.\nif [[ $SF_MASTER_SCRIPT_RUNNING ]]\nthen\nexit 0\nfi\nset -u\nexport SF_MASTER_SCRIPT_RUNNING=1\n\nSF_TARGET_NAME=${PROJECT_NAME}\nSF_EXECUTABLE_PATH=\"lib${SF_TARGET_NAME}.a\"\nSF_WRAPPER_NAME=\"${SF_TARGET_NAME}.framework\"\n\n# The following conditionals come from\n# https://github.com/kstenerud/iOS-Universal-Framework\n\nif [[ \"$SDK_NAME\" =~ ([A-Za-z]+) ]]\nthen\nSF_SDK_PLATFORM=${BASH_REMATCH[1]}\nelse\necho \"Could not find platform name from SDK_NAME: $SDK_NAME\"\nexit 1\nfi\n\nif [[ \"$SDK_NAME\" =~ ([0-9]+.*$) ]]\nthen\nSF_SDK_VERSION=${BASH_REMATCH[1]}\nelse\necho \"Could not find sdk version from SDK_NAME: $SDK_NAME\"\nexit 1\nfi\n\nif [[ \"$SF_SDK_PLATFORM\" = \"iphoneos\" ]]\nthen\nSF_OTHER_PLATFORM=iphonesimulator\nelse\nSF_OTHER_PLATFORM=iphoneos\nfi\n\nif [[ \"$BUILT_PRODUCTS_DIR\" =~ (.*)$SF_SDK_PLATFORM$ ]]\nthen\nSF_OTHER_BUILT_PRODUCTS_DIR=\"${BASH_REMATCH[1]}${SF_OTHER_PLATFORM}\"\nelse\necho \"Could not find platform name from build products directory: $BUILT_PRODUCTS_DIR\"\nexit 1\nfi\n\n# Build the other platform.\nxcrun xcodebuild -project \"${PROJECT_FILE_PATH}\" -target \"${TARGET_NAME}\" -configuration \"${CONFIGURATION}\" -sdk ${SF_OTHER_PLATFORM}${SF_SDK_VERSION} BUILD_DIR=\"${BUILD_DIR}\" OBJROOT=\"${OBJROOT}\" BUILD_ROOT=\"${BUILD_ROOT}\" SYMROOT=\"${SYMROOT}\" $ACTION\n\n# Smash the two static libraries into one fat binary and store it in the .framework\nxcrun lipo -create \"${BUILT_PRODUCTS_DIR}/${SF_EXECUTABLE_PATH}\" \"${SF_OTHER_BUILT_PRODUCTS_DIR}/${SF_EXECUTABLE_PATH}\" -output \"${BUILT_PRODUCTS_DIR}/${SF_WRAPPER_NAME}/Versions/A/${SF_TARGET_NAME}\"\n\n# Copy the binary to the other architecture folder to have a complete framework in both.\ncp -a \"${BUILT_PRODUCTS_DIR}/${SF_WRAPPER_NAME}/Versions/A/${SF_TARGET_NAME}\" \"${SF_OTHER_BUILT_PRODUCTS_DIR}/${SF_WRAPPER_NAME}/Versions/A/${SF_TARGET_NAME}\"";
		};
		439AFA731CD81EC10024BCAA /* Define Version */ = {
			isa = PBXShellScriptBuildPhase;
			buildActionMask = 2147483647;
			files = (
			);
			inputPaths = (
			);
			name = "Define Version";
			outputPaths = (
				"$(DERIVED_FILE_DIR)/TeakVersion.h",
			);
			runOnlyForDeploymentPostprocessing = 0;
			shellPath = /bin/sh;
			shellScript = "git=$(sh /etc/profile; which git)\nversion=$(\"$git\" describe --tags)\necho \"#define TEAK_SDK_VERSION \\\"$version\\\"\" > \"$DERIVED_FILE_DIR/TeakVersion.h\"";
		};
/* End PBXShellScriptBuildPhase section */

/* Begin PBXSourcesBuildPhase section */
		431C97F61C7E609800B19DD5 /* Sources */ = {
			isa = PBXSourcesBuildPhase;
			buildActionMask = 2147483647;
			files = (
				431C98211C7E679900B19DD5 /* TeakRequest.m in Sources */,
				FAA4DCFD1DC32AD100374B93 /* TeakReward.m in Sources */,
				431C98001C7E609800B19DD5 /* Teak.m in Sources */,
				431C981F1C7E679900B19DD5 /* TeakHooks.m in Sources */,
				438372811D34696500B01F44 /* TeakRemoteConfiguration.m in Sources */,
				432FB0EC1D29BEAE009136F1 /* amIBeingDebugged.m in Sources */,
				438372701D34239900B01F44 /* TeakAppConfiguration.m in Sources */,
				43C28C4F1CFE7EFA00F20404 /* isProductionProvisioningProfile.m in Sources */,
				4383727C1D34443D00B01F44 /* TeakState.m in Sources */,
				438372781D3442EA00B01F44 /* TeakSession.m in Sources */,
				4383726C1D3419D000B01F44 /* TeakDebugConfiguration.m in Sources */,
				4361E4A01D27529700672694 /* TeakRaven.m in Sources */,
				438372741D34285A00B01F44 /* TeakDeviceConfiguration.m in Sources */,
				43C735C11CC1AA2700484B67 /* TeakCExtern.m in Sources */,
				438372841D35889800B01F44 /* TeakHelpers.m in Sources */,
				432EDF0A1CC02CE3007E9C5C /* TeakNotification.m in Sources */,
			);
			runOnlyForDeploymentPostprocessing = 0;
		};
/* End PBXSourcesBuildPhase section */

/* Begin PBXTargetDependency section */
		431C980F1C7E62F400B19DD5 /* PBXTargetDependency */ = {
			isa = PBXTargetDependency;
			target = 431C97F91C7E609800B19DD5 /* Teak */;
			targetProxy = 431C980E1C7E62F400B19DD5 /* PBXContainerItemProxy */;
		};
/* End PBXTargetDependency section */

/* Begin XCBuildConfiguration section */
		431C98011C7E609800B19DD5 /* Debug */ = {
			isa = XCBuildConfiguration;
			buildSettings = {
				ALWAYS_SEARCH_USER_PATHS = NO;
				CLANG_CXX_LANGUAGE_STANDARD = "gnu++0x";
				CLANG_CXX_LIBRARY = "libc++";
				CLANG_ENABLE_MODULES = YES;
				CLANG_ENABLE_OBJC_ARC = YES;
				CLANG_WARN_BOOL_CONVERSION = YES;
				CLANG_WARN_CONSTANT_CONVERSION = YES;
				CLANG_WARN_DIRECT_OBJC_ISA_USAGE = YES_ERROR;
				CLANG_WARN_EMPTY_BODY = YES;
				CLANG_WARN_ENUM_CONVERSION = YES;
				CLANG_WARN_INFINITE_RECURSION = YES;
				CLANG_WARN_INT_CONVERSION = YES;
				CLANG_WARN_OBJC_ROOT_CLASS = YES_ERROR;
				CLANG_WARN_SUSPICIOUS_MOVE = YES;
				CLANG_WARN_UNREACHABLE_CODE = YES;
				CLANG_WARN__DUPLICATE_METHOD_MATCH = YES;
				"CODE_SIGN_IDENTITY[sdk=iphoneos*]" = "iPhone Developer";
				COPY_PHASE_STRIP = NO;
				DEBUG_INFORMATION_FORMAT = dwarf;
				ENABLE_STRICT_OBJC_MSGSEND = YES;
				ENABLE_TESTABILITY = YES;
				GCC_C_LANGUAGE_STANDARD = gnu99;
				GCC_DYNAMIC_NO_PIC = NO;
				GCC_NO_COMMON_BLOCKS = YES;
				GCC_OPTIMIZATION_LEVEL = 0;
				GCC_PREPROCESSOR_DEFINITIONS = (
					"DEBUG=1",
					"$(inherited)",
				);
				GCC_WARN_64_TO_32_BIT_CONVERSION = YES;
				GCC_WARN_ABOUT_RETURN_TYPE = YES_ERROR;
				GCC_WARN_UNDECLARED_SELECTOR = YES;
				GCC_WARN_UNINITIALIZED_AUTOS = YES_AGGRESSIVE;
				GCC_WARN_UNUSED_FUNCTION = YES;
				GCC_WARN_UNUSED_VARIABLE = YES;
				IPHONEOS_DEPLOYMENT_TARGET = 9.2;
				MTL_ENABLE_DEBUG_INFO = YES;
				ONLY_ACTIVE_ARCH = YES;
				SDKROOT = iphoneos;
			};
			name = Debug;
		};
		431C98021C7E609800B19DD5 /* Release */ = {
			isa = XCBuildConfiguration;
			buildSettings = {
				ALWAYS_SEARCH_USER_PATHS = NO;
				CLANG_CXX_LANGUAGE_STANDARD = "gnu++0x";
				CLANG_CXX_LIBRARY = "libc++";
				CLANG_ENABLE_MODULES = YES;
				CLANG_ENABLE_OBJC_ARC = YES;
				CLANG_WARN_BOOL_CONVERSION = YES;
				CLANG_WARN_CONSTANT_CONVERSION = YES;
				CLANG_WARN_DIRECT_OBJC_ISA_USAGE = YES_ERROR;
				CLANG_WARN_EMPTY_BODY = YES;
				CLANG_WARN_ENUM_CONVERSION = YES;
				CLANG_WARN_INFINITE_RECURSION = YES;
				CLANG_WARN_INT_CONVERSION = YES;
				CLANG_WARN_OBJC_ROOT_CLASS = YES_ERROR;
				CLANG_WARN_SUSPICIOUS_MOVE = YES;
				CLANG_WARN_UNREACHABLE_CODE = YES;
				CLANG_WARN__DUPLICATE_METHOD_MATCH = YES;
				"CODE_SIGN_IDENTITY[sdk=iphoneos*]" = "iPhone Developer";
				COPY_PHASE_STRIP = NO;
				DEBUG_INFORMATION_FORMAT = "dwarf-with-dsym";
				ENABLE_NS_ASSERTIONS = NO;
				ENABLE_STRICT_OBJC_MSGSEND = YES;
				GCC_C_LANGUAGE_STANDARD = gnu99;
				GCC_NO_COMMON_BLOCKS = YES;
				GCC_WARN_64_TO_32_BIT_CONVERSION = YES;
				GCC_WARN_ABOUT_RETURN_TYPE = YES_ERROR;
				GCC_WARN_UNDECLARED_SELECTOR = YES;
				GCC_WARN_UNINITIALIZED_AUTOS = YES_AGGRESSIVE;
				GCC_WARN_UNUSED_FUNCTION = YES;
				GCC_WARN_UNUSED_VARIABLE = YES;
				IPHONEOS_DEPLOYMENT_TARGET = 9.2;
				MTL_ENABLE_DEBUG_INFO = NO;
				SDKROOT = iphoneos;
				VALIDATE_PRODUCT = YES;
			};
			name = Release;
		};
		431C98041C7E609800B19DD5 /* Debug */ = {
			isa = XCBuildConfiguration;
			buildSettings = {
				DEAD_CODE_STRIPPING = NO;
				FRAMEWORK_SEARCH_PATHS = (
					"$(inherited)",
					"$(PROJECT_DIR)/Sample",
					"$(PROJECT_DIR)",
				);
				GCC_PRECOMPILE_PREFIX_HEADER = YES;
				GCC_PREFIX_HEADER = Teak/Teak.pch;
				IPHONEOS_DEPLOYMENT_TARGET = 6.0;
				ONLY_ACTIVE_ARCH = NO;
				OTHER_LDFLAGS = "-ObjC";
				PRODUCT_NAME = "$(TARGET_NAME)";
				PUBLIC_HEADERS_FOLDER_PATH = Headers;
				SKIP_INSTALL = YES;
				STRIP_STYLE = "non-global";
			};
			name = Debug;
		};
		431C98051C7E609800B19DD5 /* Release */ = {
			isa = XCBuildConfiguration;
			buildSettings = {
				DEAD_CODE_STRIPPING = NO;
				FRAMEWORK_SEARCH_PATHS = (
					"$(inherited)",
					"$(PROJECT_DIR)/Sample",
					"$(PROJECT_DIR)",
				);
				GCC_PRECOMPILE_PREFIX_HEADER = YES;
				GCC_PREFIX_HEADER = Teak/Teak.pch;
				IPHONEOS_DEPLOYMENT_TARGET = 6.0;
				ONLY_ACTIVE_ARCH = NO;
				OTHER_LDFLAGS = "-ObjC";
				PRODUCT_NAME = "$(TARGET_NAME)";
				PUBLIC_HEADERS_FOLDER_PATH = Headers;
				SKIP_INSTALL = YES;
				STRIP_STYLE = "non-global";
			};
			name = Release;
		};
		431C980C1C7E62B200B19DD5 /* Debug */ = {
			isa = XCBuildConfiguration;
			buildSettings = {
				PRODUCT_NAME = "$(TARGET_NAME)";
			};
			name = Debug;
		};
		431C980D1C7E62B200B19DD5 /* Release */ = {
			isa = XCBuildConfiguration;
			buildSettings = {
				PRODUCT_NAME = "$(TARGET_NAME)";
			};
			name = Release;
		};
/* End XCBuildConfiguration section */

/* Begin XCConfigurationList section */
		431C97F51C7E609800B19DD5 /* Build configuration list for PBXProject "Teak" */ = {
			isa = XCConfigurationList;
			buildConfigurations = (
				431C98011C7E609800B19DD5 /* Debug */,
				431C98021C7E609800B19DD5 /* Release */,
			);
			defaultConfigurationIsVisible = 0;
			defaultConfigurationName = Release;
		};
		431C98031C7E609800B19DD5 /* Build configuration list for PBXNativeTarget "Teak" */ = {
			isa = XCConfigurationList;
			buildConfigurations = (
				431C98041C7E609800B19DD5 /* Debug */,
				431C98051C7E609800B19DD5 /* Release */,
			);
			defaultConfigurationIsVisible = 0;
			defaultConfigurationName = Release;
		};
		431C980B1C7E62B200B19DD5 /* Build configuration list for PBXAggregateTarget "Framework" */ = {
			isa = XCConfigurationList;
			buildConfigurations = (
				431C980C1C7E62B200B19DD5 /* Debug */,
				431C980D1C7E62B200B19DD5 /* Release */,
			);
			defaultConfigurationIsVisible = 0;
			defaultConfigurationName = Release;
		};
/* End XCConfigurationList section */
	};
	rootObject = 431C97F21C7E609800B19DD5 /* Project object */;
}
